{
  "name": "code-spell-checker-australian-english",
  "version": "1.1.20",
  "lockfileVersion": 3,
  "requires": true,
  "packages": {
    "": {
      "name": "code-spell-checker-australian-english",
      "version": "1.1.20",
      "license": "GPL-3.0-or-later",
      "dependencies": {
        "@cspell/dict-en-au": "^1.0.37"
      },
      "engines": {
        "vscode": "^1.67.0"
      }
    },
    "node_modules/@cspell/dict-en-au": {
      "version": "1.0.37",
      "resolved": "https://registry.npmjs.org/@cspell/dict-en-au/-/dict-en-au-1.0.37.tgz",
      "integrity": "sha512-JgEX7OMTRLAlmkE6SbBcYKjXtwR+zOTrqs+A5ckEfZ7zb9lSW9Eq2bd1Siqzjo/L9Q+daLSoTtb6r+Fi6h14pQ==",
      "license": "LGPL-3.0"
    }
  }
}
