{
  "name": "code-spell-checker-australian-english",
  "version": "1.1.11",
  "lockfileVersion": 3,
  "requires": true,
  "packages": {
    "": {
      "name": "code-spell-checker-australian-english",
      "version": "1.1.11",
      "license": "GPL-3.0-or-later",
      "dependencies": {
        "@cspell/dict-en-au": "^1.0.19"
      },
      "engines": {
        "vscode": "^1.67.0"
      }
    },
    "node_modules/@cspell/dict-en-au": {
      "version": "1.0.19",
      "resolved": "https://registry.npmjs.org/@cspell/dict-en-au/-/dict-en-au-1.0.19.tgz",
      "integrity": "sha512-xNBaiMx4v8uxSGFqE2s4vmjqYh0U8AshVUICWxHX0RLdku4qfEbn+BUQtD8fEPrG6Efh1PzkaVsPFmvWBqOEEQ==",
      "license": "LGPL-3.0"
    }
  }
}
