{
  "name": "code-spell-checker-australian-english",
  "version": "1.1.32",
  "lockfileVersion": 3,
  "requires": true,
  "packages": {
    "": {
      "name": "code-spell-checker-australian-english",
      "version": "1.1.32",
      "license": "GPL-3.0-or-later",
      "dependencies": {
        "@cspell/dict-en-au": "^1.1.26"
      },
      "engines": {
        "vscode": "^1.102.3"
      }
    },
    "node_modules/@cspell/dict-en-au": {
      "version": "1.1.26",
      "resolved": "https://registry.npmjs.org/@cspell/dict-en-au/-/dict-en-au-1.1.26.tgz",
      "integrity": "sha512-6rAoxz/q/b6Y2yl5ViFK7CObeJg4O4sEbv83bYVG5EkFH1Yo2n50VHukjSmJ2KW0Tt0dDSABf5Ib2FrxUnsUhw==",
      "license": "LGPL-3.0"
    }
  }
}
