{
  "name": "code-spell-checker-win32",
  "version": "1.0.6",
  "lockfileVersion": 3,
  "requires": true,
  "packages": {
    "": {
      "name": "code-spell-checker-win32",
      "version": "1.0.6",
      "license": "GPL-3.0-or-later",
      "dependencies": {
        "@cspell/dict-win32": "^2.0.7"
      },
      "engines": {
        "vscode": "^1.67.0"
      }
    },
    "node_modules/@cspell/dict-win32": {
      "version": "2.0.7",
      "resolved": "https://registry.npmjs.org/@cspell/dict-win32/-/dict-win32-2.0.7.tgz",
      "integrity": "sha512-OtZt/Lx2GkOSse0nwQVHrNEfZQcHsN4iwMCfza8+1u9R8EY/dYcozXsX6KcEXXGrO+3P0MWTqhiILszF/oWfyw==",
      "license": "MIT"
    }
  }
}
