{
  "name": "code-spell-checker-win32",
  "version": "1.0.7",
  "lockfileVersion": 3,
  "requires": true,
  "packages": {
    "": {
      "name": "code-spell-checker-win32",
      "version": "1.0.7",
      "license": "GPL-3.0-or-later",
      "dependencies": {
        "@cspell/dict-win32": "^2.0.10"
      },
      "engines": {
        "vscode": "^1.102.3"
      }
    },
    "node_modules/@cspell/dict-win32": {
      "version": "2.0.10",
      "resolved": "https://registry.npmjs.org/@cspell/dict-win32/-/dict-win32-2.0.10.tgz",
      "integrity": "sha512-t81sV6cOqD7xN/u8MOTkoolxvSMvvrc9t/rNGpNtFAXyh24yeulC+5rz1zEfmE6sGFppsqQNxQ8mVOMhw1iZ/w==",
      "license": "MIT"
    }
  }
}
