{
  "name": "code-spell-checker-win32",
  "version": "1.0.3",
  "lockfileVersion": 3,
  "requires": true,
  "packages": {
    "": {
      "name": "code-spell-checker-win32",
      "version": "1.0.3",
      "license": "GPL-3.0-or-later",
      "dependencies": {
        "@cspell/dict-win32": "^2.0.3"
      },
      "engines": {
        "vscode": "^1.67.0"
      }
    },
    "node_modules/@cspell/dict-win32": {
      "version": "2.0.3",
      "resolved": "https://registry.npmjs.org/@cspell/dict-win32/-/dict-win32-2.0.3.tgz",
      "integrity": "sha512-UXiRdYxgnUVCbphHY3PE1/SEEF5g5alcVzHvVC6YH5eOVazDO8brxT87kytS5uxgvewPHmyFg9V29s4U9b5BVg=="
    }
  }
}
