{
    "name": "code-spell-checker-portuguese-brazilian",
    "version": "2.0.1",
    "lockfileVersion": 1,
    "requires": true,
    "dependencies": {
        "@cspell/dict-pt-br": {
            "version": "2.0.2",
            "resolved": "https://registry.npmjs.org/@cspell/dict-pt-br/-/dict-pt-br-2.0.2.tgz",
            "integrity": "sha512-+1WNviGaYeJaibj4KbnPEpc11tWklGJssTf62QQULI/J5NKx5ANYSomTeaRhKSUJUvcNgseAkRjBm4wKk/F00g=="
        }
    }
}
