{
  "name": "code-spell-checker-portuguese-brazilian",
  "version": "2.0.0",
  "lockfileVersion": 1,
  "requires": true,
  "dependencies": {
    "@cspell/dict-pt-br": {
      "version": "2.0.1",
      "resolved": "https://registry.npmjs.org/@cspell/dict-pt-br/-/dict-pt-br-2.0.1.tgz",
      "integrity": "sha512-sJAz0rktEkYIqkAkEkfFQg8o8WKfQ0lksidXyREBXyhW119bc75XVu9gbWGD/ISZz15eids4MEJj4PFA/VD3Eg=="
    }
  }
}
