{
  "name": "code-spell-checker-portuguese-brazilian",
  "version": "2.2.4",
  "lockfileVersion": 3,
  "requires": true,
  "packages": {
    "": {
      "name": "code-spell-checker-portuguese-brazilian",
      "version": "2.2.4",
      "license": "GPL-3.0-or-later",
      "dependencies": {
        "@cspell/dict-pt-br": "^2.4.3"
      },
      "engines": {
        "vscode": "^1.102.3"
      }
    },
    "node_modules/@cspell/dict-pt-br": {
      "version": "2.4.3",
      "resolved": "https://registry.npmjs.org/@cspell/dict-pt-br/-/dict-pt-br-2.4.3.tgz",
      "integrity": "sha512-NAoSTJaGKiLgi9GshbTP3ETwptP5EpJAfbN0EsZ19+qZKUL7VgkQZymKDO/U802wSqIs1Km9fxzCEuYeLGG1ow==",
      "license": "GPL-3.0-or-later"
    }
  }
}
