{
  "name": "code-spell-checker-swedish",
  "version": "1.0.3",
  "lockfileVersion": 2,
  "requires": true,
  "packages": {
    "": {
      "name": "code-spell-checker-swedish",
      "version": "1.0.3",
      "license": "GPL-3.0-or-later",
      "dependencies": {
        "@cspell/dict-sv": "^2.0.2"
      },
      "engines": {
        "vscode": "^1.60.0"
      }
    },
    "node_modules/@cspell/dict-sv": {
      "version": "2.0.2",
      "resolved": "https://registry.npmjs.org/@cspell/dict-sv/-/dict-sv-2.0.2.tgz",
      "integrity": "sha512-rAzp/Ej5G3LWRXcf819Syve5/Xf1E02syi7OXLF95YM5lKbchpoRJkrOt5G+0tBTR1XZZ5PSj7IAvJ3whlRaxg=="
    }
  },
  "dependencies": {
    "@cspell/dict-sv": {
      "version": "2.0.2",
      "resolved": "https://registry.npmjs.org/@cspell/dict-sv/-/dict-sv-2.0.2.tgz",
      "integrity": "sha512-rAzp/Ej5G3LWRXcf819Syve5/Xf1E02syi7OXLF95YM5lKbchpoRJkrOt5G+0tBTR1XZZ5PSj7IAvJ3whlRaxg=="
    }
  }
}
