{
  "name": "code-spell-checker-swedish",
  "version": "1.3.3",
  "lockfileVersion": 3,
  "requires": true,
  "packages": {
    "": {
      "name": "code-spell-checker-swedish",
      "version": "1.3.3",
      "license": "GPL-3.0-or-later",
      "dependencies": {
        "@cspell/dict-sv": "^2.3.3"
      },
      "engines": {
        "vscode": "^1.102.3"
      }
    },
    "node_modules/@cspell/dict-sv": {
      "version": "2.3.3",
      "resolved": "https://registry.npmjs.org/@cspell/dict-sv/-/dict-sv-2.3.3.tgz",
      "integrity": "sha512-yc1h2FuUVebEEBikHCAjtkko4mAVIs77mCK/NtxaSmKNiN0byadofZoS9f7mB5UcwoldzJidVg87zXgoAelA7A==",
      "license": "GPL-3.0-or-later"
    }
  }
}
