{
  "name": "code-spell-checker-cspell-bundled-dictionaries",
  "version": "1.0.8",
  "lockfileVersion": 3,
  "requires": true,
  "packages": {
    "": {
      "name": "code-spell-checker-cspell-bundled-dictionaries",
      "version": "1.0.8",
      "license": "MIT",
      "dependencies": {
        "@cspell/dict-cspell-bundle": "^1.0.20"
      },
      "engines": {
        "vscode": "^1.67.0"
      }
    },
    "node_modules/@cspell/dict-ada": {
      "version": "4.0.6",
      "resolved": "https://registry.npmjs.org/@cspell/dict-ada/-/dict-ada-4.0.6.tgz",
      "integrity": "sha512-1DpA3LeidQS5Wec5ZnrIRtuv/ijUcfcUq8G5hj/3QZT4vTTRXtIaQnfsq7t3XYsRlisYHkVmm2CgsJ/8hKChLw==",
      "license": "MIT"
    },
    "node_modules/@cspell/dict-al": {
      "version": "1.0.4",
      "resolved": "https://registry.npmjs.org/@cspell/dict-al/-/dict-al-1.0.4.tgz",
      "integrity": "sha512-W4ppuwhZN6A1genmj9Q4NC8UKy7TrRb7UjvMsuPDen+V8anePTys9a0DpKp3z0S6nlrcZgqYNe9Hw/9k76mkAQ==",
      "license": "MIT"
    },
    "node_modules/@cspell/dict-aws": {
      "version": "4.0.8",
      "resolved": "https://registry.npmjs.org/@cspell/dict-aws/-/dict-aws-4.0.8.tgz",
      "integrity": "sha512-9gYdKw34dorYbwh+ycUDNQQHfkUTBRKQNriSUXB0L/SA/k1bbFuD7qQxUmSmmH+Q0AjDCJ41OntF7l/Ok1H3ig==",
      "license": "MIT"
    },
    "node_modules/@cspell/dict-bash": {
      "version": "4.1.9",
      "resolved": "https://registry.npmjs.org/@cspell/dict-bash/-/dict-bash-4.1.9.tgz",
      "integrity": "sha512-Gl7tE1dFgtZHUZTpzAA4/HyKE9QXJ1dyDrru98J4LdhTPaoyXW+b8hfr4y7n21zzEqE2zAW4fi3o85IY28uPTQ==",
      "license": "MIT"
    },
    "node_modules/@cspell/dict-companies": {
      "version": "3.1.12",
      "resolved": "https://registry.npmjs.org/@cspell/dict-companies/-/dict-companies-3.1.12.tgz",
      "integrity": "sha512-99FxBNdLOQc3nVQ663Xh7JqDLbIy/AdqOecQ5bk3HpmXpSkoDvTT7XCUU5nQZvmFBrrQlXFKlRRYjLfTEOUDdA==",
      "license": "MIT"
    },
    "node_modules/@cspell/dict-cpp": {
      "version": "6.0.3",
      "resolved": "https://registry.npmjs.org/@cspell/dict-cpp/-/dict-cpp-6.0.3.tgz",
      "integrity": "sha512-OFrVXdxCeGKnon36Pe3yFjBuY4kzzEwWFf3vDz+cJTodZDkjFkBifQeTtt5YfimgF8cfAJZXkBCsxjipAgmAiw==",
      "license": "MIT"
    },
    "node_modules/@cspell/dict-cryptocurrencies": {
      "version": "5.0.4",
      "resolved": "https://registry.npmjs.org/@cspell/dict-cryptocurrencies/-/dict-cryptocurrencies-5.0.4.tgz",
      "integrity": "sha512-6iFu7Abu+4Mgqq08YhTKHfH59mpMpGTwdzDB2Y8bbgiwnGFCeoiSkVkgLn1Kel2++hYcZ8vsAW/MJS9oXxuMag==",
      "license": "MIT"
    },
    "node_modules/@cspell/dict-csharp": {
      "version": "4.0.6",
      "resolved": "https://registry.npmjs.org/@cspell/dict-csharp/-/dict-csharp-4.0.6.tgz",
      "integrity": "sha512-w/+YsqOknjQXmIlWDRmkW+BHBPJZ/XDrfJhZRQnp0wzpPOGml7W0q1iae65P2AFRtTdPKYmvSz7AL5ZRkCnSIw==",
      "license": "MIT"
    },
    "node_modules/@cspell/dict-cspell-bundle": {
      "version": "1.0.20",
      "resolved": "https://registry.npmjs.org/@cspell/dict-cspell-bundle/-/dict-cspell-bundle-1.0.20.tgz",
      "integrity": "sha512-BcIpoZU+2mdM7HNvJAtiS7c4r3QJO/SBddi64bO0ipX3V3e30OgJSjZurKAYgcdl27tdtvgRw43oPfrOuo20Wg==",
      "license": "MIT",
      "dependencies": {
        "@cspell/dict-ada": "^4.0.6",
        "@cspell/dict-al": "^1.0.4",
        "@cspell/dict-aws": "^4.0.8",
        "@cspell/dict-bash": "^4.1.9",
        "@cspell/dict-companies": "^3.1.12",
        "@cspell/dict-cpp": "^6.0.3",
        "@cspell/dict-cryptocurrencies": "^5.0.4",
        "@cspell/dict-csharp": "^4.0.6",
        "@cspell/dict-css": "^4.0.17",
        "@cspell/dict-dart": "^2.2.5",
        "@cspell/dict-django": "^4.1.4",
        "@cspell/dict-docker": "^1.1.12",
        "@cspell/dict-dotnet": "^5.0.9",
        "@cspell/dict-elixir": "^4.0.7",
        "@cspell/dict-en_us": "^4.3.28",
        "@cspell/dict-en-common-misspellings": "^2.0.8",
        "@cspell/dict-filetypes": "^3.0.10",
        "@cspell/dict-flutter": "^1.0.4",
        "@cspell/dict-fonts": "^4.0.4",
        "@cspell/dict-fsharp": "^1.0.5",
        "@cspell/dict-fullstack": "^3.2.3",
        "@cspell/dict-gaming-terms": "^1.0.10",
        "@cspell/dict-git": "^3.0.4",
        "@cspell/dict-golang": "^6.0.18",
        "@cspell/dict-google": "^1.0.5",
        "@cspell/dict-haskell": "^4.0.5",
        "@cspell/dict-html": "^4.0.11",
        "@cspell/dict-html-symbol-entities": "^4.0.3",
        "@cspell/dict-java": "^5.0.11",
        "@cspell/dict-julia": "^1.0.5",
        "@cspell/dict-k8s": "^1.0.10",
        "@cspell/dict-latex": "^4.0.3",
        "@cspell/dict-lorem-ipsum": "^4.0.4",
        "@cspell/dict-lua": "^4.0.7",
        "@cspell/dict-makefile": "^1.0.4",
        "@cspell/dict-markdown": "^2.0.8",
        "@cspell/dict-monkeyc": "^1.0.10",
        "@cspell/dict-node": "^5.0.6",
        "@cspell/dict-npm": "^5.1.21",
        "@cspell/dict-php": "^4.0.14",
        "@cspell/dict-powershell": "^5.0.14",
        "@cspell/dict-public-licenses": "^2.0.12",
        "@cspell/dict-python": "^4.2.14",
        "@cspell/dict-r": "^2.0.5",
        "@cspell/dict-ruby": "^5.0.7",
        "@cspell/dict-rust": "^4.0.11",
        "@cspell/dict-scala": "^5.0.7",
        "@cspell/dict-software-terms": "^4.2.2",
        "@cspell/dict-sql": "^2.1.9",
        "@cspell/dict-svelte": "^1.0.6",
        "@cspell/dict-swift": "^2.0.5",
        "@cspell/dict-terraform": "^1.0.8",
        "@cspell/dict-typescript": "^3.1.12",
        "@cspell/dict-vue": "^3.0.4"
      }
    },
    "node_modules/@cspell/dict-css": {
      "version": "4.0.17",
      "resolved": "https://registry.npmjs.org/@cspell/dict-css/-/dict-css-4.0.17.tgz",
      "integrity": "sha512-2EisRLHk6X/PdicybwlajLGKF5aJf4xnX2uuG5lexuYKt05xV/J/OiBADmi8q9obhxf1nesrMQbqAt+6CsHo/w==",
      "license": "MIT"
    },
    "node_modules/@cspell/dict-dart": {
      "version": "2.2.5",
      "resolved": "https://registry.npmjs.org/@cspell/dict-dart/-/dict-dart-2.2.5.tgz",
      "integrity": "sha512-j/J99MH4NV2Klok0XMqnHxGl2lkewBcYjGYWdBKvVSbLXyA4oOaL+vCZR8Nmwf+lHInJFN8nkMU2k7TnC0MgUw==",
      "license": "MIT"
    },
    "node_modules/@cspell/dict-data-science": {
      "version": "2.0.6",
      "resolved": "https://registry.npmjs.org/@cspell/dict-data-science/-/dict-data-science-2.0.6.tgz",
      "integrity": "sha512-gOYKZOg358yhnnQfr1/f232REmjeIymXUHJdrLEMPirluv2rzMWvEBBazqRVQ++jMUNg9IduVI0v096ZWMDekA==",
      "license": "MIT"
    },
    "node_modules/@cspell/dict-django": {
      "version": "4.1.4",
      "resolved": "https://registry.npmjs.org/@cspell/dict-django/-/dict-django-4.1.4.tgz",
      "integrity": "sha512-fX38eUoPvytZ/2GA+g4bbdUtCMGNFSLbdJJPKX2vbewIQGfgSFJKY56vvcHJKAvw7FopjvgyS/98Ta9WN1gckg==",
      "license": "MIT"
    },
    "node_modules/@cspell/dict-docker": {
      "version": "1.1.12",
      "resolved": "https://registry.npmjs.org/@cspell/dict-docker/-/dict-docker-1.1.12.tgz",
      "integrity": "sha512-6d25ZPBnYZaT9D9An/x6g/4mk542R8bR3ipnby3QFCxnfdd6xaWiTcwDPsCgwN2aQZIQ1jX/fil9KmBEqIK/qA==",
      "license": "MIT"
    },
    "node_modules/@cspell/dict-dotnet": {
      "version": "5.0.9",
      "resolved": "https://registry.npmjs.org/@cspell/dict-dotnet/-/dict-dotnet-5.0.9.tgz",
      "integrity": "sha512-JGD6RJW5sHtO5lfiJl11a5DpPN6eKSz5M1YBa1I76j4dDOIqgZB6rQexlDlK1DH9B06X4GdDQwdBfnpAB0r2uQ==",
      "license": "MIT"
    },
    "node_modules/@cspell/dict-elixir": {
      "version": "4.0.7",
      "resolved": "https://registry.npmjs.org/@cspell/dict-elixir/-/dict-elixir-4.0.7.tgz",
      "integrity": "sha512-MAUqlMw73mgtSdxvbAvyRlvc3bYnrDqXQrx5K9SwW8F7fRYf9V4vWYFULh+UWwwkqkhX9w03ZqFYRTdkFku6uA==",
      "license": "MIT"
    },
    "node_modules/@cspell/dict-en_us": {
      "version": "4.3.28",
      "resolved": "https://registry.npmjs.org/@cspell/dict-en_us/-/dict-en_us-4.3.28.tgz",
      "integrity": "sha512-BN1PME7cOl7DXRQJ92pEd1f0Xk5sqjcDfThDGkKcsgwbSOY7KnTc/czBW6Pr3WXIchIm6cT12KEfjNqx7U7Rrw==",
      "license": "MIT"
    },
    "node_modules/@cspell/dict-en-common-misspellings": {
      "version": "2.0.8",
      "resolved": "https://registry.npmjs.org/@cspell/dict-en-common-misspellings/-/dict-en-common-misspellings-2.0.8.tgz",
      "integrity": "sha512-l1u/pDjwrPyWwBd1hCkZhdsK8yLbLFPD2xWz+1tFFI7WaV9ckDZoF3woRc/0wFGRy53yrfSAVuwhoYOQnHe/fA==",
      "license": "CC BY-SA 4.0"
    },
    "node_modules/@cspell/dict-filetypes": {
      "version": "3.0.10",
      "resolved": "https://registry.npmjs.org/@cspell/dict-filetypes/-/dict-filetypes-3.0.10.tgz",
      "integrity": "sha512-JEN3627joBVtpa1yfkdN9vz1Z129PoKGHBKjXCEziJvf2Zt1LeULWYYYg/O6pzRR4yzRa5YbXDTuyrN7vX7DFg==",
      "license": "MIT"
    },
    "node_modules/@cspell/dict-flutter": {
      "version": "1.0.4",
      "resolved": "https://registry.npmjs.org/@cspell/dict-flutter/-/dict-flutter-1.0.4.tgz",
      "integrity": "sha512-XlWLCUsI9m2rKJ5TqYcDucajzQOqa7Hy8dhHaRQEyWic6oYvikpA1KtXsi8JD6JaiqfhejZZ6vNsQm1//6iSAg==",
      "license": "MIT"
    },
    "node_modules/@cspell/dict-fonts": {
      "version": "4.0.4",
      "resolved": "https://registry.npmjs.org/@cspell/dict-fonts/-/dict-fonts-4.0.4.tgz",
      "integrity": "sha512-cHFho4hjojBcHl6qxidl9CvUb492IuSk7xIf2G2wJzcHwGaCFa2o3gRcxmIg1j62guetAeDDFELizDaJlVRIOg==",
      "license": "MIT"
    },
    "node_modules/@cspell/dict-fsharp": {
      "version": "1.0.5",
      "resolved": "https://registry.npmjs.org/@cspell/dict-fsharp/-/dict-fsharp-1.0.5.tgz",
      "integrity": "sha512-6SsdHOtUsTDZ50wjK4FcvIjPiwBSDU9M/+zmUWpFfT5k5d5Ei80n4HGisFtuFdtmoLgz2F/xNnVvhsA2MWJv+w==",
      "license": "MIT"
    },
    "node_modules/@cspell/dict-fullstack": {
      "version": "3.2.3",
      "resolved": "https://registry.npmjs.org/@cspell/dict-fullstack/-/dict-fullstack-3.2.3.tgz",
      "integrity": "sha512-62PbndIyQPH11mAv0PyiyT0vbwD0AXEocPpHlCHzfb5v9SspzCCbzQ/LIBiFmyRa+q5LMW35CnSVu6OXdT+LKg==",
      "license": "MIT"
    },
    "node_modules/@cspell/dict-gaming-terms": {
      "version": "1.0.10",
      "resolved": "https://registry.npmjs.org/@cspell/dict-gaming-terms/-/dict-gaming-terms-1.0.10.tgz",
      "integrity": "sha512-LJBUSg2ErWi5+QQysFKFwRvq09zAswteIKdAM/g06NpSiPT+SoIeRNKnnASmvuQQSFS427EwgKKtJ3723n2SFQ==",
      "license": "MIT"
    },
    "node_modules/@cspell/dict-git": {
      "version": "3.0.4",
      "resolved": "https://registry.npmjs.org/@cspell/dict-git/-/dict-git-3.0.4.tgz",
      "integrity": "sha512-C44M+m56rYn6QCsLbiKiedyPTMZxlDdEYAsPwwlL5bhMDDzXZ3Ic8OCQIhMbiunhCOJJT+er4URmOmM+sllnjg==",
      "license": "MIT"
    },
    "node_modules/@cspell/dict-golang": {
      "version": "6.0.18",
      "resolved": "https://registry.npmjs.org/@cspell/dict-golang/-/dict-golang-6.0.18.tgz",
      "integrity": "sha512-Mt+7NwfodDwUk7423DdaQa0YaA+4UoV3XSxQwZioqjpFBCuxfvvv4l80MxCTAAbK6duGj0uHbGTwpv8fyKYPKg==",
      "license": "MIT"
    },
    "node_modules/@cspell/dict-google": {
      "version": "1.0.5",
      "resolved": "https://registry.npmjs.org/@cspell/dict-google/-/dict-google-1.0.5.tgz",
      "integrity": "sha512-KNrzfUsoFat94slWzo36g601sIGz6KtE4kBMM0gpqwFLK/MXRyaW65IL4SwysY0PEhuRzg9spLLMnUXuVcY2hQ==",
      "license": "MIT"
    },
    "node_modules/@cspell/dict-haskell": {
      "version": "4.0.5",
      "resolved": "https://registry.npmjs.org/@cspell/dict-haskell/-/dict-haskell-4.0.5.tgz",
      "integrity": "sha512-s4BG/4tlj2pPM9Ha7IZYMhUujXDnI0Eq1+38UTTCpatYLbQqDwRFf2KNPLRqkroU+a44yTUAe0rkkKbwy4yRtQ==",
      "license": "MIT"
    },
    "node_modules/@cspell/dict-html": {
      "version": "4.0.11",
      "resolved": "https://registry.npmjs.org/@cspell/dict-html/-/dict-html-4.0.11.tgz",
      "integrity": "sha512-QR3b/PB972SRQ2xICR1Nw/M44IJ6rjypwzA4jn+GH8ydjAX9acFNfc+hLZVyNe0FqsE90Gw3evLCOIF0vy1vQw==",
      "license": "MIT"
    },
    "node_modules/@cspell/dict-html-symbol-entities": {
      "version": "4.0.3",
      "resolved": "https://registry.npmjs.org/@cspell/dict-html-symbol-entities/-/dict-html-symbol-entities-4.0.3.tgz",
      "integrity": "sha512-aABXX7dMLNFdSE8aY844X4+hvfK7977sOWgZXo4MTGAmOzR8524fjbJPswIBK7GaD3+SgFZ2yP2o0CFvXDGF+A==",
      "license": "MIT"
    },
    "node_modules/@cspell/dict-java": {
      "version": "5.0.11",
      "resolved": "https://registry.npmjs.org/@cspell/dict-java/-/dict-java-5.0.11.tgz",
      "integrity": "sha512-T4t/1JqeH33Raa/QK/eQe26FE17eUCtWu+JsYcTLkQTci2dk1DfcIKo8YVHvZXBnuM43ATns9Xs0s+AlqDeH7w==",
      "license": "MIT"
    },
    "node_modules/@cspell/dict-julia": {
      "version": "1.0.5",
      "resolved": "https://registry.npmjs.org/@cspell/dict-julia/-/dict-julia-1.0.5.tgz",
      "integrity": "sha512-rMC9OC8POmGw9pN96ByZJaY0YGtzSh64AtuJu4uFcuooF0MGmtXwiAhazRC5kPK5XMS+pKMQql/ItTyKbYh1yg==",
      "license": "MIT"
    },
    "node_modules/@cspell/dict-k8s": {
      "version": "1.0.10",
      "resolved": "https://registry.npmjs.org/@cspell/dict-k8s/-/dict-k8s-1.0.10.tgz",
      "integrity": "sha512-313haTrX9prep1yWO7N6Xw4D6tvUJ0Xsx+YhCP+5YrrcIKoEw5Rtlg8R4PPzLqe6zibw6aJ+Eqq+y76Vx5BZkw==",
      "license": "MIT"
    },
    "node_modules/@cspell/dict-latex": {
      "version": "4.0.3",
      "resolved": "https://registry.npmjs.org/@cspell/dict-latex/-/dict-latex-4.0.3.tgz",
      "integrity": "sha512-2KXBt9fSpymYHxHfvhUpjUFyzrmN4c4P8mwIzweLyvqntBT3k0YGZJSriOdjfUjwSygrfEwiuPI1EMrvgrOMJw==",
      "license": "MIT"
    },
    "node_modules/@cspell/dict-lorem-ipsum": {
      "version": "4.0.4",
      "resolved": "https://registry.npmjs.org/@cspell/dict-lorem-ipsum/-/dict-lorem-ipsum-4.0.4.tgz",
      "integrity": "sha512-+4f7vtY4dp2b9N5fn0za/UR0kwFq2zDtA62JCbWHbpjvO9wukkbl4rZg4YudHbBgkl73HRnXFgCiwNhdIA1JPw==",
      "license": "MIT"
    },
    "node_modules/@cspell/dict-lua": {
      "version": "4.0.7",
      "resolved": "https://registry.npmjs.org/@cspell/dict-lua/-/dict-lua-4.0.7.tgz",
      "integrity": "sha512-Wbr7YSQw+cLHhTYTKV6cAljgMgcY+EUAxVIZW3ljKswEe4OLxnVJ7lPqZF5JKjlXdgCjbPSimsHqyAbC5pQN/Q==",
      "license": "MIT"
    },
    "node_modules/@cspell/dict-makefile": {
      "version": "1.0.4",
      "resolved": "https://registry.npmjs.org/@cspell/dict-makefile/-/dict-makefile-1.0.4.tgz",
      "integrity": "sha512-E4hG/c0ekPqUBvlkrVvzSoAA+SsDA9bLi4xSV3AXHTVru7Y2bVVGMPtpfF+fI3zTkww/jwinprcU1LSohI3ylw==",
      "license": "MIT"
    },
    "node_modules/@cspell/dict-markdown": {
      "version": "2.0.8",
      "resolved": "https://registry.npmjs.org/@cspell/dict-markdown/-/dict-markdown-2.0.8.tgz",
      "integrity": "sha512-GCzfae+PLw9MjdgOO0OB67zguNfhiLnaZX1glCNJ6G1ZWqfeC9eBOxrAR3BkFXoBY0cvDSjIP037QXFEfCgeTg==",
      "license": "MIT",
      "peerDependencies": {
        "@cspell/dict-css": "^4.0.17",
        "@cspell/dict-html": "^4.0.11",
        "@cspell/dict-html-symbol-entities": "^4.0.3",
        "@cspell/dict-typescript": "^3.1.12"
      }
    },
    "node_modules/@cspell/dict-monkeyc": {
      "version": "1.0.10",
      "resolved": "https://registry.npmjs.org/@cspell/dict-monkeyc/-/dict-monkeyc-1.0.10.tgz",
      "integrity": "sha512-7RTGyKsTIIVqzbvOtAu6Z/lwwxjGRtY5RkKPlXKHEoEAgIXwfDxb5EkVwzGQwQr8hF/D3HrdYbRT8MFBfsueZw==",
      "license": "MIT"
    },
    "node_modules/@cspell/dict-node": {
      "version": "5.0.6",
      "resolved": "https://registry.npmjs.org/@cspell/dict-node/-/dict-node-5.0.6.tgz",
      "integrity": "sha512-CEbhPCpxGvRNByGolSBTrXXW2rJA4bGqZuTx1KKO85mwR6aadeOmUE7xf/8jiCkXSy+qvr9aJeh+jlfXcsrziQ==",
      "license": "MIT"
    },
    "node_modules/@cspell/dict-npm": {
      "version": "5.1.21",
      "resolved": "https://registry.npmjs.org/@cspell/dict-npm/-/dict-npm-5.1.21.tgz",
      "integrity": "sha512-AHqgbnBPwdMUF6jV/vyf5lz1+9MpmQn8h2E/Px0jHYFri4VTZ5TNBa40NaTNC/L/U/ggbVQTSoBnqZ6rLFwGCg==",
      "license": "MIT"
    },
    "node_modules/@cspell/dict-php": {
      "version": "4.0.14",
      "resolved": "https://registry.npmjs.org/@cspell/dict-php/-/dict-php-4.0.14.tgz",
      "integrity": "sha512-7zur8pyncYZglxNmqsRycOZ6inpDoVd4yFfz1pQRe5xaRWMiK3Km4n0/X/1YMWhh3e3Sl/fQg5Axb2hlN68t1g==",
      "license": "MIT"
    },
    "node_modules/@cspell/dict-powershell": {
      "version": "5.0.14",
      "resolved": "https://registry.npmjs.org/@cspell/dict-powershell/-/dict-powershell-5.0.14.tgz",
      "integrity": "sha512-ktjjvtkIUIYmj/SoGBYbr3/+CsRGNXGpvVANrY0wlm/IoGlGywhoTUDYN0IsGwI2b8Vktx3DZmQkfb3Wo38jBA==",
      "license": "MIT"
    },
    "node_modules/@cspell/dict-public-licenses": {
      "version": "2.0.12",
      "resolved": "https://registry.npmjs.org/@cspell/dict-public-licenses/-/dict-public-licenses-2.0.12.tgz",
      "integrity": "sha512-obreJMVbz8ZrXyc60PcS/B2FwXaO3AWPO2x50zrI/n4UDuBr/UdPb6M1q++6c08n+151I35GEx52xRFiToSg4g==",
      "license": "MIT"
    },
    "node_modules/@cspell/dict-python": {
      "version": "4.2.14",
      "resolved": "https://registry.npmjs.org/@cspell/dict-python/-/dict-python-4.2.14.tgz",
      "integrity": "sha512-NZ/rsTH5gqTlEwbSg0vn5b1TsyzrUvA6ykwCVCwsVDdlQAS82cyDsF9JqHp8S4d6PFykmkfSxtAXYyOUr0KCbg==",
      "license": "MIT",
      "dependencies": {
        "@cspell/dict-data-science": "^2.0.6"
      }
    },
    "node_modules/@cspell/dict-r": {
      "version": "2.0.5",
      "resolved": "https://registry.npmjs.org/@cspell/dict-r/-/dict-r-2.0.5.tgz",
      "integrity": "sha512-CpZvA/6Ps/vCaR5c+2tL1dGU7ZlIFMp+lUamamHGG1ZIc0+j+16Tb1+9oksEf7k8LCI/F5Io4uIJ+0NezaY8Rg==",
      "license": "MIT"
    },
    "node_modules/@cspell/dict-ruby": {
      "version": "5.0.7",
      "resolved": "https://registry.npmjs.org/@cspell/dict-ruby/-/dict-ruby-5.0.7.tgz",
      "integrity": "sha512-4/d0hcoPzi5Alk0FmcyqlzFW9lQnZh9j07MJzPcyVO62nYJJAGKaPZL2o4qHeCS/od/ctJC5AHRdoUm0ktsw6Q==",
      "license": "MIT"
    },
    "node_modules/@cspell/dict-rust": {
      "version": "4.0.11",
      "resolved": "https://registry.npmjs.org/@cspell/dict-rust/-/dict-rust-4.0.11.tgz",
      "integrity": "sha512-OGWDEEzm8HlkSmtD8fV3pEcO2XBpzG2XYjgMCJCRwb2gRKvR+XIm6Dlhs04N/K2kU+iH8bvrqNpM8fS/BFl0uw==",
      "license": "MIT"
    },
    "node_modules/@cspell/dict-scala": {
      "version": "5.0.7",
      "resolved": "https://registry.npmjs.org/@cspell/dict-scala/-/dict-scala-5.0.7.tgz",
      "integrity": "sha512-yatpSDW/GwulzO3t7hB5peoWwzo+Y3qTc0pO24Jf6f88jsEeKmDeKkfgPbYuCgbE4jisGR4vs4+jfQZDIYmXPA==",
      "license": "MIT"
    },
    "node_modules/@cspell/dict-software-terms": {
      "version": "4.2.2",
      "resolved": "https://registry.npmjs.org/@cspell/dict-software-terms/-/dict-software-terms-4.2.2.tgz",
      "integrity": "sha512-cgteXRzx2W/Ug7QSdFJrVxLES7krrZEjZ9J6sXRWOsVYFpgu2Gup8NKmjKOZ8NTnCjHQFrMnbmKdv56q9Kwixw==",
      "license": "MIT"
    },
    "node_modules/@cspell/dict-sql": {
      "version": "2.1.9",
      "resolved": "https://registry.npmjs.org/@cspell/dict-sql/-/dict-sql-2.1.9.tgz",
      "integrity": "sha512-dyVtWGUs79SihmxzoXXOpA2mRipQhzZOy5mrRTZvMp3HE7Y5vM1ag/Di8+QCtjYD6l7MjVjp0CxkKp1U7PBpbw==",
      "license": "MIT"
    },
    "node_modules/@cspell/dict-svelte": {
      "version": "1.0.6",
      "resolved": "https://registry.npmjs.org/@cspell/dict-svelte/-/dict-svelte-1.0.6.tgz",
      "integrity": "sha512-8LAJHSBdwHCoKCSy72PXXzz7ulGROD0rP1CQ0StOqXOOlTUeSFaJJlxNYjlONgd2c62XBQiN2wgLhtPN+1Zv7Q==",
      "license": "MIT"
    },
    "node_modules/@cspell/dict-swift": {
      "version": "2.0.5",
      "resolved": "https://registry.npmjs.org/@cspell/dict-swift/-/dict-swift-2.0.5.tgz",
      "integrity": "sha512-3lGzDCwUmnrfckv3Q4eVSW3sK3cHqqHlPprFJZD4nAqt23ot7fic5ALR7J4joHpvDz36nHX34TgcbZNNZOC/JA==",
      "license": "MIT"
    },
    "node_modules/@cspell/dict-terraform": {
      "version": "1.0.8",
      "resolved": "https://registry.npmjs.org/@cspell/dict-terraform/-/dict-terraform-1.0.8.tgz",
      "integrity": "sha512-YR2v2iDtuzEIwOWAlV9V8pdnrIQud6wHQOhuk3oqR3PS0rkAd6dkWrS0Ce2gbZY7AHHxQ2jvJ66pOjAdIDXbtA==",
      "license": "MIT"
    },
    "node_modules/@cspell/dict-typescript": {
      "version": "3.1.12",
      "resolved": "https://registry.npmjs.org/@cspell/dict-typescript/-/dict-typescript-3.1.12.tgz",
      "integrity": "sha512-gQxryTuRrRW3whM7gASetOTcPVsDGxfVn/MoSX507rcsFdZTnX18+M6D4iE0sUtranF1MWscGPIm6J2gfL3Zxw==",
      "license": "MIT"
    },
    "node_modules/@cspell/dict-vue": {
      "version": "3.0.4",
      "resolved": "https://registry.npmjs.org/@cspell/dict-vue/-/dict-vue-3.0.4.tgz",
      "integrity": "sha512-0dPtI0lwHcAgSiQFx8CzvqjdoXROcH+1LyqgROCpBgppommWpVhbQ0eubnKotFEXgpUCONVkeZJ6Ql8NbTEu+w==",
      "license": "MIT"
    }
  }
}
