{
  "name": "code-spell-checker-cspell-bundled-dictionaries",
  "version": "2.0.7",
  "lockfileVersion": 3,
  "requires": true,
  "packages": {
    "": {
      "name": "code-spell-checker-cspell-bundled-dictionaries",
      "version": "2.0.7",
      "license": "MIT",
      "dependencies": {
        "@cspell/dict-cspell-bundle": "^2.0.25"
      },
      "engines": {
        "vscode": "^1.67.0"
      }
    },
    "node_modules/@cspell/dict-ada": {
      "version": "4.1.1",
      "resolved": "https://registry.npmjs.org/@cspell/dict-ada/-/dict-ada-4.1.1.tgz",
      "integrity": "sha512-E+0YW9RhZod/9Qy2gxfNZiHJjCYFlCdI69br1eviQQWB8yOTJX0JHXLs79kOYhSW0kINPVUdvddEBe6Lu6CjGQ==",
      "license": "MIT"
    },
    "node_modules/@cspell/dict-al": {
      "version": "1.1.1",
      "resolved": "https://registry.npmjs.org/@cspell/dict-al/-/dict-al-1.1.1.tgz",
      "integrity": "sha512-sD8GCaZetgQL4+MaJLXqbzWcRjfKVp8x+px3HuCaaiATAAtvjwUQ5/Iubiqwfd1boIh2Y1/3EgM3TLQ7Q8e0wQ==",
      "license": "MIT"
    },
    "node_modules/@cspell/dict-aws": {
      "version": "4.0.15",
      "resolved": "https://registry.npmjs.org/@cspell/dict-aws/-/dict-aws-4.0.15.tgz",
      "integrity": "sha512-aPY7VVR5Os4rz36EaqXBAEy14wR4Rqv+leCJ2Ug/Gd0IglJpM30LalF3e2eJChnjje3vWoEC0Rz3+e5gpZG+Kg==",
      "license": "MIT"
    },
    "node_modules/@cspell/dict-bash": {
      "version": "4.2.1",
      "resolved": "https://registry.npmjs.org/@cspell/dict-bash/-/dict-bash-4.2.1.tgz",
      "integrity": "sha512-SBnzfAyEAZLI9KFS7DUG6Xc1vDFuLllY3jz0WHvmxe8/4xV3ufFE3fGxalTikc1VVeZgZmxYiABw4iGxVldYEg==",
      "license": "MIT",
      "dependencies": {
        "@cspell/dict-shell": "1.1.1"
      }
    },
    "node_modules/@cspell/dict-companies": {
      "version": "3.2.5",
      "resolved": "https://registry.npmjs.org/@cspell/dict-companies/-/dict-companies-3.2.5.tgz",
      "integrity": "sha512-H51R0w7c6RwJJPqH7Gs65tzP6ouZsYDEHmmol6MIIk0kQaOIBuFP2B3vIxHLUr2EPRVFZsMW8Ni7NmVyaQlwsg==",
      "license": "MIT"
    },
    "node_modules/@cspell/dict-cpp": {
      "version": "6.0.10",
      "resolved": "https://registry.npmjs.org/@cspell/dict-cpp/-/dict-cpp-6.0.10.tgz",
      "integrity": "sha512-VyD8o7kUH2R9Ep/KXRoFy97QJn8qVW6wcQUfGVowNkc/Ux9o3gZlWlQwpzoyhTrg9uHKzKp5aL25eE7e5K1v1g==",
      "license": "MIT"
    },
    "node_modules/@cspell/dict-cryptocurrencies": {
      "version": "5.0.5",
      "resolved": "https://registry.npmjs.org/@cspell/dict-cryptocurrencies/-/dict-cryptocurrencies-5.0.5.tgz",
      "integrity": "sha512-R68hYYF/rtlE6T/dsObStzN5QZw+0aQBinAXuWCVqwdS7YZo0X33vGMfChkHaiCo3Z2+bkegqHlqxZF4TD3rUA==",
      "license": "MIT"
    },
    "node_modules/@cspell/dict-csharp": {
      "version": "4.0.7",
      "resolved": "https://registry.npmjs.org/@cspell/dict-csharp/-/dict-csharp-4.0.7.tgz",
      "integrity": "sha512-H16Hpu8O/1/lgijFt2lOk4/nnldFtQ4t8QHbyqphqZZVE5aS4J/zD/WvduqnLY21aKhZS6jo/xF5PX9jyqPKUA==",
      "license": "MIT"
    },
    "node_modules/@cspell/dict-cspell-bundle": {
      "version": "2.0.25",
      "resolved": "https://registry.npmjs.org/@cspell/dict-cspell-bundle/-/dict-cspell-bundle-2.0.25.tgz",
      "integrity": "sha512-Jcypv6LdiCyF45xcMXhvfvk6egQsLGkJvmN7EqpQfLM4laF+AhD6s1wdVpQeQi4mtyAO4r5z7H8lA0rZD+huBw==",
      "license": "MIT",
      "dependencies": {
        "@cspell/dict-ada": "^4.1.1",
        "@cspell/dict-al": "^1.1.1",
        "@cspell/dict-aws": "^4.0.15",
        "@cspell/dict-bash": "^4.2.1",
        "@cspell/dict-companies": "^3.2.5",
        "@cspell/dict-cpp": "^6.0.10",
        "@cspell/dict-cryptocurrencies": "^5.0.5",
        "@cspell/dict-csharp": "^4.0.7",
        "@cspell/dict-css": "^4.0.18",
        "@cspell/dict-dart": "^2.3.1",
        "@cspell/dict-django": "^4.1.5",
        "@cspell/dict-docker": "^1.1.16",
        "@cspell/dict-dotnet": "^5.0.10",
        "@cspell/dict-elixir": "^4.0.8",
        "@cspell/dict-en_us": "^4.4.17",
        "@cspell/dict-en-common-misspellings": "^2.1.3",
        "@cspell/dict-en-gb-mit": "^3.1.7",
        "@cspell/dict-filetypes": "^3.0.13",
        "@cspell/dict-flutter": "^1.1.1",
        "@cspell/dict-fonts": "^4.0.5",
        "@cspell/dict-fsharp": "^1.1.1",
        "@cspell/dict-fullstack": "^3.2.7",
        "@cspell/dict-gaming-terms": "^1.1.2",
        "@cspell/dict-git": "^3.0.7",
        "@cspell/dict-golang": "^6.0.23",
        "@cspell/dict-google": "^1.0.9",
        "@cspell/dict-haskell": "^4.0.6",
        "@cspell/dict-html": "^4.0.12",
        "@cspell/dict-html-symbol-entities": "^4.0.4",
        "@cspell/dict-java": "^5.0.12",
        "@cspell/dict-julia": "^1.1.1",
        "@cspell/dict-k8s": "^1.0.12",
        "@cspell/dict-latex": "^4.0.4",
        "@cspell/dict-lorem-ipsum": "^4.0.5",
        "@cspell/dict-lua": "^4.0.8",
        "@cspell/dict-makefile": "^1.0.5",
        "@cspell/dict-markdown": "^2.0.12",
        "@cspell/dict-monkeyc": "^1.0.11",
        "@cspell/dict-node": "^5.0.8",
        "@cspell/dict-npm": "^5.2.14",
        "@cspell/dict-php": "^4.0.15",
        "@cspell/dict-powershell": "^5.0.15",
        "@cspell/dict-public-licenses": "^2.0.15",
        "@cspell/dict-python": "^4.2.19",
        "@cspell/dict-r": "^2.1.1",
        "@cspell/dict-ruby": "^5.0.9",
        "@cspell/dict-rust": "^4.0.12",
        "@cspell/dict-scala": "^5.0.8",
        "@cspell/dict-software-terms": "^5.1.6",
        "@cspell/dict-sql": "^2.2.1",
        "@cspell/dict-svelte": "^1.0.7",
        "@cspell/dict-swift": "^2.0.6",
        "@cspell/dict-terraform": "^1.1.3",
        "@cspell/dict-typescript": "^3.2.3",
        "@cspell/dict-vue": "^3.0.5"
      }
    },
    "node_modules/@cspell/dict-css": {
      "version": "4.0.18",
      "resolved": "https://registry.npmjs.org/@cspell/dict-css/-/dict-css-4.0.18.tgz",
      "integrity": "sha512-EF77RqROHL+4LhMGW5NTeKqfUd/e4OOv6EDFQ/UQQiFyWuqkEKyEz0NDILxOFxWUEVdjT2GQ2cC7t12B6pESwg==",
      "license": "MIT"
    },
    "node_modules/@cspell/dict-dart": {
      "version": "2.3.1",
      "resolved": "https://registry.npmjs.org/@cspell/dict-dart/-/dict-dart-2.3.1.tgz",
      "integrity": "sha512-xoiGnULEcWdodXI6EwVyqpZmpOoh8RA2Xk9BNdR7DLamV/QMvEYn8KJ7NlRiTSauJKPNkHHQ5EVHRM6sTS7jdg==",
      "license": "MIT"
    },
    "node_modules/@cspell/dict-data-science": {
      "version": "2.0.9",
      "resolved": "https://registry.npmjs.org/@cspell/dict-data-science/-/dict-data-science-2.0.9.tgz",
      "integrity": "sha512-wTOFMlxv06veIwKdXUwdGxrQcK44Zqs426m6JGgHIB/GqvieZQC5n0UI+tUm5OCxuNyo4OV6mylT4cRMjtKtWQ==",
      "license": "MIT"
    },
    "node_modules/@cspell/dict-django": {
      "version": "4.1.5",
      "resolved": "https://registry.npmjs.org/@cspell/dict-django/-/dict-django-4.1.5.tgz",
      "integrity": "sha512-AvTWu99doU3T8ifoMYOMLW2CXKvyKLukPh1auOPwFGHzueWYvBBN+OxF8wF7XwjTBMMeRleVdLh3aWCDEX/ZWg==",
      "license": "MIT"
    },
    "node_modules/@cspell/dict-docker": {
      "version": "1.1.16",
      "resolved": "https://registry.npmjs.org/@cspell/dict-docker/-/dict-docker-1.1.16.tgz",
      "integrity": "sha512-UiVQ5RmCg6j0qGIxrBnai3pIB+aYKL3zaJGvXk1O/ertTKJif9RZikKXCEgqhaCYMweM4fuLqWSVmw3hU164Iw==",
      "license": "MIT"
    },
    "node_modules/@cspell/dict-dotnet": {
      "version": "5.0.10",
      "resolved": "https://registry.npmjs.org/@cspell/dict-dotnet/-/dict-dotnet-5.0.10.tgz",
      "integrity": "sha512-ooar8BP/RBNP1gzYfJPStKEmpWy4uv/7JCq6FOnJLeD1yyfG3d/LFMVMwiJo+XWz025cxtkM3wuaikBWzCqkmg==",
      "license": "MIT"
    },
    "node_modules/@cspell/dict-elixir": {
      "version": "4.0.8",
      "resolved": "https://registry.npmjs.org/@cspell/dict-elixir/-/dict-elixir-4.0.8.tgz",
      "integrity": "sha512-CyfphrbMyl4Ms55Vzuj+mNmd693HjBFr9hvU+B2YbFEZprE5AG+EXLYTMRWrXbpds4AuZcvN3deM2XVB80BN/Q==",
      "license": "MIT"
    },
    "node_modules/@cspell/dict-en_us": {
      "version": "4.4.17",
      "resolved": "https://registry.npmjs.org/@cspell/dict-en_us/-/dict-en_us-4.4.17.tgz",
      "integrity": "sha512-RSMhAZWnDTvjdkYwl9Oi5Hpewxm/DYQ5iF9QAgJBAF1PRmjOUMcEd5C889Tzj80MUVLIBHRbcdN5PARfcUTvbA==",
      "license": "MIT"
    },
    "node_modules/@cspell/dict-en-common-misspellings": {
      "version": "2.1.3",
      "resolved": "https://registry.npmjs.org/@cspell/dict-en-common-misspellings/-/dict-en-common-misspellings-2.1.3.tgz",
      "integrity": "sha512-v1I97Hr1OrK+mwHsVzbY4vsPxx6mA5quhxzanF6XuRofz00wH4HPz8Q3llzRHxka5Wl/59gyan04UkUrvP4gdA==",
      "license": "CC BY-SA 4.0"
    },
    "node_modules/@cspell/dict-en-gb-mit": {
      "version": "3.1.7",
      "resolved": "https://registry.npmjs.org/@cspell/dict-en-gb-mit/-/dict-en-gb-mit-3.1.7.tgz",
      "integrity": "sha512-CzAsYpFHxCV+25o7KjlJcyhSj6s3jlp7E+AL61lTnE7l0NHrp70vT5D/RkxjUPBC3XLj0FSwa1xWfiVteT0X2A==",
      "license": "MIT"
    },
    "node_modules/@cspell/dict-filetypes": {
      "version": "3.0.13",
      "resolved": "https://registry.npmjs.org/@cspell/dict-filetypes/-/dict-filetypes-3.0.13.tgz",
      "integrity": "sha512-g6rnytIpQlMNKGJT1JKzWkC+b3xCliDKpQ3ANFSq++MnR4GaLiifaC4JkVON11Oh/UTplYOR1nY3BR4X30bswA==",
      "license": "MIT"
    },
    "node_modules/@cspell/dict-flutter": {
      "version": "1.1.1",
      "resolved": "https://registry.npmjs.org/@cspell/dict-flutter/-/dict-flutter-1.1.1.tgz",
      "integrity": "sha512-UlOzRcH2tNbFhZmHJN48Za/2/MEdRHl2BMkCWZBYs+30b91mWvBfzaN4IJQU7dUZtowKayVIF9FzvLZtZokc5A==",
      "license": "MIT"
    },
    "node_modules/@cspell/dict-fonts": {
      "version": "4.0.5",
      "resolved": "https://registry.npmjs.org/@cspell/dict-fonts/-/dict-fonts-4.0.5.tgz",
      "integrity": "sha512-BbpkX10DUX/xzHs6lb7yzDf/LPjwYIBJHJlUXSBXDtK/1HaeS+Wqol4Mlm2+NAgZ7ikIE5DQMViTgBUY3ezNoQ==",
      "license": "MIT"
    },
    "node_modules/@cspell/dict-fsharp": {
      "version": "1.1.1",
      "resolved": "https://registry.npmjs.org/@cspell/dict-fsharp/-/dict-fsharp-1.1.1.tgz",
      "integrity": "sha512-imhs0u87wEA4/cYjgzS0tAyaJpwG7vwtC8UyMFbwpmtw+/bgss+osNfyqhYRyS/ehVCWL17Ewx2UPkexjKyaBA==",
      "license": "MIT"
    },
    "node_modules/@cspell/dict-fullstack": {
      "version": "3.2.7",
      "resolved": "https://registry.npmjs.org/@cspell/dict-fullstack/-/dict-fullstack-3.2.7.tgz",
      "integrity": "sha512-IxEk2YAwAJKYCUEgEeOg3QvTL4XLlyArJElFuMQevU1dPgHgzWElFevN5lsTFnvMFA1riYsVinqJJX0BanCFEg==",
      "license": "MIT"
    },
    "node_modules/@cspell/dict-gaming-terms": {
      "version": "1.1.2",
      "resolved": "https://registry.npmjs.org/@cspell/dict-gaming-terms/-/dict-gaming-terms-1.1.2.tgz",
      "integrity": "sha512-9XnOvaoTBscq0xuD6KTEIkk9hhdfBkkvJAIsvw3JMcnp1214OCGW8+kako5RqQ2vTZR3Tnf3pc57o7VgkM0q1Q==",
      "license": "MIT"
    },
    "node_modules/@cspell/dict-git": {
      "version": "3.0.7",
      "resolved": "https://registry.npmjs.org/@cspell/dict-git/-/dict-git-3.0.7.tgz",
      "integrity": "sha512-odOwVKgfxCQfiSb+nblQZc4ErXmnWEnv8XwkaI4sNJ7cNmojnvogYVeMqkXPjvfrgEcizEEA4URRD2Ms5PDk1w==",
      "license": "MIT"
    },
    "node_modules/@cspell/dict-golang": {
      "version": "6.0.23",
      "resolved": "https://registry.npmjs.org/@cspell/dict-golang/-/dict-golang-6.0.23.tgz",
      "integrity": "sha512-oXqUh/9dDwcmVlfUF5bn3fYFqbUzC46lXFQmi5emB0vYsyQXdNWsqi6/yH3uE7bdRE21nP7Yo0mR1jjFNyLamg==",
      "license": "MIT"
    },
    "node_modules/@cspell/dict-google": {
      "version": "1.0.9",
      "resolved": "https://registry.npmjs.org/@cspell/dict-google/-/dict-google-1.0.9.tgz",
      "integrity": "sha512-biL65POqialY0i4g6crj7pR6JnBkbsPovB2WDYkj3H4TuC/QXv7Pu5pdPxeUJA6TSCHI7T5twsO4VSVyRxD9CA==",
      "license": "MIT"
    },
    "node_modules/@cspell/dict-haskell": {
      "version": "4.0.6",
      "resolved": "https://registry.npmjs.org/@cspell/dict-haskell/-/dict-haskell-4.0.6.tgz",
      "integrity": "sha512-ib8SA5qgftExpYNjWhpYIgvDsZ/0wvKKxSP+kuSkkak520iPvTJumEpIE+qPcmJQo4NzdKMN8nEfaeci4OcFAQ==",
      "license": "MIT"
    },
    "node_modules/@cspell/dict-html": {
      "version": "4.0.12",
      "resolved": "https://registry.npmjs.org/@cspell/dict-html/-/dict-html-4.0.12.tgz",
      "integrity": "sha512-JFffQ1dDVEyJq6tCDWv0r/RqkdSnV43P2F/3jJ9rwLgdsOIXwQbXrz6QDlvQLVvNSnORH9KjDtenFTGDyzfCaA==",
      "license": "MIT"
    },
    "node_modules/@cspell/dict-html-symbol-entities": {
      "version": "4.0.4",
      "resolved": "https://registry.npmjs.org/@cspell/dict-html-symbol-entities/-/dict-html-symbol-entities-4.0.4.tgz",
      "integrity": "sha512-afea+0rGPDeOV9gdO06UW183Qg6wRhWVkgCFwiO3bDupAoyXRuvupbb5nUyqSTsLXIKL8u8uXQlJ9pkz07oVXw==",
      "license": "MIT"
    },
    "node_modules/@cspell/dict-java": {
      "version": "5.0.12",
      "resolved": "https://registry.npmjs.org/@cspell/dict-java/-/dict-java-5.0.12.tgz",
      "integrity": "sha512-qPSNhTcl7LGJ5Qp6VN71H8zqvRQK04S08T67knMq9hTA8U7G1sTKzLmBaDOFhq17vNX/+rT+rbRYp+B5Nwza1A==",
      "license": "MIT"
    },
    "node_modules/@cspell/dict-julia": {
      "version": "1.1.1",
      "resolved": "https://registry.npmjs.org/@cspell/dict-julia/-/dict-julia-1.1.1.tgz",
      "integrity": "sha512-WylJR9TQ2cgwd5BWEOfdO3zvDB+L7kYFm0I9u0s9jKHWQ6yKmfKeMjU9oXxTBxIufhCXm92SKwwVNAC7gjv+yA==",
      "license": "MIT"
    },
    "node_modules/@cspell/dict-k8s": {
      "version": "1.0.12",
      "resolved": "https://registry.npmjs.org/@cspell/dict-k8s/-/dict-k8s-1.0.12.tgz",
      "integrity": "sha512-2LcllTWgaTfYC7DmkMPOn9GsBWsA4DZdlun4po8s2ysTP7CPEnZc1ZfK6pZ2eI4TsZemlUQQ+NZxMe9/QutQxg==",
      "license": "MIT"
    },
    "node_modules/@cspell/dict-latex": {
      "version": "4.0.4",
      "resolved": "https://registry.npmjs.org/@cspell/dict-latex/-/dict-latex-4.0.4.tgz",
      "integrity": "sha512-YdTQhnTINEEm/LZgTzr9Voz4mzdOXH7YX+bSFs3hnkUHCUUtX/mhKgf1CFvZ0YNM2afjhQcmLaR9bDQVyYBvpA==",
      "license": "MIT"
    },
    "node_modules/@cspell/dict-lorem-ipsum": {
      "version": "4.0.5",
      "resolved": "https://registry.npmjs.org/@cspell/dict-lorem-ipsum/-/dict-lorem-ipsum-4.0.5.tgz",
      "integrity": "sha512-9a4TJYRcPWPBKkQAJ/whCu4uCAEgv/O2xAaZEI0n4y1/l18Yyx8pBKoIX5QuVXjjmKEkK7hi5SxyIsH7pFEK9Q==",
      "license": "MIT"
    },
    "node_modules/@cspell/dict-lua": {
      "version": "4.0.8",
      "resolved": "https://registry.npmjs.org/@cspell/dict-lua/-/dict-lua-4.0.8.tgz",
      "integrity": "sha512-N4PkgNDMu9JVsRu7JBS/3E/dvfItRgk9w5ga2dKq+JupP2Y3lojNaAVFhXISh4Y0a6qXDn2clA6nvnavQ/jjLA==",
      "license": "MIT"
    },
    "node_modules/@cspell/dict-makefile": {
      "version": "1.0.5",
      "resolved": "https://registry.npmjs.org/@cspell/dict-makefile/-/dict-makefile-1.0.5.tgz",
      "integrity": "sha512-4vrVt7bGiK8Rx98tfRbYo42Xo2IstJkAF4tLLDMNQLkQ86msDlYSKG1ZCk8Abg+EdNcFAjNhXIiNO+w4KflGAQ==",
      "license": "MIT"
    },
    "node_modules/@cspell/dict-markdown": {
      "version": "2.0.12",
      "resolved": "https://registry.npmjs.org/@cspell/dict-markdown/-/dict-markdown-2.0.12.tgz",
      "integrity": "sha512-ufwoliPijAgWkD/ivAMC+A9QD895xKiJRF/fwwknQb7kt7NozTLKFAOBtXGPJAB4UjhGBpYEJVo2elQ0FCAH9A==",
      "license": "MIT",
      "peerDependencies": {
        "@cspell/dict-css": "^4.0.18",
        "@cspell/dict-html": "^4.0.12",
        "@cspell/dict-html-symbol-entities": "^4.0.4",
        "@cspell/dict-typescript": "^3.2.3"
      }
    },
    "node_modules/@cspell/dict-monkeyc": {
      "version": "1.0.11",
      "resolved": "https://registry.npmjs.org/@cspell/dict-monkeyc/-/dict-monkeyc-1.0.11.tgz",
      "integrity": "sha512-7Q1Ncu0urALI6dPTrEbSTd//UK0qjRBeaxhnm8uY5fgYNFYAG+u4gtnTIo59S6Bw5P++4H3DiIDYoQdY/lha8w==",
      "license": "MIT"
    },
    "node_modules/@cspell/dict-node": {
      "version": "5.0.8",
      "resolved": "https://registry.npmjs.org/@cspell/dict-node/-/dict-node-5.0.8.tgz",
      "integrity": "sha512-AirZcN2i84ynev3p2/1NCPEhnNsHKMz9zciTngGoqpdItUb2bDt1nJBjwlsrFI78GZRph/VaqTVFwYikmncpXg==",
      "license": "MIT"
    },
    "node_modules/@cspell/dict-npm": {
      "version": "5.2.14",
      "resolved": "https://registry.npmjs.org/@cspell/dict-npm/-/dict-npm-5.2.14.tgz",
      "integrity": "sha512-amZCBJIqzRmPq5uKh0v2fdejt9AJQsQwx0spPFQaBZ2cRoE6qlqstPWLLc5lhz668QgSQeZ7mlURtCEWWlOtPw==",
      "license": "MIT"
    },
    "node_modules/@cspell/dict-php": {
      "version": "4.0.15",
      "resolved": "https://registry.npmjs.org/@cspell/dict-php/-/dict-php-4.0.15.tgz",
      "integrity": "sha512-iepGB2gtToMWSTvybesn4/lUp4LwXcEm0s8vasJLP76WWVkq1zYjmeS+WAIzNgsuURyZ/9mGqhS0CWMuo74ODw==",
      "license": "MIT"
    },
    "node_modules/@cspell/dict-powershell": {
      "version": "5.0.15",
      "resolved": "https://registry.npmjs.org/@cspell/dict-powershell/-/dict-powershell-5.0.15.tgz",
      "integrity": "sha512-l4S5PAcvCFcVDMJShrYD0X6Huv9dcsQPlsVsBGbH38wvuN7gS7+GxZFAjTNxDmTY1wrNi1cCatSg6Pu2BW4rgg==",
      "license": "MIT"
    },
    "node_modules/@cspell/dict-public-licenses": {
      "version": "2.0.15",
      "resolved": "https://registry.npmjs.org/@cspell/dict-public-licenses/-/dict-public-licenses-2.0.15.tgz",
      "integrity": "sha512-cJEOs901H13Pfy0fl4dCD1U+xpWIMaEPq8MeYU83FfDZvellAuSo4GqWCripfIqlhns/L6+UZEIJSOZnjgy7Wg==",
      "license": "MIT"
    },
    "node_modules/@cspell/dict-python": {
      "version": "4.2.19",
      "resolved": "https://registry.npmjs.org/@cspell/dict-python/-/dict-python-4.2.19.tgz",
      "integrity": "sha512-9S2gTlgILp1eb6OJcVZeC8/Od83N8EqBSg5WHVpx97eMMJhifOzePkE0kDYjyHMtAFznCQTUu0iQEJohNQ5B0A==",
      "license": "MIT",
      "dependencies": {
        "@cspell/dict-data-science": "^2.0.9"
      }
    },
    "node_modules/@cspell/dict-r": {
      "version": "2.1.1",
      "resolved": "https://registry.npmjs.org/@cspell/dict-r/-/dict-r-2.1.1.tgz",
      "integrity": "sha512-71Ka+yKfG4ZHEMEmDxc6+blFkeTTvgKbKAbwiwQAuKl3zpqs1Y0vUtwW2N4b3LgmSPhV3ODVY0y4m5ofqDuKMw==",
      "license": "MIT"
    },
    "node_modules/@cspell/dict-ruby": {
      "version": "5.0.9",
      "resolved": "https://registry.npmjs.org/@cspell/dict-ruby/-/dict-ruby-5.0.9.tgz",
      "integrity": "sha512-H2vMcERMcANvQshAdrVx0XoWaNX8zmmiQN11dZZTQAZaNJ0xatdJoSqY8C8uhEMW89bfgpN+NQgGuDXW2vmXEw==",
      "license": "MIT"
    },
    "node_modules/@cspell/dict-rust": {
      "version": "4.0.12",
      "resolved": "https://registry.npmjs.org/@cspell/dict-rust/-/dict-rust-4.0.12.tgz",
      "integrity": "sha512-z2QiH+q9UlNhobBJArvILRxV8Jz0pKIK7gqu4TgmEYyjiu1TvnGZ1tbYHeu9w3I/wOP6UMDoCBTty5AlYfW0mw==",
      "license": "MIT"
    },
    "node_modules/@cspell/dict-scala": {
      "version": "5.0.8",
      "resolved": "https://registry.npmjs.org/@cspell/dict-scala/-/dict-scala-5.0.8.tgz",
      "integrity": "sha512-YdftVmumv8IZq9zu1gn2U7A4bfM2yj9Vaupydotyjuc+EEZZSqAafTpvW/jKLWji2TgybM1L2IhmV0s/Iv9BTw==",
      "license": "MIT"
    },
    "node_modules/@cspell/dict-shell": {
      "version": "1.1.1",
      "resolved": "https://registry.npmjs.org/@cspell/dict-shell/-/dict-shell-1.1.1.tgz",
      "integrity": "sha512-T37oYxE7OV1x/1D4/13Y8JZGa1QgDCXV7AVt3HLXjn0Fe3TaNDvf5sU0fGnXKmBPqFFrHdpD3uutAQb1dlp15g==",
      "license": "MIT"
    },
    "node_modules/@cspell/dict-software-terms": {
      "version": "5.1.6",
      "resolved": "https://registry.npmjs.org/@cspell/dict-software-terms/-/dict-software-terms-5.1.6.tgz",
      "integrity": "sha512-fsREO/CRmcrX+fdB88ICkk31Qn6BeHr4EDq1hibpfx4FU4Liq+EN6TJbgG4q/BAelon/6sq1JQD71wihVnywLQ==",
      "license": "MIT"
    },
    "node_modules/@cspell/dict-sql": {
      "version": "2.2.1",
      "resolved": "https://registry.npmjs.org/@cspell/dict-sql/-/dict-sql-2.2.1.tgz",
      "integrity": "sha512-qDHF8MpAYCf4pWU8NKbnVGzkoxMNrFqBHyG/dgrlic5EQiKANCLELYtGlX5auIMDLmTf1inA0eNtv74tyRJ/vg==",
      "license": "MIT"
    },
    "node_modules/@cspell/dict-svelte": {
      "version": "1.0.7",
      "resolved": "https://registry.npmjs.org/@cspell/dict-svelte/-/dict-svelte-1.0.7.tgz",
      "integrity": "sha512-hGZsGqP0WdzKkdpeVLBivRuSNzOTvN036EBmpOwxH+FTY2DuUH7ecW+cSaMwOgmq5JFSdTcbTNFlNC8HN8lhaQ==",
      "license": "MIT"
    },
    "node_modules/@cspell/dict-swift": {
      "version": "2.0.6",
      "resolved": "https://registry.npmjs.org/@cspell/dict-swift/-/dict-swift-2.0.6.tgz",
      "integrity": "sha512-PnpNbrIbex2aqU1kMgwEKvCzgbkHtj3dlFLPMqW1vSniop7YxaDTtvTUO4zA++ugYAEL+UK8vYrBwDPTjjvSnA==",
      "license": "MIT"
    },
    "node_modules/@cspell/dict-terraform": {
      "version": "1.1.3",
      "resolved": "https://registry.npmjs.org/@cspell/dict-terraform/-/dict-terraform-1.1.3.tgz",
      "integrity": "sha512-gr6wxCydwSFyyBKhBA2xkENXtVFToheqYYGFvlMZXWjviynXmh+NK/JTvTCk/VHk3+lzbO9EEQKee6VjrAUSbA==",
      "license": "MIT"
    },
    "node_modules/@cspell/dict-typescript": {
      "version": "3.2.3",
      "resolved": "https://registry.npmjs.org/@cspell/dict-typescript/-/dict-typescript-3.2.3.tgz",
      "integrity": "sha512-zXh1wYsNljQZfWWdSPYwQhpwiuW0KPW1dSd8idjMRvSD0aSvWWHoWlrMsmZeRl4qM4QCEAjua8+cjflm41cQBg==",
      "license": "MIT"
    },
    "node_modules/@cspell/dict-vue": {
      "version": "3.0.5",
      "resolved": "https://registry.npmjs.org/@cspell/dict-vue/-/dict-vue-3.0.5.tgz",
      "integrity": "sha512-Mqutb8jbM+kIcywuPQCCaK5qQHTdaByoEO2J9LKFy3sqAdiBogNkrplqUK0HyyRFgCfbJUgjz3N85iCMcWH0JA==",
      "license": "MIT"
    }
  }
}
