{
  "name": "code-spell-checker-cspell-bundled-dictionaries",
  "version": "2.0.15",
  "lockfileVersion": 3,
  "requires": true,
  "packages": {
    "": {
      "name": "code-spell-checker-cspell-bundled-dictionaries",
      "version": "2.0.15",
      "license": "MIT",
      "dependencies": {
        "@cspell/dict-cspell-bundle": "^2.0.70"
      },
      "engines": {
        "vscode": "^1.102.3"
      }
    },
    "node_modules/@cspell/dict-ada": {
      "version": "4.1.1",
      "resolved": "https://registry.npmjs.org/@cspell/dict-ada/-/dict-ada-4.1.1.tgz",
      "integrity": "sha512-E+0YW9RhZod/9Qy2gxfNZiHJjCYFlCdI69br1eviQQWB8yOTJX0JHXLs79kOYhSW0kINPVUdvddEBe6Lu6CjGQ==",
      "license": "MIT"
    },
    "node_modules/@cspell/dict-al": {
      "version": "1.1.1",
      "resolved": "https://registry.npmjs.org/@cspell/dict-al/-/dict-al-1.1.1.tgz",
      "integrity": "sha512-sD8GCaZetgQL4+MaJLXqbzWcRjfKVp8x+px3HuCaaiATAAtvjwUQ5/Iubiqwfd1boIh2Y1/3EgM3TLQ7Q8e0wQ==",
      "license": "MIT"
    },
    "node_modules/@cspell/dict-aws": {
      "version": "4.0.17",
      "resolved": "https://registry.npmjs.org/@cspell/dict-aws/-/dict-aws-4.0.17.tgz",
      "integrity": "sha512-ORcblTWcdlGjIbWrgKF+8CNEBQiLVKdUOFoTn0KPNkAYnFcdPP0muT4892h7H4Xafh3j72wqB4/loQ6Nti9E/w==",
      "license": "MIT"
    },
    "node_modules/@cspell/dict-bash": {
      "version": "4.2.3",
      "resolved": "https://registry.npmjs.org/@cspell/dict-bash/-/dict-bash-4.2.3.tgz",
      "integrity": "sha512-ljUZoKHbDqw5Sx0qpL2qTUlmkmr+vhZH/sCNrNaBZKTbdgiswErSnIF1jRbGmEitJNxHRHWsuZyVgnTGfVO1Yw==",
      "license": "MIT",
      "dependencies": {
        "@cspell/dict-shell": "1.2.0"
      }
    },
    "node_modules/@cspell/dict-companies": {
      "version": "3.2.12",
      "resolved": "https://registry.npmjs.org/@cspell/dict-companies/-/dict-companies-3.2.12.tgz",
      "integrity": "sha512-mjiz/N3zWOCsz5VfwMUydSl7uW0OU9H2PnbCNc3RV44Vj6Q59CSp6EYGSGZQxrXU1gpsuZUrwr6QCjNjFOOg5A==",
      "license": "MIT"
    },
    "node_modules/@cspell/dict-cpp": {
      "version": "7.1.0",
      "resolved": "https://registry.npmjs.org/@cspell/dict-cpp/-/dict-cpp-7.1.0.tgz",
      "integrity": "sha512-rcjycobioQUd9Jm/Y1n8U+sq6ytpZ0iV8AYIo+vyEFfutC5x7g6hL6Fh3bCdh6IporGHRqfEutGK/4sfopD2ZA==",
      "license": "MIT"
    },
    "node_modules/@cspell/dict-cryptocurrencies": {
      "version": "5.0.5",
      "resolved": "https://registry.npmjs.org/@cspell/dict-cryptocurrencies/-/dict-cryptocurrencies-5.0.5.tgz",
      "integrity": "sha512-R68hYYF/rtlE6T/dsObStzN5QZw+0aQBinAXuWCVqwdS7YZo0X33vGMfChkHaiCo3Z2+bkegqHlqxZF4TD3rUA==",
      "license": "MIT"
    },
    "node_modules/@cspell/dict-csharp": {
      "version": "4.0.8",
      "resolved": "https://registry.npmjs.org/@cspell/dict-csharp/-/dict-csharp-4.0.8.tgz",
      "integrity": "sha512-qmk45pKFHSxckl5mSlbHxmDitSsGMlk/XzFgt7emeTJWLNSTUK//MbYAkBNRtfzB4uD7pAFiKgpKgtJrTMRnrQ==",
      "license": "MIT"
    },
    "node_modules/@cspell/dict-cspell-bundle": {
      "version": "2.0.70",
      "resolved": "https://registry.npmjs.org/@cspell/dict-cspell-bundle/-/dict-cspell-bundle-2.0.70.tgz",
      "integrity": "sha512-QNZG27m/2Doe3OH8jtxieXET84s3dFwZpw5gzkpnMHgjp00HySRDyWpGDl59D7auFjucdplHNTSt9yaCJgMTzA==",
      "license": "MIT",
      "dependencies": {
        "@cspell/dict-ada": "^4.1.1",
        "@cspell/dict-al": "^1.1.1",
        "@cspell/dict-aws": "^4.0.17",
        "@cspell/dict-bash": "^4.2.3",
        "@cspell/dict-companies": "^3.2.12",
        "@cspell/dict-cpp": "^7.1.0",
        "@cspell/dict-cryptocurrencies": "^5.0.5",
        "@cspell/dict-csharp": "^4.0.8",
        "@cspell/dict-css": "^4.1.2",
        "@cspell/dict-dart": "^2.3.2",
        "@cspell/dict-django": "^4.1.6",
        "@cspell/dict-docker": "^1.1.17",
        "@cspell/dict-dotnet": "^5.0.13",
        "@cspell/dict-elixir": "^4.0.8",
        "@cspell/dict-en_us": "^4.4.37",
        "@cspell/dict-en-common-misspellings": "^2.2.0",
        "@cspell/dict-en-gb-mit": "^3.1.26",
        "@cspell/dict-filetypes": "^3.0.18",
        "@cspell/dict-flutter": "^1.1.1",
        "@cspell/dict-fonts": "^4.0.6",
        "@cspell/dict-fsharp": "^1.1.1",
        "@cspell/dict-fullstack": "^3.2.9",
        "@cspell/dict-gaming-terms": "^1.1.2",
        "@cspell/dict-git": "^3.1.0",
        "@cspell/dict-golang": "^6.0.27",
        "@cspell/dict-google": "^1.0.9",
        "@cspell/dict-haskell": "^4.0.6",
        "@cspell/dict-html": "^4.0.16",
        "@cspell/dict-html-symbol-entities": "^4.0.5",
        "@cspell/dict-java": "^5.0.12",
        "@cspell/dict-julia": "^1.1.1",
        "@cspell/dict-k8s": "^1.0.13",
        "@cspell/dict-latex": "^5.1.0",
        "@cspell/dict-lorem-ipsum": "^4.0.5",
        "@cspell/dict-lua": "^4.0.8",
        "@cspell/dict-makefile": "^1.0.5",
        "@cspell/dict-markdown": "^2.0.18",
        "@cspell/dict-monkeyc": "^1.1.0",
        "@cspell/dict-node": "^5.0.9",
        "@cspell/dict-npm": "^5.2.47",
        "@cspell/dict-php": "^4.1.1",
        "@cspell/dict-powershell": "^5.0.15",
        "@cspell/dict-public-licenses": "^2.0.16",
        "@cspell/dict-python": "^4.4.1",
        "@cspell/dict-r": "^2.1.1",
        "@cspell/dict-ruby": "^5.1.2",
        "@cspell/dict-rust": "^4.1.2",
        "@cspell/dict-scala": "^5.0.9",
        "@cspell/dict-software-terms": "^5.4.1",
        "@cspell/dict-sql": "^2.2.1",
        "@cspell/dict-svelte": "^1.0.7",
        "@cspell/dict-swift": "^2.0.6",
        "@cspell/dict-terraform": "^1.1.4",
        "@cspell/dict-typescript": "^3.2.3",
        "@cspell/dict-vue": "^3.0.5"
      }
    },
    "node_modules/@cspell/dict-css": {
      "version": "4.1.2",
      "resolved": "https://registry.npmjs.org/@cspell/dict-css/-/dict-css-4.1.2.tgz",
      "integrity": "sha512-+ylGoKdwZ2sVOCOnU2Eq5wDZx+RaVX3HoKyNHGGsFvhSw6IidQ6tH/mAPKBDofViHJoWCPNlklE0lTr6MDG3QA==",
      "license": "MIT"
    },
    "node_modules/@cspell/dict-dart": {
      "version": "2.3.2",
      "resolved": "https://registry.npmjs.org/@cspell/dict-dart/-/dict-dart-2.3.2.tgz",
      "integrity": "sha512-sUiLW56t9gfZcu8iR/5EUg+KYyRD83Cjl3yjDEA2ApVuJvK1HhX+vn4e4k4YfjpUQMag8XO2AaRhARE09+/rqw==",
      "license": "MIT"
    },
    "node_modules/@cspell/dict-data-science": {
      "version": "2.0.16",
      "resolved": "https://registry.npmjs.org/@cspell/dict-data-science/-/dict-data-science-2.0.16.tgz",
      "integrity": "sha512-M72mxv5asuAnORurz4iXRJ+Tw9XBq6eu7D2Ne7biP0Z1RciKGNxXWu9JycA/KlVvK1hAlKj/fANlXhuEWpXKFg==",
      "license": "MIT"
    },
    "node_modules/@cspell/dict-django": {
      "version": "4.1.6",
      "resolved": "https://registry.npmjs.org/@cspell/dict-django/-/dict-django-4.1.6.tgz",
      "integrity": "sha512-SdbSFDGy9ulETqNz15oWv2+kpWLlk8DJYd573xhIkeRdcXOjskRuxjSZPKfW7O3NxN/KEf3gm3IevVOiNuFS+w==",
      "license": "MIT"
    },
    "node_modules/@cspell/dict-docker": {
      "version": "1.1.17",
      "resolved": "https://registry.npmjs.org/@cspell/dict-docker/-/dict-docker-1.1.17.tgz",
      "integrity": "sha512-OcnVTIpHIYYKhztNTyK8ShAnXTfnqs43hVH6p0py0wlcwRIXe5uj4f12n7zPf2CeBI7JAlPjEsV0Rlf4hbz/xQ==",
      "license": "MIT"
    },
    "node_modules/@cspell/dict-dotnet": {
      "version": "5.0.13",
      "resolved": "https://registry.npmjs.org/@cspell/dict-dotnet/-/dict-dotnet-5.0.13.tgz",
      "integrity": "sha512-xPp7jMnFpOri7tzmqmm/dXMolXz1t2bhNqxYkOyMqXhvs08oc7BFs+EsbDY0X7hqiISgeFZGNqn0dOCr+ncPYw==",
      "license": "MIT"
    },
    "node_modules/@cspell/dict-elixir": {
      "version": "4.0.8",
      "resolved": "https://registry.npmjs.org/@cspell/dict-elixir/-/dict-elixir-4.0.8.tgz",
      "integrity": "sha512-CyfphrbMyl4Ms55Vzuj+mNmd693HjBFr9hvU+B2YbFEZprE5AG+EXLYTMRWrXbpds4AuZcvN3deM2XVB80BN/Q==",
      "license": "MIT"
    },
    "node_modules/@cspell/dict-en_us": {
      "version": "4.4.37",
      "resolved": "https://registry.npmjs.org/@cspell/dict-en_us/-/dict-en_us-4.4.37.tgz",
      "integrity": "sha512-rMKyPrk2SKmDU+Bj0U0ixsv4Du93oijwovc8XlUin0zwKOJZb0/PFG5Df4P8CrM2CrLeovpaFvhoI98DigxBLw==",
      "license": "MIT"
    },
    "node_modules/@cspell/dict-en-common-misspellings": {
      "version": "2.2.0",
      "resolved": "https://registry.npmjs.org/@cspell/dict-en-common-misspellings/-/dict-en-common-misspellings-2.2.0.tgz",
      "integrity": "sha512-5PmCHv+AhY0LVNo3bE1FdRKMmw1esKj83GPwLymnVPYNtlI2Jf6y27EjC0azg4zny5keWmku0GQiMf55Fi+qeA==",
      "license": "CC BY-SA 4.0"
    },
    "node_modules/@cspell/dict-en-gb-mit": {
      "version": "3.1.26",
      "resolved": "https://registry.npmjs.org/@cspell/dict-en-gb-mit/-/dict-en-gb-mit-3.1.26.tgz",
      "integrity": "sha512-F9Y/45+1oIPzfL/pyWLp4kzX+vddHPAYpIpIF+45bdc65AebeEiQHKzSmKgGGTd3qbQc3fATw2kAFdLryiQpjQ==",
      "license": "MIT"
    },
    "node_modules/@cspell/dict-filetypes": {
      "version": "3.0.18",
      "resolved": "https://registry.npmjs.org/@cspell/dict-filetypes/-/dict-filetypes-3.0.18.tgz",
      "integrity": "sha512-yU7RKD/x1IWmDLzWeiItMwgV+6bUcU/af23uS0+uGiFUbsY1qWV/D4rxlAAO6Z7no3J2z8aZOkYIOvUrJq0Rcw==",
      "license": "MIT"
    },
    "node_modules/@cspell/dict-flutter": {
      "version": "1.1.1",
      "resolved": "https://registry.npmjs.org/@cspell/dict-flutter/-/dict-flutter-1.1.1.tgz",
      "integrity": "sha512-UlOzRcH2tNbFhZmHJN48Za/2/MEdRHl2BMkCWZBYs+30b91mWvBfzaN4IJQU7dUZtowKayVIF9FzvLZtZokc5A==",
      "license": "MIT"
    },
    "node_modules/@cspell/dict-fonts": {
      "version": "4.0.6",
      "resolved": "https://registry.npmjs.org/@cspell/dict-fonts/-/dict-fonts-4.0.6.tgz",
      "integrity": "sha512-aR/0csY01dNb0A1tw/UmN9rKgHruUxsYsvXu6YlSBJFu60s26SKr/k1o4LavpHTQ+lznlYMqAvuxGkE4Flliqw==",
      "license": "MIT"
    },
    "node_modules/@cspell/dict-fsharp": {
      "version": "1.1.1",
      "resolved": "https://registry.npmjs.org/@cspell/dict-fsharp/-/dict-fsharp-1.1.1.tgz",
      "integrity": "sha512-imhs0u87wEA4/cYjgzS0tAyaJpwG7vwtC8UyMFbwpmtw+/bgss+osNfyqhYRyS/ehVCWL17Ewx2UPkexjKyaBA==",
      "license": "MIT"
    },
    "node_modules/@cspell/dict-fullstack": {
      "version": "3.2.9",
      "resolved": "https://registry.npmjs.org/@cspell/dict-fullstack/-/dict-fullstack-3.2.9.tgz",
      "integrity": "sha512-diZX+usW5aZ4/b2T0QM/H/Wl9aNMbdODa1Jq0ReBr/jazmNeWjd+PyqeVgzd1joEaHY+SAnjrf/i9CwKd2ZtWQ==",
      "license": "MIT"
    },
    "node_modules/@cspell/dict-gaming-terms": {
      "version": "1.1.2",
      "resolved": "https://registry.npmjs.org/@cspell/dict-gaming-terms/-/dict-gaming-terms-1.1.2.tgz",
      "integrity": "sha512-9XnOvaoTBscq0xuD6KTEIkk9hhdfBkkvJAIsvw3JMcnp1214OCGW8+kako5RqQ2vTZR3Tnf3pc57o7VgkM0q1Q==",
      "license": "MIT"
    },
    "node_modules/@cspell/dict-git": {
      "version": "3.1.0",
      "resolved": "https://registry.npmjs.org/@cspell/dict-git/-/dict-git-3.1.0.tgz",
      "integrity": "sha512-KEt9zGkxqGy2q1nwH4CbyqTSv5nadpn8BAlDnzlRcnL0Xb3LX9xTgSGShKvzb0bw35lHoYyLWN2ZKAqbC4pgGQ==",
      "license": "MIT"
    },
    "node_modules/@cspell/dict-golang": {
      "version": "6.0.27",
      "resolved": "https://registry.npmjs.org/@cspell/dict-golang/-/dict-golang-6.0.27.tgz",
      "integrity": "sha512-rRDb2JL8EefaezHGTEclKXCs4eMOS0q/datk94Lm7KQOhlGlzS9FDVZiR1/guh0o+iJCmejQuf5NR2FQeQSWsg==",
      "license": "MIT"
    },
    "node_modules/@cspell/dict-google": {
      "version": "1.0.9",
      "resolved": "https://registry.npmjs.org/@cspell/dict-google/-/dict-google-1.0.9.tgz",
      "integrity": "sha512-biL65POqialY0i4g6crj7pR6JnBkbsPovB2WDYkj3H4TuC/QXv7Pu5pdPxeUJA6TSCHI7T5twsO4VSVyRxD9CA==",
      "license": "MIT"
    },
    "node_modules/@cspell/dict-haskell": {
      "version": "4.0.6",
      "resolved": "https://registry.npmjs.org/@cspell/dict-haskell/-/dict-haskell-4.0.6.tgz",
      "integrity": "sha512-ib8SA5qgftExpYNjWhpYIgvDsZ/0wvKKxSP+kuSkkak520iPvTJumEpIE+qPcmJQo4NzdKMN8nEfaeci4OcFAQ==",
      "license": "MIT"
    },
    "node_modules/@cspell/dict-html": {
      "version": "4.0.16",
      "resolved": "https://registry.npmjs.org/@cspell/dict-html/-/dict-html-4.0.16.tgz",
      "integrity": "sha512-9B6/Cpb5YVcYgsEAlKudun1yd4ONllYS/ZibKLYea2apPR+l2vQdARnPrP9kTqa7NUNfRKl7m9Fb6k9rjimnow==",
      "license": "MIT"
    },
    "node_modules/@cspell/dict-html-symbol-entities": {
      "version": "4.0.5",
      "resolved": "https://registry.npmjs.org/@cspell/dict-html-symbol-entities/-/dict-html-symbol-entities-4.0.5.tgz",
      "integrity": "sha512-429alTD4cE0FIwpMucvSN35Ld87HCyuM8mF731KU5Rm4Je2SG6hmVx7nkBsLyrmH3sQukTcr1GaiZsiEg8svPA==",
      "license": "MIT"
    },
    "node_modules/@cspell/dict-java": {
      "version": "5.0.12",
      "resolved": "https://registry.npmjs.org/@cspell/dict-java/-/dict-java-5.0.12.tgz",
      "integrity": "sha512-qPSNhTcl7LGJ5Qp6VN71H8zqvRQK04S08T67knMq9hTA8U7G1sTKzLmBaDOFhq17vNX/+rT+rbRYp+B5Nwza1A==",
      "license": "MIT"
    },
    "node_modules/@cspell/dict-julia": {
      "version": "1.1.1",
      "resolved": "https://registry.npmjs.org/@cspell/dict-julia/-/dict-julia-1.1.1.tgz",
      "integrity": "sha512-WylJR9TQ2cgwd5BWEOfdO3zvDB+L7kYFm0I9u0s9jKHWQ6yKmfKeMjU9oXxTBxIufhCXm92SKwwVNAC7gjv+yA==",
      "license": "MIT"
    },
    "node_modules/@cspell/dict-k8s": {
      "version": "1.0.13",
      "resolved": "https://registry.npmjs.org/@cspell/dict-k8s/-/dict-k8s-1.0.13.tgz",
      "integrity": "sha512-ELGkS13k7K/NEfVimBSrxVTfqXvOF/Kvxj4I62YxRm8bvHbfoXgrGaOx28lPiNRz+dmu+yYtvuXbnURKtYbC6g==",
      "license": "MIT"
    },
    "node_modules/@cspell/dict-latex": {
      "version": "5.1.0",
      "resolved": "https://registry.npmjs.org/@cspell/dict-latex/-/dict-latex-5.1.0.tgz",
      "integrity": "sha512-qxT4guhysyBt0gzoliXYEBYinkAdEtR2M7goRaUH0a7ltCsoqqAeEV8aXYRIdZGcV77gYSobvu3jJL038tlPAw==",
      "license": "MIT"
    },
    "node_modules/@cspell/dict-lorem-ipsum": {
      "version": "4.0.5",
      "resolved": "https://registry.npmjs.org/@cspell/dict-lorem-ipsum/-/dict-lorem-ipsum-4.0.5.tgz",
      "integrity": "sha512-9a4TJYRcPWPBKkQAJ/whCu4uCAEgv/O2xAaZEI0n4y1/l18Yyx8pBKoIX5QuVXjjmKEkK7hi5SxyIsH7pFEK9Q==",
      "license": "MIT"
    },
    "node_modules/@cspell/dict-lua": {
      "version": "4.0.8",
      "resolved": "https://registry.npmjs.org/@cspell/dict-lua/-/dict-lua-4.0.8.tgz",
      "integrity": "sha512-N4PkgNDMu9JVsRu7JBS/3E/dvfItRgk9w5ga2dKq+JupP2Y3lojNaAVFhXISh4Y0a6qXDn2clA6nvnavQ/jjLA==",
      "license": "MIT"
    },
    "node_modules/@cspell/dict-makefile": {
      "version": "1.0.5",
      "resolved": "https://registry.npmjs.org/@cspell/dict-makefile/-/dict-makefile-1.0.5.tgz",
      "integrity": "sha512-4vrVt7bGiK8Rx98tfRbYo42Xo2IstJkAF4tLLDMNQLkQ86msDlYSKG1ZCk8Abg+EdNcFAjNhXIiNO+w4KflGAQ==",
      "license": "MIT"
    },
    "node_modules/@cspell/dict-markdown": {
      "version": "2.0.18",
      "resolved": "https://registry.npmjs.org/@cspell/dict-markdown/-/dict-markdown-2.0.18.tgz",
      "integrity": "sha512-KLRSwVrwKDz4n7bl2XQjzvaBZbGgx5QKkP5Ok1b24xaO3TpXsLhAbAn1mItvFlI2tF6Rkt83iYjQcYppywuf5Q==",
      "license": "MIT",
      "peerDependencies": {
        "@cspell/dict-css": "^4.1.2",
        "@cspell/dict-html": "^4.0.16",
        "@cspell/dict-html-symbol-entities": "^4.0.5",
        "@cspell/dict-typescript": "^3.2.3"
      }
    },
    "node_modules/@cspell/dict-monkeyc": {
      "version": "1.1.0",
      "resolved": "https://registry.npmjs.org/@cspell/dict-monkeyc/-/dict-monkeyc-1.1.0.tgz",
      "integrity": "sha512-mc/hgvSy/emOIYtc8kuVEaLUlnaERunfAubfJ5plUXq6s0A69bcukJzUzSt9C0UTCwS28641ILRPv80m3L9QbA==",
      "license": "MIT"
    },
    "node_modules/@cspell/dict-node": {
      "version": "5.0.9",
      "resolved": "https://registry.npmjs.org/@cspell/dict-node/-/dict-node-5.0.9.tgz",
      "integrity": "sha512-hO+ga+uYZ/WA4OtiMEyKt5rDUlUyu3nXMf8KVEeqq2msYvAPdldKBGH7lGONg6R/rPhv53Rb+0Y1SLdoK1+7wQ==",
      "license": "MIT"
    },
    "node_modules/@cspell/dict-npm": {
      "version": "5.2.47",
      "resolved": "https://registry.npmjs.org/@cspell/dict-npm/-/dict-npm-5.2.47.tgz",
      "integrity": "sha512-r5ePbkmRtpMwiv+MHd6be1xIRLuXoEwaSLIZLu3mY+qtPVo0LUj/kVl4YeIxHONiwyef75zqS3gnT+s5UF7diQ==",
      "license": "MIT"
    },
    "node_modules/@cspell/dict-php": {
      "version": "4.1.1",
      "resolved": "https://registry.npmjs.org/@cspell/dict-php/-/dict-php-4.1.1.tgz",
      "integrity": "sha512-EXelI+4AftmdIGtA8HL8kr4WlUE11OqCSVlnIgZekmTkEGSZdYnkFdiJ5IANSALtlQ1mghKjz+OFqVs6yowgWA==",
      "license": "MIT"
    },
    "node_modules/@cspell/dict-powershell": {
      "version": "5.0.15",
      "resolved": "https://registry.npmjs.org/@cspell/dict-powershell/-/dict-powershell-5.0.15.tgz",
      "integrity": "sha512-l4S5PAcvCFcVDMJShrYD0X6Huv9dcsQPlsVsBGbH38wvuN7gS7+GxZFAjTNxDmTY1wrNi1cCatSg6Pu2BW4rgg==",
      "license": "MIT"
    },
    "node_modules/@cspell/dict-public-licenses": {
      "version": "2.0.16",
      "resolved": "https://registry.npmjs.org/@cspell/dict-public-licenses/-/dict-public-licenses-2.0.16.tgz",
      "integrity": "sha512-EQRrPvEOmwhwWezV+W7LjXbIBjiy6y/shrET6Qcpnk3XANTzfvWflf9PnJ5kId/oKWvihFy0za0AV1JHd03pSQ==",
      "license": "MIT"
    },
    "node_modules/@cspell/dict-python": {
      "version": "4.4.1",
      "resolved": "https://registry.npmjs.org/@cspell/dict-python/-/dict-python-4.4.1.tgz",
      "integrity": "sha512-hyVRJ7RAN8j9fh6JLq4ihDeYNu2NiP6LrsYrjIy/0B2SW35zsFRMAZZJ9sz9ggs/plHMWAkOS85NjTyIi96VYw==",
      "license": "MIT",
      "dependencies": {
        "@cspell/dict-data-science": "^2.0.16"
      }
    },
    "node_modules/@cspell/dict-r": {
      "version": "2.1.1",
      "resolved": "https://registry.npmjs.org/@cspell/dict-r/-/dict-r-2.1.1.tgz",
      "integrity": "sha512-71Ka+yKfG4ZHEMEmDxc6+blFkeTTvgKbKAbwiwQAuKl3zpqs1Y0vUtwW2N4b3LgmSPhV3ODVY0y4m5ofqDuKMw==",
      "license": "MIT"
    },
    "node_modules/@cspell/dict-ruby": {
      "version": "5.1.2",
      "resolved": "https://registry.npmjs.org/@cspell/dict-ruby/-/dict-ruby-5.1.2.tgz",
      "integrity": "sha512-f6Slf11N91ittf71AWlfVVG9GZPezVRBfcMPCTNTWhUsY/VEspkBRZYDhPXjV4df3jqHy5YJs8nlsFcFVF/bMA==",
      "license": "MIT"
    },
    "node_modules/@cspell/dict-rust": {
      "version": "4.1.2",
      "resolved": "https://registry.npmjs.org/@cspell/dict-rust/-/dict-rust-4.1.2.tgz",
      "integrity": "sha512-O1FHrumYcO+HZti3dHfBPUdnDFkI+nbYK3pxYmiM1sr+G0ebOd6qchmswS0Wsc6ZdEVNiPYJY/gZQR6jfW3uOg==",
      "license": "MIT"
    },
    "node_modules/@cspell/dict-scala": {
      "version": "5.0.9",
      "resolved": "https://registry.npmjs.org/@cspell/dict-scala/-/dict-scala-5.0.9.tgz",
      "integrity": "sha512-AjVcVAELgllybr1zk93CJ5wSUNu/Zb5kIubymR/GAYkMyBdYFCZ3Zbwn4Zz8GJlFFAbazABGOu0JPVbeY59vGg==",
      "license": "MIT"
    },
    "node_modules/@cspell/dict-shell": {
      "version": "1.2.0",
      "resolved": "https://registry.npmjs.org/@cspell/dict-shell/-/dict-shell-1.2.0.tgz",
      "integrity": "sha512-PVctvT22lJ49niMiakO8xieY7ELCAzjSqhejWR7bAMb5AZ9F4WDEs+XdGMnoVHWeXq7K5rcepLPmEJb+37zzIw==",
      "license": "MIT"
    },
    "node_modules/@cspell/dict-software-terms": {
      "version": "5.4.1",
      "resolved": "https://registry.npmjs.org/@cspell/dict-software-terms/-/dict-software-terms-5.4.1.tgz",
      "integrity": "sha512-tY88gnOWj2ax6h+i7BjU7dIH1f3fvY4WypS0a+TpjBgXC318AdOMmy0zK1SzxGNOjhWJfCeCZNVoLFM/DuOG4g==",
      "license": "MIT"
    },
    "node_modules/@cspell/dict-sql": {
      "version": "2.2.1",
      "resolved": "https://registry.npmjs.org/@cspell/dict-sql/-/dict-sql-2.2.1.tgz",
      "integrity": "sha512-qDHF8MpAYCf4pWU8NKbnVGzkoxMNrFqBHyG/dgrlic5EQiKANCLELYtGlX5auIMDLmTf1inA0eNtv74tyRJ/vg==",
      "license": "MIT"
    },
    "node_modules/@cspell/dict-svelte": {
      "version": "1.0.7",
      "resolved": "https://registry.npmjs.org/@cspell/dict-svelte/-/dict-svelte-1.0.7.tgz",
      "integrity": "sha512-hGZsGqP0WdzKkdpeVLBivRuSNzOTvN036EBmpOwxH+FTY2DuUH7ecW+cSaMwOgmq5JFSdTcbTNFlNC8HN8lhaQ==",
      "license": "MIT"
    },
    "node_modules/@cspell/dict-swift": {
      "version": "2.0.6",
      "resolved": "https://registry.npmjs.org/@cspell/dict-swift/-/dict-swift-2.0.6.tgz",
      "integrity": "sha512-PnpNbrIbex2aqU1kMgwEKvCzgbkHtj3dlFLPMqW1vSniop7YxaDTtvTUO4zA++ugYAEL+UK8vYrBwDPTjjvSnA==",
      "license": "MIT"
    },
    "node_modules/@cspell/dict-terraform": {
      "version": "1.1.4",
      "resolved": "https://registry.npmjs.org/@cspell/dict-terraform/-/dict-terraform-1.1.4.tgz",
      "integrity": "sha512-Ere42ilvMFvQA4GlcN0OKlruMPR6EsvaB+iTHzj2xc+NJGRK64V7yApUcWrOrSgTiM/vhWXPIsK3OMfiAiNdmA==",
      "license": "MIT"
    },
    "node_modules/@cspell/dict-typescript": {
      "version": "3.2.3",
      "resolved": "https://registry.npmjs.org/@cspell/dict-typescript/-/dict-typescript-3.2.3.tgz",
      "integrity": "sha512-zXh1wYsNljQZfWWdSPYwQhpwiuW0KPW1dSd8idjMRvSD0aSvWWHoWlrMsmZeRl4qM4QCEAjua8+cjflm41cQBg==",
      "license": "MIT"
    },
    "node_modules/@cspell/dict-vue": {
      "version": "3.0.5",
      "resolved": "https://registry.npmjs.org/@cspell/dict-vue/-/dict-vue-3.0.5.tgz",
      "integrity": "sha512-Mqutb8jbM+kIcywuPQCCaK5qQHTdaByoEO2J9LKFy3sqAdiBogNkrplqUK0HyyRFgCfbJUgjz3N85iCMcWH0JA==",
      "license": "MIT"
    }
  }
}
