{
  "name": "code-spell-checker-swiss-german",
  "version": "1.2.2",
  "lockfileVersion": 3,
  "requires": true,
  "packages": {
    "": {
      "name": "code-spell-checker-swiss-german",
      "version": "1.2.2",
      "license": "GPL-3.0-or-later",
      "dependencies": {
        "@cspell/dict-de-ch": "^1.2.3"
      },
      "engines": {
        "vscode": "^1.67.0"
      }
    },
    "node_modules/@cspell/dict-de-ch": {
      "version": "1.2.3",
      "resolved": "https://registry.npmjs.org/@cspell/dict-de-ch/-/dict-de-ch-1.2.3.tgz",
      "integrity": "sha512-RdKolJqk8rLWhFh6j+3sPJlE44Go0zYVLJG5syYZw6AGuLcxwQIh+07oVoQle2GlkX5cIH/seoKdieyS2Zp/oA==",
      "license": "GPL-3.0-or-later"
    }
  }
}
