{
  "name": "code-spell-checker-swiss-german",
  "version": "1.0.0",
  "lockfileVersion": 3,
  "requires": true,
  "packages": {
    "": {
      "name": "code-spell-checker-swiss-german",
      "version": "1.0.0",
      "license": "GPL-3.0-or-later",
      "dependencies": {
        "@cspell/dict-de-ch": "^1.0.3"
      },
      "engines": {
        "vscode": "^1.67.0"
      }
    },
    "node_modules/@cspell/dict-de-ch": {
      "version": "1.0.3",
      "resolved": "https://registry.npmjs.org/@cspell/dict-de-ch/-/dict-de-ch-1.0.3.tgz",
      "integrity": "sha512-DaZ3VB//A5GMG55XXr6uxT6coT5l5q+6kwXneEfbanIhs2p0FgDP6GY2Pg453pIHolVZj3JX3WIL5pytCfPedQ=="
    }
  }
}
