{
  "name": "code-spell-checker-mongolian",
  "version": "1.0.6",
  "lockfileVersion": 3,
  "requires": true,
  "packages": {
    "": {
      "name": "code-spell-checker-mongolian",
      "version": "1.0.6",
      "license": "GPL-3.0-or-later",
      "dependencies": {
        "@cspell/dict-mn-mn": "^1.3.0"
      },
      "engines": {
        "vscode": "^1.102.3"
      }
    },
    "node_modules/@cspell/dict-mn-mn": {
      "version": "1.3.0",
      "resolved": "https://registry.npmjs.org/@cspell/dict-mn-mn/-/dict-mn-mn-1.3.0.tgz",
      "integrity": "sha512-6Z0kPSQ+b9x6wz8DdUyZeYwRb41WJtkvj+awdj1CSEwDrup/n5aj7LCg98rAv1UCwH+eLjCYzDFBBBX1F83CVw==",
      "license": "MIT"
    }
  }
}
