{
  "name": "code-spell-checker-mongolian",
  "version": "1.0.2",
  "lockfileVersion": 3,
  "requires": true,
  "packages": {
    "": {
      "name": "code-spell-checker-mongolian",
      "version": "1.0.2",
      "license": "GPL-3.0-or-later",
      "dependencies": {
        "@cspell/dict-mn-mn": "^1.1.1"
      },
      "engines": {
        "vscode": "^1.67.0"
      }
    },
    "node_modules/@cspell/dict-mn-mn": {
      "version": "1.1.1",
      "resolved": "https://registry.npmjs.org/@cspell/dict-mn-mn/-/dict-mn-mn-1.1.1.tgz",
      "integrity": "sha512-SMB0KNxcRA0OaPM/m5KeZmeguiVeVPr3dRhiDcs9ajV7GxtI8fNr4tVG5ZUopJCTm2g10a5KttIz1LSs2rPISA==",
      "license": "MIT"
    }
  }
}
