{
  "name": "code-spell-checker-mongolian",
  "version": "1.0.6",
  "lockfileVersion": 3,
  "requires": true,
  "packages": {
    "": {
      "name": "code-spell-checker-mongolian",
      "version": "1.0.6",
      "license": "GPL-3.0-or-later",
      "dependencies": {
        "@cspell/dict-mn-mn": "^1.2.4"
      },
      "engines": {
        "vscode": "^1.102.3"
      }
    },
    "node_modules/@cspell/dict-mn-mn": {
      "version": "1.2.4",
      "resolved": "https://registry.npmjs.org/@cspell/dict-mn-mn/-/dict-mn-mn-1.2.4.tgz",
      "integrity": "sha512-pYZ3ckntCXleyQXr2W8csqO6HgMwcC7g1bAZMKQs5JCzgh68JFQLVm49B6E7TKDp1A5Yh0TpKKDvJb9j49Y9wA==",
      "license": "MIT"
    }
  }
}
