{
  "name": "code-spell-checker-esperanto",
  "version": "1.1.3",
  "lockfileVersion": 3,
  "requires": true,
  "packages": {
    "": {
      "name": "code-spell-checker-esperanto",
      "version": "1.1.3",
      "license": "GPL-2.0-or-later",
      "dependencies": {
        "@cspell/dict-eo": "^3.0.6"
      },
      "engines": {
        "vscode": "^1.67.0"
      }
    },
    "node_modules/@cspell/dict-eo": {
      "version": "3.0.6",
      "resolved": "https://registry.npmjs.org/@cspell/dict-eo/-/dict-eo-3.0.6.tgz",
      "integrity": "sha512-jM/hXQPc4BWmqXnOA+efdhk8dNU263nQoLYL+roEmyknAdO80MNcoY9SSRHIhps2nOr6ajQJn2flwQ/BaTDz5Q==",
      "license": "GPL-3.0+"
    }
  }
}
