{
  "name": "code-spell-checker-esperanto",
  "version": "1.1.4",
  "lockfileVersion": 3,
  "requires": true,
  "packages": {
    "": {
      "name": "code-spell-checker-esperanto",
      "version": "1.1.4",
      "license": "GPL-2.0-or-later",
      "dependencies": {
        "@cspell/dict-eo": "^3.0.7"
      },
      "engines": {
        "vscode": "^1.102.3"
      }
    },
    "node_modules/@cspell/dict-eo": {
      "version": "3.0.7",
      "resolved": "https://registry.npmjs.org/@cspell/dict-eo/-/dict-eo-3.0.7.tgz",
      "integrity": "sha512-4RsQjqdBuN5Lt0kJE0JTGFvn1JVD3dDQc9BwaNBlWR+5Y8b3MialJe0fOkOP1ZbEclNzLFIX1Q0zSBnHt3uicg==",
      "license": "GPL-3.0+"
    }
  }
}
