{
  "name": "code-spell-checker-esperanto",
  "version": "1.0.3",
  "lockfileVersion": 3,
  "requires": true,
  "packages": {
    "": {
      "name": "code-spell-checker-esperanto",
      "version": "1.0.3",
      "license": "GPL-2.0-or-later",
      "dependencies": {
        "@cspell/dict-eo": "^2.0.0"
      },
      "engines": {
        "vscode": "^1.67.0"
      }
    },
    "node_modules/@cspell/dict-eo": {
      "version": "2.0.0",
      "resolved": "https://registry.npmjs.org/@cspell/dict-eo/-/dict-eo-2.0.0.tgz",
      "integrity": "sha512-qu6OHLsi80XNJ2jt6HOPBEoCeStN9pwiNzy/PxIqIsZdBQvLo+YeC1WlY/dy0ZlC6d/A0UUDCMh3aBRe1ORAPw=="
    }
  }
}
