{
  "name": "code-spell-checker-indonesian",
  "version": "1.0.3",
  "lockfileVersion": 3,
  "requires": true,
  "packages": {
    "": {
      "name": "code-spell-checker-indonesian",
      "version": "1.0.3",
      "license": "GPL-3.0-or-later",
      "dependencies": {
        "@cspell/dict-id-id": "^1.0.6"
      },
      "engines": {
        "vscode": "^1.67.0"
      }
    },
    "node_modules/@cspell/dict-id-id": {
      "version": "1.0.6",
      "resolved": "https://registry.npmjs.org/@cspell/dict-id-id/-/dict-id-id-1.0.6.tgz",
      "integrity": "sha512-cc1RsyZO1KrV0PJHvTC/Ct1+Nz3ZBRynuYF3yuRf+LuvEFviRGcdJiUHrPQN6cHZVfNH2BEB+V97G9rtlexE9w==",
      "license": "MIT"
    }
  }
}
