{
  "name": "code-spell-checker-indonesian",
  "version": "1.0.4",
  "lockfileVersion": 3,
  "requires": true,
  "packages": {
    "": {
      "name": "code-spell-checker-indonesian",
      "version": "1.0.4",
      "license": "GPL-3.0-or-later",
      "dependencies": {
        "@cspell/dict-id-id": "^1.0.8"
      },
      "engines": {
        "vscode": "^1.102.3"
      }
    },
    "node_modules/@cspell/dict-id-id": {
      "version": "1.0.8",
      "resolved": "https://registry.npmjs.org/@cspell/dict-id-id/-/dict-id-id-1.0.8.tgz",
      "integrity": "sha512-iE4UE7ZJ1wCixSR9JhKbyCHkzXpFtOJPLJpFlazcTnLjv0ECnqf3dyztzHmWR8Qzy0y8XZUvZxbaqDSIelOi7Q==",
      "license": "LGPL-3.0-only"
    }
  }
}
