{
  "name": "code-spell-checker-indonesian",
  "version": "1.0.1",
  "lockfileVersion": 3,
  "requires": true,
  "packages": {
    "": {
      "name": "code-spell-checker-indonesian",
      "version": "1.0.1",
      "license": "GPL-3.0-or-later",
      "dependencies": {
        "@cspell/dict-id-id": "^1.0.4"
      },
      "engines": {
        "vscode": "^1.67.0"
      }
    },
    "node_modules/@cspell/dict-id-id": {
      "version": "1.0.4",
      "resolved": "https://registry.npmjs.org/@cspell/dict-id-id/-/dict-id-id-1.0.4.tgz",
      "integrity": "sha512-BZMGAjCpa1JX0Y5jJ3J7q4hitvzkgVDnyR/QPUyqszrH6N9guS3bHJhi0voK8qpYdrVo2M5M0ZoLHMN2QwTKzw==",
      "license": "MIT"
    }
  }
}
