{
  "name": "code-spell-checker-hebrew",
  "version": "2.0.0",
  "lockfileVersion": 3,
  "requires": true,
  "packages": {
    "": {
      "name": "code-spell-checker-hebrew",
      "version": "2.0.0",
      "license": "GPL-3.0-or-later",
      "dependencies": {
        "@cspell/dict-he": "^3.0.0"
      },
      "engines": {
        "vscode": "^1.67.0"
      }
    },
    "node_modules/@cspell/dict-he": {
      "version": "3.0.0",
      "resolved": "https://registry.npmjs.org/@cspell/dict-he/-/dict-he-3.0.0.tgz",
      "integrity": "sha512-5Vd/aZ+S2OFR8BO2x211gZvxJ7GtLE2vcCi4yh+H6pJSFLlqvVJ92OGPKtlh1lrNqLabKFa/nSVvh1cucNo8qQ=="
    }
  }
}
