{
  "name": "code-spell-checker-hebrew",
  "version": "2.0.3",
  "lockfileVersion": 3,
  "requires": true,
  "packages": {
    "": {
      "name": "code-spell-checker-hebrew",
      "version": "2.0.3",
      "license": "GPL-3.0-or-later",
      "dependencies": {
        "@cspell/dict-he": "^4.0.4"
      },
      "engines": {
        "vscode": "^1.67.0"
      }
    },
    "node_modules/@cspell/dict-he": {
      "version": "4.0.4",
      "resolved": "https://registry.npmjs.org/@cspell/dict-he/-/dict-he-4.0.4.tgz",
      "integrity": "sha512-bOskK04aXIUdSgpyuWJJgg6hrHxLm3ouuzFudp/MOJTsLdjJBYyEJ74whhTR+VqBxfBG+q4Vm67S6eEMMy27nQ==",
      "license": "AGPLv3"
    }
  }
}
