{
  "name": "code-spell-checker-hebrew",
  "version": "2.0.4",
  "lockfileVersion": 3,
  "requires": true,
  "packages": {
    "": {
      "name": "code-spell-checker-hebrew",
      "version": "2.0.4",
      "license": "GPL-3.0-or-later",
      "dependencies": {
        "@cspell/dict-he": "^4.0.5"
      },
      "engines": {
        "vscode": "^1.102.3"
      }
    },
    "node_modules/@cspell/dict-he": {
      "version": "4.0.5",
      "resolved": "https://registry.npmjs.org/@cspell/dict-he/-/dict-he-4.0.5.tgz",
      "integrity": "sha512-kio364XZ+f/tNGBxT1Puc1VpO9o5u6J+07GVhFE+Z/smod6de5scXTLL11dVbo/ah2i9w6Qcc3J+g2P0H+Ft6Q==",
      "license": "AGPLv3"
    }
  }
}
