{
  "name": "code-spell-checker-medical-terms",
  "version": "3.0.0",
  "lockfileVersion": 3,
  "requires": true,
  "packages": {
    "": {
      "name": "code-spell-checker-medical-terms",
      "version": "3.0.0",
      "license": "GPL-3.0-or-later",
      "dependencies": {
        "@cspell/dict-medicalterms": "^4.1.0"
      },
      "engines": {
        "vscode": "^1.67.0"
      }
    },
    "node_modules/@cspell/dict-medicalterms": {
      "version": "4.1.0",
      "resolved": "https://registry.npmjs.org/@cspell/dict-medicalterms/-/dict-medicalterms-4.1.0.tgz",
      "integrity": "sha512-95CYrfifxqeI70iK8zkZaIpalxpl4GEAT5t0UqDjN0IQZpsnGoiSvHqKp96UdWxmYaZI45IzXHLAffxCfj98XA=="
    }
  }
}
