{
  "name": "code-spell-checker-medical-terms",
  "version": "3.0.5",
  "lockfileVersion": 3,
  "requires": true,
  "packages": {
    "": {
      "name": "code-spell-checker-medical-terms",
      "version": "3.0.5",
      "license": "GPL-3.0-or-later",
      "dependencies": {
        "@cspell/dict-medicalterms": "^4.1.8"
      },
      "engines": {
        "vscode": "^1.102.3"
      }
    },
    "node_modules/@cspell/dict-medicalterms": {
      "version": "4.1.8",
      "resolved": "https://registry.npmjs.org/@cspell/dict-medicalterms/-/dict-medicalterms-4.1.8.tgz",
      "integrity": "sha512-MRA/6/KXoAena85lXrv++d0FRZ/j7uqqVQOvjiXfOoLRsChBrJrRAFvx9IRFoXM4uja67sg5QAqzFzzlg3B9gg==",
      "license": "GPL-3.0-or-later"
    }
  }
}
