{
  "name": "code-spell-checker-medical-terms",
  "version": "3.0.4",
  "lockfileVersion": 3,
  "requires": true,
  "packages": {
    "": {
      "name": "code-spell-checker-medical-terms",
      "version": "3.0.4",
      "license": "GPL-3.0-or-later",
      "dependencies": {
        "@cspell/dict-medicalterms": "^4.1.7"
      },
      "engines": {
        "vscode": "^1.102.3"
      }
    },
    "node_modules/@cspell/dict-medicalterms": {
      "version": "4.1.7",
      "resolved": "https://registry.npmjs.org/@cspell/dict-medicalterms/-/dict-medicalterms-4.1.7.tgz",
      "integrity": "sha512-h9gdD3MRzeLnUZoAbawG5CRfUPf1UKyI4FiD7LqY4uiqbI0v4mTc+6KQPZo/bVPwqPBcPIP/lTJJOsklNMrFug==",
      "license": "GPL-3.0-or-later"
    }
  }
}
