{
  "name": "code-spell-checker-basque",
  "version": "1.0.6",
  "lockfileVersion": 3,
  "requires": true,
  "packages": {
    "": {
      "name": "code-spell-checker-basque",
      "version": "1.0.6",
      "license": "GPL-3.0-or-later",
      "dependencies": {
        "@cspell/dict-eu": "^1.0.6"
      },
      "engines": {
        "vscode": "^1.67.0"
      }
    },
    "node_modules/@cspell/dict-eu": {
      "version": "1.0.6",
      "resolved": "https://registry.npmjs.org/@cspell/dict-eu/-/dict-eu-1.0.6.tgz",
      "integrity": "sha512-pTaf9wYFrVn1gRQ57J/kLzLOaBlaUbxoEnu8h1O6E2dpmBIlle3jQ5kQSP7e67LZ02Tfu48MCoZp7685w1jwSA==",
      "license": "MIT"
    }
  }
}
