{
  "name": "code-spell-checker-basque",
  "version": "1.0.1",
  "lockfileVersion": 2,
  "requires": true,
  "packages": {
    "": {
      "name": "code-spell-checker-basque",
      "version": "1.0.1",
      "license": "GPL-3.0-or-later",
      "dependencies": {
        "@cspell/dict-eu": "^1.0.0"
      },
      "engines": {
        "vscode": "^1.67.0"
      }
    },
    "node_modules/@cspell/dict-eu": {
      "version": "1.0.0",
      "resolved": "https://registry.npmjs.org/@cspell/dict-eu/-/dict-eu-1.0.0.tgz",
      "integrity": "sha512-UZm5CnGSbMfAINFP/yn6azaveGmvawZxbfT9cw15ho7y6zUNcc5Hr4c21vJNYW6ojRiYoaLhCkm1X8HIvI7fQQ=="
    }
  },
  "dependencies": {
    "@cspell/dict-eu": {
      "version": "1.0.0",
      "resolved": "https://registry.npmjs.org/@cspell/dict-eu/-/dict-eu-1.0.0.tgz",
      "integrity": "sha512-UZm5CnGSbMfAINFP/yn6azaveGmvawZxbfT9cw15ho7y6zUNcc5Hr4c21vJNYW6ojRiYoaLhCkm1X8HIvI7fQQ=="
    }
  }
}
