{
  "name": "code-spell-checker-basque",
  "version": "1.0.4",
  "lockfileVersion": 3,
  "requires": true,
  "packages": {
    "": {
      "name": "code-spell-checker-basque",
      "version": "1.0.4",
      "license": "GPL-3.0-or-later",
      "dependencies": {
        "@cspell/dict-eu": "^1.0.3"
      },
      "engines": {
        "vscode": "^1.67.0"
      }
    },
    "node_modules/@cspell/dict-eu": {
      "version": "1.0.3",
      "resolved": "https://registry.npmjs.org/@cspell/dict-eu/-/dict-eu-1.0.3.tgz",
      "integrity": "sha512-ewOs0eEQ3QHu2If5sUPa3zojlWc+HLgUX4u8Fc+DQAhqLzzu+OkMMlFqRJOoJqXAkI9Fx6u2BHxvCGlu1MPvzg==",
      "license": "MIT"
    }
  }
}
