{
  "name": "code-spell-checker-arabic",
  "version": "0.1.3",
  "lockfileVersion": 2,
  "requires": true,
  "packages": {
    "": {
      "name": "code-spell-checker-arabic",
      "version": "0.1.3",
      "license": "GPL-3.0-or-later",
      "dependencies": {
        "@cspell/dict-ar": "^1.0.2"
      },
      "engines": {
        "vscode": "^1.67.0"
      }
    },
    "node_modules/@cspell/dict-ar": {
      "version": "1.0.2",
      "resolved": "https://registry.npmjs.org/@cspell/dict-ar/-/dict-ar-1.0.2.tgz",
      "integrity": "sha512-YV62yAtsabC0m8THaQr7qvnP126lXCg8sKnT5vfBAkkzTGpY2lt9N8syIfJYdQPRLHF8+sIHH8Rg65tESdmdDg=="
    }
  },
  "dependencies": {
    "@cspell/dict-ar": {
      "version": "1.0.2",
      "resolved": "https://registry.npmjs.org/@cspell/dict-ar/-/dict-ar-1.0.2.tgz",
      "integrity": "sha512-YV62yAtsabC0m8THaQr7qvnP126lXCg8sKnT5vfBAkkzTGpY2lt9N8syIfJYdQPRLHF8+sIHH8Rg65tESdmdDg=="
    }
  }
}
