{
  "name": "code-spell-checker-arabic",
  "version": "0.2.2",
  "lockfileVersion": 3,
  "requires": true,
  "packages": {
    "": {
      "name": "code-spell-checker-arabic",
      "version": "0.2.2",
      "license": "GPL-3.0-or-later",
      "dependencies": {
        "@cspell/dict-ar": "^1.1.4"
      },
      "engines": {
        "vscode": "^1.67.0"
      }
    },
    "node_modules/@cspell/dict-ar": {
      "version": "1.1.4",
      "resolved": "https://registry.npmjs.org/@cspell/dict-ar/-/dict-ar-1.1.4.tgz",
      "integrity": "sha512-O3PN6kbi57o8MDsVuRSAN0b+IoVOkdMRyUEnhs91FP1FDE8sIsZ+tL8ntZgoxnXZjXo9zYvvdsngrwe4zILn1g==",
      "license": "LGPL-3.0"
    }
  }
}
