{
  "name": "code-spell-checker-arabic",
  "version": "0.2.4",
  "lockfileVersion": 3,
  "requires": true,
  "packages": {
    "": {
      "name": "code-spell-checker-arabic",
      "version": "0.2.4",
      "license": "GPL-3.0-or-later",
      "dependencies": {
        "@cspell/dict-ar": "^1.1.6"
      },
      "engines": {
        "vscode": "^1.102.3"
      }
    },
    "node_modules/@cspell/dict-ar": {
      "version": "1.1.6",
      "resolved": "https://registry.npmjs.org/@cspell/dict-ar/-/dict-ar-1.1.6.tgz",
      "integrity": "sha512-glrr8q+bg5VRT3+BRZa7NRbz0hJ2NWvnACcT4VT0zjgBO9b5KdjWZ5pN1X5Ewtr1ZbpU0/yGivJVJSTuPcc84Q==",
      "license": "LGPL-3.0"
    }
  }
}
