# THIS IS AN AUTOGENERATED FILE. DO NOT EDIT THIS FILE DIRECTLY.
# yarn lockfile v1


"@cspell/dict-ar@^1.0.0":
  "integrity" "sha512-+hla4KGH2r2rsaKhrXpI6f/5EHYKgQCwYBO3eEXd3lX6YtxnuD4kRNjuyQbPm9+HtJgSCEVUpcLDWlKA/9VjJw=="
  "resolved" "https://registry.npmjs.org/@cspell/dict-ar/-/dict-ar-1.0.0.tgz"
  "version" "1.0.0"
