{
  "name": "code-spell-checker-bulgarian",
  "version": "0.1.13",
  "lockfileVersion": 3,
  "requires": true,
  "packages": {
    "": {
      "name": "code-spell-checker-bulgarian",
      "version": "0.1.13",
      "license": "GPL-3.0-or-later",
      "dependencies": {
        "@cspell/dict-bg-bg": "^3.0.7"
      },
      "engines": {
        "vscode": "^1.67.0"
      }
    },
    "node_modules/@cspell/dict-bg-bg": {
      "version": "3.0.7",
      "resolved": "https://registry.npmjs.org/@cspell/dict-bg-bg/-/dict-bg-bg-3.0.7.tgz",
      "integrity": "sha512-4W2Lg4kzH8BGnMS+4ERQ3VwaRtv/8lcxkhsa67BCJH0UKgs2PBKdhg4TV9ppC3r2WyHWgftcW7hhZ5LkvFnD3w==",
      "license": "MIT"
    }
  }
}
