{
  "name": "code-spell-checker-bulgarian",
  "version": "0.1.14",
  "lockfileVersion": 3,
  "requires": true,
  "packages": {
    "": {
      "name": "code-spell-checker-bulgarian",
      "version": "0.1.14",
      "license": "GPL-3.0-or-later",
      "dependencies": {
        "@cspell/dict-bg-bg": "^3.0.8"
      },
      "engines": {
        "vscode": "^1.102.3"
      }
    },
    "node_modules/@cspell/dict-bg-bg": {
      "version": "3.0.8",
      "resolved": "https://registry.npmjs.org/@cspell/dict-bg-bg/-/dict-bg-bg-3.0.8.tgz",
      "integrity": "sha512-aC85dD3z4BwIqC0OvfL8lSHpUK2y+oSjNGb44OLtNr6shJQQA2R4OoWdKv8+/QXSdIl2gDyAsicouBzBbk2GLA==",
      "license": "MIT"
    }
  }
}
