{
  "name": "code-spell-checker-danish",
  "version": "2.2.3",
  "lockfileVersion": 3,
  "requires": true,
  "packages": {
    "": {
      "name": "code-spell-checker-danish",
      "version": "2.2.3",
      "license": "MIT",
      "dependencies": {
        "@cspell/dict-da-dk": "^4.1.0"
      },
      "engines": {
        "vscode": "^1.67.0"
      }
    },
    "node_modules/@cspell/dict-da-dk": {
      "version": "4.1.0",
      "resolved": "https://registry.npmjs.org/@cspell/dict-da-dk/-/dict-da-dk-4.1.0.tgz",
      "integrity": "sha512-gw5cJ3KAHo5AKlx+HCw+hiaAB2eXUx11ynCNJZT0zuV2IMU1Fm7PXP9FfoZzUHJrYiTjcnglv/sQDliWM24ZZQ==",
      "license": "LGPL-3.0"
    }
  }
}
