{
  "name": "code-spell-checker-danish",
  "version": "2.2.4",
  "lockfileVersion": 3,
  "requires": true,
  "packages": {
    "": {
      "name": "code-spell-checker-danish",
      "version": "2.2.4",
      "license": "MIT",
      "dependencies": {
        "@cspell/dict-da-dk": "^4.1.1"
      },
      "engines": {
        "vscode": "^1.67.0"
      }
    },
    "node_modules/@cspell/dict-da-dk": {
      "version": "4.1.1",
      "resolved": "https://registry.npmjs.org/@cspell/dict-da-dk/-/dict-da-dk-4.1.1.tgz",
      "integrity": "sha512-9a6HORZtkg3d+xPmVlyMcsjQ0iDpah4x9Y7X8Tf4INzBanp2sXubtOiDIM2AdvvNr1/3+23q9T3VE8WPBfZcOw==",
      "license": "LGPL-3.0"
    }
  }
}
