{
  "name": "code-spell-checker-danish",
  "version": "2.0.0",
  "lockfileVersion": 3,
  "requires": true,
  "packages": {
    "": {
      "name": "code-spell-checker-danish",
      "version": "2.0.0",
      "license": "MIT",
      "dependencies": {
        "@cspell/dict-da-dk": "^3.0.0"
      },
      "engines": {
        "vscode": "^1.67.0"
      }
    },
    "node_modules/@cspell/dict-da-dk": {
      "version": "3.0.0",
      "resolved": "https://registry.npmjs.org/@cspell/dict-da-dk/-/dict-da-dk-3.0.0.tgz",
      "integrity": "sha512-TNUkgV9hV0bVpwVsJ0JYIefQO95e+y9MrFIZnT+mWjxJtcGhpMeGPEHvZO1A4PVy0Qn37TWym51GVIU64ohzpg=="
    }
  }
}
