{
  "name": "code-spell-checker-slovenian",
  "version": "0.1.1",
  "lockfileVersion": 2,
  "requires": true,
  "packages": {
    "": {
      "name": "code-spell-checker-slovenian",
      "version": "0.1.1",
      "license": "GPL-3.0-or-later",
      "dependencies": {
        "@cspell/dict-sl-si": "^1.0.1"
      },
      "engines": {
        "vscode": "^1.54.0"
      }
    },
    "node_modules/@cspell/dict-sl-si": {
      "version": "1.0.1",
      "resolved": "https://registry.npmjs.org/@cspell/dict-sl-si/-/dict-sl-si-1.0.1.tgz",
      "integrity": "sha512-DFBOWic9s0NHIPm5/fWCsq5rDNGjCfradeuhkU2SAOo0hCeXDUHlAccGw2v8hcxooLrTDQEgELTrlp3ni/WYtw=="
    }
  },
  "dependencies": {
    "@cspell/dict-sl-si": {
      "version": "1.0.1",
      "resolved": "https://registry.npmjs.org/@cspell/dict-sl-si/-/dict-sl-si-1.0.1.tgz",
      "integrity": "sha512-DFBOWic9s0NHIPm5/fWCsq5rDNGjCfradeuhkU2SAOo0hCeXDUHlAccGw2v8hcxooLrTDQEgELTrlp3ni/WYtw=="
    }
  }
}
