{
  "name": "code-spell-checker-slovenian",
  "version": "0.2.4",
  "lockfileVersion": 3,
  "requires": true,
  "packages": {
    "": {
      "name": "code-spell-checker-slovenian",
      "version": "0.2.4",
      "license": "GPL-3.0-or-later",
      "dependencies": {
        "@cspell/dict-sl-si": "^1.0.11"
      },
      "engines": {
        "vscode": "^1.67.0"
      }
    },
    "node_modules/@cspell/dict-sl-si": {
      "version": "1.0.11",
      "resolved": "https://registry.npmjs.org/@cspell/dict-sl-si/-/dict-sl-si-1.0.11.tgz",
      "integrity": "sha512-7K4sCTniF/sbgxqSbkV7mQzn6tnSP6dkgeRVkUWkKd+WQccHP/5I+QOEkRGVB+9NT+06wZNIa/t/iGyg20l3NQ==",
      "license": "LGPL-3.0-or-later"
    }
  }
}
