{
  "name": "code-spell-checker-slovenian",
  "version": "0.2.4",
  "lockfileVersion": 3,
  "requires": true,
  "packages": {
    "": {
      "name": "code-spell-checker-slovenian",
      "version": "0.2.4",
      "license": "GPL-3.0-or-later",
      "dependencies": {
        "@cspell/dict-sl-si": "^1.0.10"
      },
      "engines": {
        "vscode": "^1.67.0"
      }
    },
    "node_modules/@cspell/dict-sl-si": {
      "version": "1.0.10",
      "resolved": "https://registry.npmjs.org/@cspell/dict-sl-si/-/dict-sl-si-1.0.10.tgz",
      "integrity": "sha512-rDXA66TWTdoXvQORbe05cAIUYL+rzZ0lhp0xT8+Lo3pGmzeJ7+5//zeaG51uCMNBFb5BpklkfT7wDd+Ee54mvQ==",
      "license": "LGPL-3.0-or-later"
    }
  }
}
