{
  "name": "code-spell-checker-croatian",
  "version": "0.1.4",
  "lockfileVersion": 2,
  "requires": true,
  "packages": {
    "": {
      "name": "code-spell-checker-croatian",
      "version": "0.1.3",
      "license": "GPL-3.0-or-later",
      "dependencies": {
        "@cspell/dict-hr-hr": "^2.0.0"
      },
      "engines": {
        "vscode": "^1.54.0"
      }
    },
    "node_modules/@cspell/dict-hr-hr": {
      "version": "2.0.0",
      "resolved": "https://registry.npmjs.org/@cspell/dict-hr-hr/-/dict-hr-hr-2.0.0.tgz",
      "integrity": "sha512-MnrSV1FCOplbpIqf2JEN4P1grveoKbpzA/U59+3rbBtiUgM2xG0Eaj0lAo6HFkjET9Ini66i4DuSOX54QBSrJw=="
    }
  },
  "dependencies": {
    "@cspell/dict-hr-hr": {
      "version": "2.0.0",
      "resolved": "https://registry.npmjs.org/@cspell/dict-hr-hr/-/dict-hr-hr-2.0.0.tgz",
      "integrity": "sha512-MnrSV1FCOplbpIqf2JEN4P1grveoKbpzA/U59+3rbBtiUgM2xG0Eaj0lAo6HFkjET9Ini66i4DuSOX54QBSrJw=="
    }
  }
}
