{
  "name": "code-spell-checker-croatian",
  "version": "1.0.4",
  "lockfileVersion": 3,
  "requires": true,
  "packages": {
    "": {
      "name": "code-spell-checker-croatian",
      "version": "1.0.4",
      "license": "GPL-3.0-or-later",
      "dependencies": {
        "@cspell/dict-hr-hr": "^3.1.1"
      },
      "engines": {
        "vscode": "^1.67.0"
      }
    },
    "node_modules/@cspell/dict-hr-hr": {
      "version": "3.1.1",
      "resolved": "https://registry.npmjs.org/@cspell/dict-hr-hr/-/dict-hr-hr-3.1.1.tgz",
      "integrity": "sha512-I/0xsmZurGHqinUlUe2UmFk7j/+m1jmQJE/wWapwviiyGxpVMTTuZsFR4A9EbuO+u0mxxqJJC+z+bJ1pyTJRyg==",
      "license": "LGPL-3.0"
    }
  }
}
