{
  "name": "code-spell-checker-croatian",
  "version": "1.0.5",
  "lockfileVersion": 3,
  "requires": true,
  "packages": {
    "": {
      "name": "code-spell-checker-croatian",
      "version": "1.0.5",
      "license": "GPL-3.0-or-later",
      "dependencies": {
        "@cspell/dict-hr-hr": "^3.1.2"
      },
      "engines": {
        "vscode": "^1.102.3"
      }
    },
    "node_modules/@cspell/dict-hr-hr": {
      "version": "3.1.2",
      "resolved": "https://registry.npmjs.org/@cspell/dict-hr-hr/-/dict-hr-hr-3.1.2.tgz",
      "integrity": "sha512-P6vIYN0DI3OoLZ/4sFgZj3Qjfn8V93LhKP6V4SVhFzARNWh2MfkFNuDcTza6+5Qcwl/Gv7moRbPUmvX+GwWVGw==",
      "license": "LGPL-3.0"
    }
  }
}
