{
  "name": "code-spell-checker-spanish",
  "version": "2.3.8",
  "lockfileVersion": 3,
  "requires": true,
  "packages": {
    "": {
      "name": "code-spell-checker-spanish",
      "version": "2.3.8",
      "dependencies": {
        "@cspell/dict-es-es": "^3.0.8"
      },
      "engines": {
        "vscode": "^1.67.0"
      }
    },
    "node_modules/@cspell/dict-es-es": {
      "version": "3.0.8",
      "resolved": "https://registry.npmjs.org/@cspell/dict-es-es/-/dict-es-es-3.0.8.tgz",
      "integrity": "sha512-tj4zYKYWtAFc+JWtJo0DxLAve7I0UJM5+6we3hvLyzQlhGCBF41cTihPa/cbLHUkTD6PkrVGf1hgOKuSR9hkMQ==",
      "license": "LGPL-3.0"
    }
  }
}
