{
    "name": "code-spell-checker-spanish",
    "version": "2.0.2",
    "lockfileVersion": 1,
    "requires": true,
    "dependencies": {
        "@cspell/dict-es-es": {
            "version": "2.0.2",
            "resolved": "https://registry.npmjs.org/@cspell/dict-es-es/-/dict-es-es-2.0.2.tgz",
            "integrity": "sha512-wxxtzAFRNfG+G8SClmsPBqxBGfBWvY/qcW0peD0fSsgrfUq9L5k1NckWPkF0YKItLcpHIqnDK8v9JJScxrH7lw=="
        }
    }
}
