{
  "name": "code-spell-checker-spanish",
  "version": "2.1.4",
  "lockfileVersion": 2,
  "requires": true,
  "packages": {
    "": {
      "name": "code-spell-checker-spanish",
      "version": "2.1.4",
      "dependencies": {
        "@cspell/dict-es-es": "^2.2.2"
      },
      "engines": {
        "vscode": "^1.67.0"
      }
    },
    "node_modules/@cspell/dict-es-es": {
      "version": "2.2.2",
      "resolved": "https://registry.npmjs.org/@cspell/dict-es-es/-/dict-es-es-2.2.2.tgz",
      "integrity": "sha512-ZfU7iYItmbGkagHyLV50mVoFPW3PmuJe3O1bV09WbfRF/5hQlNQKdey/4/7kJsGWnGgh0daJ99kDk2HhqmhZhQ=="
    }
  },
  "dependencies": {
    "@cspell/dict-es-es": {
      "version": "2.2.2",
      "resolved": "https://registry.npmjs.org/@cspell/dict-es-es/-/dict-es-es-2.2.2.tgz",
      "integrity": "sha512-ZfU7iYItmbGkagHyLV50mVoFPW3PmuJe3O1bV09WbfRF/5hQlNQKdey/4/7kJsGWnGgh0daJ99kDk2HhqmhZhQ=="
    }
  }
}
