{
  "name": "code-spell-checker-french",
  "version": "0.1.0",
  "lockfileVersion": 2,
  "requires": true,
  "packages": {
    "": {
      "name": "code-spell-checker-french",
      "version": "0.1.0",
      "license": "GPL-3.0-or-later",
      "dependencies": {
        "@cspell/dict-fr-fr": "^2.0.1"
      },
      "engines": {
        "vscode": "^1.54.0"
      }
    },
    "node_modules/@cspell/dict-fr-fr": {
      "version": "2.0.1",
      "resolved": "https://registry.npmjs.org/@cspell/dict-fr-fr/-/dict-fr-fr-2.0.1.tgz",
      "integrity": "sha512-3G63UTLoOUUSPdNfdEzTqaAUKlZxH2wopvIqINcBaQAl+2djkgdb14wfIxQLktLwiBxZpKDlL4SUtsAzgPp2kg=="
    }
  },
  "dependencies": {
    "@cspell/dict-fr-fr": {
      "version": "2.0.1",
      "resolved": "https://registry.npmjs.org/@cspell/dict-fr-fr/-/dict-fr-fr-2.0.1.tgz",
      "integrity": "sha512-3G63UTLoOUUSPdNfdEzTqaAUKlZxH2wopvIqINcBaQAl+2djkgdb14wfIxQLktLwiBxZpKDlL4SUtsAzgPp2kg=="
    }
  }
}
