{
  "name": "code-spell-checker-french",
  "version": "0.2.7",
  "lockfileVersion": 3,
  "requires": true,
  "packages": {
    "": {
      "name": "code-spell-checker-french",
      "version": "0.2.6",
      "license": "GPL-3.0-or-later",
      "dependencies": {
        "@cspell/dict-fr-fr": "^2.2.0"
      },
      "engines": {
        "vscode": "^1.67.0"
      }
    },
    "node_modules/@cspell/dict-fr-fr": {
      "version": "2.2.0",
      "resolved": "https://registry.npmjs.org/@cspell/dict-fr-fr/-/dict-fr-fr-2.2.0.tgz",
      "integrity": "sha512-nkjrtO/tK2LdAeSBIdDND6CbxVd0HYJ/AIRh3cSsN+aiTekQc3n/qUKzOEvDeOWpVJl2Wf0gHpVnkoq0c/yxfQ=="
    }
  }
}
