{
  "name": "code-spell-checker-french",
  "version": "0.4.0",
  "lockfileVersion": 3,
  "requires": true,
  "packages": {
    "": {
      "name": "code-spell-checker-french",
      "version": "0.4.0",
      "license": "GPL-3.0-or-later",
      "dependencies": {
        "@cspell/dict-fr-fr": "^2.2.2"
      },
      "engines": {
        "vscode": "^1.67.0"
      }
    },
    "node_modules/@cspell/dict-fr-fr": {
      "version": "2.2.2",
      "resolved": "https://registry.npmjs.org/@cspell/dict-fr-fr/-/dict-fr-fr-2.2.2.tgz",
      "integrity": "sha512-4P8qDcA3Z2IHuH5s0rUr0+D+BXIxOmSe9JIy3lKR/PNQX8holybkbtQGUAdSrgmN+4SNjKkuauiG8Wb0BfUvOw=="
    }
  }
}
