{
  "name": "code-spell-checker-german",
  "version": "2.2.2",
  "lockfileVersion": 3,
  "requires": true,
  "packages": {
    "": {
      "name": "code-spell-checker-german",
      "version": "2.2.2",
      "license": "GPL-3.0-or-later",
      "dependencies": {
        "@cspell/dict-de-de": "^3.1.1"
      },
      "engines": {
        "vscode": "^1.67.0"
      }
    },
    "node_modules/@cspell/dict-de-de": {
      "version": "3.1.1",
      "resolved": "https://registry.npmjs.org/@cspell/dict-de-de/-/dict-de-de-3.1.1.tgz",
      "integrity": "sha512-neZPqMfOi1PvmM7TTIsViicZ/s/cGbyoy0mzmmjfF6XnbwhGNx+DigtKTIxSBNJryqC1dJbF9oZBl/qsfJExWg=="
    }
  }
}
