{
  "name": "code-spell-checker-german",
  "version": "2.3.2",
  "lockfileVersion": 3,
  "requires": true,
  "packages": {
    "": {
      "name": "code-spell-checker-german",
      "version": "2.3.2",
      "license": "GPL-3.0-or-later",
      "dependencies": {
        "@cspell/dict-de-de": "^4.0.3"
      },
      "engines": {
        "vscode": "^1.67.0"
      }
    },
    "node_modules/@cspell/dict-de-de": {
      "version": "4.0.3",
      "resolved": "https://registry.npmjs.org/@cspell/dict-de-de/-/dict-de-de-4.0.3.tgz",
      "integrity": "sha512-HxoPd3ra/gHVeUKq9NMCX5gOHpaL9lyhHQi/2CXBrSE7yrB5cusrPoKFh+xYGI1hG8rrrPLLDKF+vbB66YR4/A=="
    }
  }
}
