{
  "name": "code-spell-checker-german",
  "version": "2.3.3",
  "lockfileVersion": 3,
  "requires": true,
  "packages": {
    "": {
      "name": "code-spell-checker-german",
      "version": "2.3.3",
      "license": "GPL-3.0-or-later",
      "dependencies": {
        "@cspell/dict-de-de": "^4.1.0"
      },
      "engines": {
        "vscode": "^1.67.0"
      }
    },
    "node_modules/@cspell/dict-de-de": {
      "version": "4.1.0",
      "resolved": "https://registry.npmjs.org/@cspell/dict-de-de/-/dict-de-de-4.1.0.tgz",
      "integrity": "sha512-BF1ouiRbZ+YmzTGu1JZkrzYCFBisxADJvoouNI7C7KZzx9gmRvezKgDWTXQ1tD4ZtNOoX5rdpXTWxf6sXnmBew==",
      "license": "LGPL-3.0"
    }
  }
}
