{
  "name": "code-spell-checker-latin",
  "version": "1.0.0",
  "lockfileVersion": 3,
  "requires": true,
  "packages": {
    "": {
      "name": "code-spell-checker-latin",
      "version": "1.0.0",
      "license": "GPL-3.0-or-later",
      "dependencies": {
        "@cspell/dict-la": "^1.0.0"
      },
      "engines": {
        "vscode": "^1.67.0"
      }
    },
    "node_modules/@cspell/dict-la": {
      "version": "1.0.0",
      "resolved": "https://registry.npmjs.org/@cspell/dict-la/-/dict-la-1.0.0.tgz",
      "integrity": "sha512-PzSQdsFXilYxkueN7uDzSPj/SFayEipmTsgLe6NLKu7KG4f/xqAycRgeAAL5SUQSEFsiGXg4HR3oV5HE8MWjpQ=="
    }
  }
}
