{
  "name": "code-spell-checker-latin",
  "version": "1.0.3",
  "lockfileVersion": 3,
  "requires": true,
  "packages": {
    "": {
      "name": "code-spell-checker-latin",
      "version": "1.0.3",
      "license": "GPL-3.0-or-later",
      "dependencies": {
        "@cspell/dict-la": "^1.1.0"
      },
      "engines": {
        "vscode": "^1.67.0"
      }
    },
    "node_modules/@cspell/dict-la": {
      "version": "1.1.0",
      "resolved": "https://registry.npmjs.org/@cspell/dict-la/-/dict-la-1.1.0.tgz",
      "integrity": "sha512-ZXduz5T92uOvd0MfODkyvbmhBgmaEjlMJPuYKDFbl+kMjo/tx3TRpgdKb3UsorL0AQV9BgoTcVfQdf2QO51c4g==",
      "license": "GPL-3.0+"
    }
  }
}
