{
  "name": "code-spell-checker-latin",
  "version": "1.0.1",
  "lockfileVersion": 3,
  "requires": true,
  "packages": {
    "": {
      "name": "code-spell-checker-latin",
      "version": "1.0.1",
      "license": "GPL-3.0-or-later",
      "dependencies": {
        "@cspell/dict-la": "^1.0.3"
      },
      "engines": {
        "vscode": "^1.67.0"
      }
    },
    "node_modules/@cspell/dict-la": {
      "version": "1.0.3",
      "resolved": "https://registry.npmjs.org/@cspell/dict-la/-/dict-la-1.0.3.tgz",
      "integrity": "sha512-f4ua11coSzxsO0tN8WWEYnM0jM7ei7mS1Zy3GpW49YyE1BZ/9HJ8aVqDrgrJuYBiPa+fKg1sFauCA9+zKrELOQ==",
      "license": "GPL-3.0+"
    }
  }
}
