{
  "name": "code-spell-checker-polish",
  "version": "2.1.3",
  "lockfileVersion": 3,
  "requires": true,
  "packages": {
    "": {
      "name": "code-spell-checker-polish",
      "version": "2.1.3",
      "license": "GPL-3.0-or-later",
      "dependencies": {
        "@cspell/dict-pl_pl": "^3.0.5"
      },
      "engines": {
        "vscode": "^1.67.0"
      }
    },
    "node_modules/@cspell/dict-pl_pl": {
      "version": "3.0.5",
      "resolved": "https://registry.npmjs.org/@cspell/dict-pl_pl/-/dict-pl_pl-3.0.5.tgz",
      "integrity": "sha512-aEBCjknSI/8Wq1Cd1HXulrAMTDtDqttv9Cd0jFQHdKyQXrFImkthtTck/oAb0jUSPm1MJ4WfbuTSShKSHgUNUw==",
      "license": "LGPL-3.0+"
    }
  }
}
