{
  "name": "code-spell-checker-polish",
  "version": "2.0.0",
  "lockfileVersion": 2,
  "requires": true,
  "packages": {
    "": {
      "name": "code-spell-checker-polish",
      "version": "2.0.0",
      "license": "GPL-3.0-or-later",
      "dependencies": {
        "@cspell/dict-pl_pl": "^2.0.0"
      },
      "engines": {
        "vscode": "^1.67.0"
      }
    },
    "node_modules/@cspell/dict-pl_pl": {
      "version": "2.0.0",
      "resolved": "https://registry.npmjs.org/@cspell/dict-pl_pl/-/dict-pl_pl-2.0.0.tgz",
      "integrity": "sha512-OAiep1ymoMh9auM69mBctwZsGNqnlMymIUtZkgdF7y5dcLvzOCRBqlKf/VEJRRKCTdjiTJvcgoPBdTKweRoqbg=="
    }
  },
  "dependencies": {
    "@cspell/dict-pl_pl": {
      "version": "2.0.0",
      "resolved": "https://registry.npmjs.org/@cspell/dict-pl_pl/-/dict-pl_pl-2.0.0.tgz",
      "integrity": "sha512-OAiep1ymoMh9auM69mBctwZsGNqnlMymIUtZkgdF7y5dcLvzOCRBqlKf/VEJRRKCTdjiTJvcgoPBdTKweRoqbg=="
    }
  }
}
