{
  "name": "code-spell-checker-polish",
  "version": "2.1.4",
  "lockfileVersion": 3,
  "requires": true,
  "packages": {
    "": {
      "name": "code-spell-checker-polish",
      "version": "2.1.4",
      "license": "GPL-3.0-or-later",
      "dependencies": {
        "@cspell/dict-pl_pl": "^3.0.6"
      },
      "engines": {
        "vscode": "^1.67.0"
      }
    },
    "node_modules/@cspell/dict-pl_pl": {
      "version": "3.0.6",
      "resolved": "https://registry.npmjs.org/@cspell/dict-pl_pl/-/dict-pl_pl-3.0.6.tgz",
      "integrity": "sha512-vJUyjQ7fxxGXrXXK9+r2FHNUb8TBeEouusm7syabkl0RPg1YqFwbSTDQziysuGO8EpgX8zo2q+hO1aGiMasc5Q==",
      "license": "LGPL-3.0+"
    }
  }
}
