{
  "name": "code-spell-checker-ukrainian",
  "version": "1.2.4",
  "lockfileVersion": 3,
  "requires": true,
  "packages": {
    "": {
      "name": "code-spell-checker-ukrainian",
      "version": "1.2.4",
      "license": "GPL-3.0-or-later",
      "dependencies": {
        "@cspell/dict-uk-ua": "^4.0.5"
      },
      "engines": {
        "vscode": "^1.67.0"
      }
    },
    "node_modules/@cspell/dict-uk-ua": {
      "version": "4.0.5",
      "resolved": "https://registry.npmjs.org/@cspell/dict-uk-ua/-/dict-uk-ua-4.0.5.tgz",
      "integrity": "sha512-7UE33/9IpPNPae1v++A0zT8xdJtRYSEwusl/zFnYbs26WdXosj0r05re23PIH6e03YUcDDl1R0wD5PWm2lwxJA==",
      "license": "GPL-3.0"
    }
  }
}
