{
  "name": "code-spell-checker-ukrainian",
  "version": "1.2.4",
  "lockfileVersion": 3,
  "requires": true,
  "packages": {
    "": {
      "name": "code-spell-checker-ukrainian",
      "version": "1.2.4",
      "license": "GPL-3.0-or-later",
      "dependencies": {
        "@cspell/dict-uk-ua": "^4.0.4"
      },
      "engines": {
        "vscode": "^1.67.0"
      }
    },
    "node_modules/@cspell/dict-uk-ua": {
      "version": "4.0.4",
      "resolved": "https://registry.npmjs.org/@cspell/dict-uk-ua/-/dict-uk-ua-4.0.4.tgz",
      "integrity": "sha512-4n+ImjsKVWkcZC9O/zQY4oZ9KWm0qkyTZY5/aW1KZsP8sx0cK5IUaA/375R3i4l8SDc0WDZN8K6Wy71cggDUEA==",
      "license": "GPL-3.0"
    }
  }
}
