{
  "name": "code-spell-checker-ukrainian",
  "version": "1.2.3",
  "lockfileVersion": 3,
  "requires": true,
  "packages": {
    "": {
      "name": "code-spell-checker-ukrainian",
      "version": "1.2.3",
      "license": "GPL-3.0-or-later",
      "dependencies": {
        "@cspell/dict-uk-ua": "^4.0.1"
      },
      "engines": {
        "vscode": "^1.67.0"
      }
    },
    "node_modules/@cspell/dict-uk-ua": {
      "version": "4.0.1",
      "resolved": "https://registry.npmjs.org/@cspell/dict-uk-ua/-/dict-uk-ua-4.0.1.tgz",
      "integrity": "sha512-9igk+CsmsDlZfQDfpcIE62/0rfabb+tQLMfQhGaceHo92WQN5bsq/0/39HPw1Kl3Tps/D6MUL2YYVVlTYsa4Xg=="
    }
  }
}
