{
  "name": "code-spell-checker-scientific-terms",
  "version": "0.2.0",
  "lockfileVersion": 3,
  "requires": true,
  "packages": {
    "": {
      "name": "code-spell-checker-scientific-terms",
      "version": "0.2.0",
      "license": "GPL-3.0-or-later",
      "dependencies": {
        "@cspell/dict-scientific-terms-us": "^3.0.1"
      },
      "engines": {
        "vscode": "^1.67.0"
      }
    },
    "node_modules/@cspell/dict-scientific-terms-us": {
      "version": "3.0.1",
      "resolved": "https://registry.npmjs.org/@cspell/dict-scientific-terms-us/-/dict-scientific-terms-us-3.0.1.tgz",
      "integrity": "sha512-xmKdypsMbAIOLFP2aqgkLP13NHN6MeQfsh7X7lPxMB80BwCx+JPmlpBS/O4Niee2XBV0HTQQlQcVq1zwJp8c0w=="
    }
  }
}
