{
    "name": "code-spell-checker-scientific-terms",
    "version": "0.1.1",
    "lockfileVersion": 1,
    "requires": true,
    "dependencies": {
        "@cspell/dict-scientific-terms-us": {
            "version": "1.0.21",
            "resolved": "https://registry.npmjs.org/@cspell/dict-scientific-terms-us/-/dict-scientific-terms-us-1.0.21.tgz",
            "integrity": "sha512-1qGyrKezQsmyKGC0Gbn0CRZQcJ4kysNdSYSzHvqUQDPgkNow/STwwWzHZi+FOIHsGmpLQHF62ird2Nj1u5IsAA=="
        }
    }
}
