{
  "name": "code-spell-checker-scientific-terms",
  "version": "0.2.5",
  "lockfileVersion": 3,
  "requires": true,
  "packages": {
    "": {
      "name": "code-spell-checker-scientific-terms",
      "version": "0.2.5",
      "license": "GPL-3.0-or-later",
      "dependencies": {
        "@cspell/dict-scientific-terms-us": "^3.0.7"
      },
      "engines": {
        "vscode": "^1.67.0"
      }
    },
    "node_modules/@cspell/dict-scientific-terms-us": {
      "version": "3.0.7",
      "resolved": "https://registry.npmjs.org/@cspell/dict-scientific-terms-us/-/dict-scientific-terms-us-3.0.7.tgz",
      "integrity": "sha512-y4wmu0Un3hbeG2ly5vpstGJE+f3zviVRstcr/ySazvYJ4WFPrKpuXFZhSahdR+D9vnlXEqL4Fv9yiAFBG87ufA==",
      "license": "MIT"
    }
  }
}
