{
  "name": "code-spell-checker-galician",
  "version": "1.0.3",
  "lockfileVersion": 3,
  "requires": true,
  "packages": {
    "": {
      "name": "code-spell-checker-galician",
      "version": "1.0.3",
      "license": "GPL-3.0-or-later",
      "dependencies": {
        "@cspell/dict-gl-es": "^1.1.3"
      },
      "engines": {
        "vscode": "^1.102.3"
      }
    },
    "node_modules/@cspell/dict-gl-es": {
      "version": "1.1.3",
      "resolved": "https://registry.npmjs.org/@cspell/dict-gl-es/-/dict-gl-es-1.1.3.tgz",
      "integrity": "sha512-Ce1tNATj9UATBLdWS10lOyFWDtftgpr0E4XktwRBddgF8HoUAvLSWgL28tWVmvUbuvf/SLzWIKyRZAGKhHFPxA==",
      "license": "MIT"
    }
  }
}
