{
  "name": "code-spell-checker-galician",
  "version": "0.1.0",
  "lockfileVersion": 3,
  "requires": true,
  "packages": {
    "": {
      "name": "code-spell-checker-galician",
      "version": "0.1.0",
      "license": "GPL-3.0-or-later",
      "dependencies": {
        "@cspell/dict-gl-es": "^1.0.0"
      },
      "engines": {
        "vscode": "^1.67.0"
      }
    },
    "node_modules/@cspell/dict-gl-es": {
      "version": "1.0.0",
      "resolved": "https://registry.npmjs.org/@cspell/dict-gl-es/-/dict-gl-es-1.0.0.tgz",
      "integrity": "sha512-cBR4Qq+jC0iHf64+MKHx/DIBdi15N72IK6L4AgT/VnynBbT86fblm8fNhcGAVR6jTN4qRFj54w2281ADZp7WVw==",
      "license": "MIT"
    }
  }
}
