{
  "name": "code-spell-checker-greek",
  "version": "1.2.3",
  "lockfileVersion": 3,
  "requires": true,
  "packages": {
    "": {
      "name": "code-spell-checker-greek",
      "version": "1.2.3",
      "license": "GPL-3.0-or-later",
      "dependencies": {
        "@cspell/dict-el": "^3.1.6"
      },
      "engines": {
        "vscode": "^1.67.0"
      }
    },
    "node_modules/@cspell/dict-el": {
      "version": "3.1.6",
      "resolved": "https://registry.npmjs.org/@cspell/dict-el/-/dict-el-3.1.6.tgz",
      "integrity": "sha512-8FL5Jl8asGdp+50ANqkc3Gtilt9LQY9M661I4BF9U0ZVBp4Rbgino1IPRIsMfyE0BnNWa/O7Oq5gMDXi0suE8Q==",
      "license": "GPL-3.0+"
    }
  }
}
