{
  "name": "code-spell-checker-greek",
  "version": "0.1.13",
  "lockfileVersion": 2,
  "requires": true,
  "packages": {
    "": {
      "name": "code-spell-checker-greek",
      "version": "0.1.13",
      "license": "GPL-3.0-or-later",
      "dependencies": {
        "@cspell/dict-el": "^2.0.0"
      },
      "engines": {
        "vscode": "^1.67.0"
      }
    },
    "node_modules/@cspell/dict-el": {
      "version": "2.0.0",
      "resolved": "https://registry.npmjs.org/@cspell/dict-el/-/dict-el-2.0.0.tgz",
      "integrity": "sha512-uZD4SnujnKwwdReZsaKJQixUzXllGnSN4y8cs1E5kiNWsW7GMOErvDrbeGw5IgOcHeA5P6Ac8DTcTYrneWjJDQ=="
    }
  },
  "dependencies": {
    "@cspell/dict-el": {
      "version": "2.0.0",
      "resolved": "https://registry.npmjs.org/@cspell/dict-el/-/dict-el-2.0.0.tgz",
      "integrity": "sha512-uZD4SnujnKwwdReZsaKJQixUzXllGnSN4y8cs1E5kiNWsW7GMOErvDrbeGw5IgOcHeA5P6Ac8DTcTYrneWjJDQ=="
    }
  }
}
