{
  "name": "code-spell-checker-greek",
  "version": "1.2.5",
  "lockfileVersion": 3,
  "requires": true,
  "packages": {
    "": {
      "name": "code-spell-checker-greek",
      "version": "1.2.5",
      "license": "GPL-3.0-or-later",
      "dependencies": {
        "@cspell/dict-el": "^3.1.8"
      },
      "engines": {
        "vscode": "^1.67.0"
      }
    },
    "node_modules/@cspell/dict-el": {
      "version": "3.1.8",
      "resolved": "https://registry.npmjs.org/@cspell/dict-el/-/dict-el-3.1.8.tgz",
      "integrity": "sha512-Ct4x9JYE2JXuivtnYabVQ59U4ICtZ/BJdssMv/3hPBvgjBrTHR/c/7ywVz0QI097hwSEg5N5mgU1+epHS8nTww==",
      "license": "GPL-3.0+"
    }
  }
}
