{
  "name": "code-spell-checker-czech",
  "version": "1.0.6",
  "lockfileVersion": 3,
  "requires": true,
  "packages": {
    "": {
      "name": "code-spell-checker-czech",
      "version": "1.0.6",
      "license": "MIT",
      "dependencies": {
        "@cspell/dict-cs-cz": "^3.0.2"
      },
      "engines": {
        "vscode": "^1.67.0"
      }
    },
    "node_modules/@cspell/dict-cs-cz": {
      "version": "3.0.2",
      "resolved": "https://registry.npmjs.org/@cspell/dict-cs-cz/-/dict-cs-cz-3.0.2.tgz",
      "integrity": "sha512-Oe2A57lxnHDEk/c9It4pemSKpHwAAZRBSuUQOvEKGFz6EOff9VqxkEKWJg8QfgzNDushM5TZGi7E7aB97sJPdQ=="
    }
  }
}
