{
  "name": "code-spell-checker-czech",
  "version": "1.0.8",
  "lockfileVersion": 3,
  "requires": true,
  "packages": {
    "": {
      "name": "code-spell-checker-czech",
      "version": "1.0.8",
      "license": "MIT",
      "dependencies": {
        "@cspell/dict-cs-cz": "^3.0.7"
      },
      "engines": {
        "vscode": "^1.67.0"
      }
    },
    "node_modules/@cspell/dict-cs-cz": {
      "version": "3.0.7",
      "resolved": "https://registry.npmjs.org/@cspell/dict-cs-cz/-/dict-cs-cz-3.0.7.tgz",
      "integrity": "sha512-XAbXCNsefbPbezAmxyTFtUIaUkBzaEezom4FmKkflZoxOT3r/Gf69qcsOkgyM/R8e/S/mrXrQtovm7SIf36Hyg==",
      "license": "GPL-3.0+"
    }
  }
}
