{
  "name": "code-spell-checker-czech",
  "version": "1.0.0",
  "lockfileVersion": 2,
  "requires": true,
  "packages": {
    "": {
      "name": "code-spell-checker-czech",
      "version": "1.0.0",
      "license": "MIT",
      "dependencies": {
        "@cspell/dict-cs-cz": "^3.0.0"
      },
      "engines": {
        "vscode": "^1.67.0"
      }
    },
    "node_modules/@cspell/dict-cs-cz": {
      "version": "3.0.0",
      "resolved": "https://registry.npmjs.org/@cspell/dict-cs-cz/-/dict-cs-cz-3.0.0.tgz",
      "integrity": "sha512-fjODB4K0C/m9nrd7FwEhjTz+NNtDKMQpkBFUYq6i5qp94jPb5mler0AvNeEP/jz124lyie8d5vA8z8m7RMhhRw=="
    }
  },
  "dependencies": {
    "@cspell/dict-cs-cz": {
      "version": "3.0.0",
      "resolved": "https://registry.npmjs.org/@cspell/dict-cs-cz/-/dict-cs-cz-3.0.0.tgz",
      "integrity": "sha512-fjODB4K0C/m9nrd7FwEhjTz+NNtDKMQpkBFUYq6i5qp94jPb5mler0AvNeEP/jz124lyie8d5vA8z8m7RMhhRw=="
    }
  }
}
