{
  "name": "code-spell-checker-french-reforme",
  "version": "2.2.2",
  "lockfileVersion": 3,
  "requires": true,
  "packages": {
    "": {
      "name": "code-spell-checker-french-reforme",
      "version": "2.2.2",
      "license": "MIT",
      "dependencies": {
        "@cspell/dict-fr-reforme": "^2.2.5"
      },
      "engines": {
        "vscode": "^1.67.0"
      }
    },
    "node_modules/@cspell/dict-fr-reforme": {
      "version": "2.2.5",
      "resolved": "https://registry.npmjs.org/@cspell/dict-fr-reforme/-/dict-fr-reforme-2.2.5.tgz",
      "integrity": "sha512-8INNqgWA4M0P3ExiLDxOO5Aug173knRo6wXuachK9wqu1AwmoabBhtTlE6OAybfWheAF108j9Bw0x1yHGB4xYQ==",
      "license": "MIT"
    }
  }
}
