{
  "name": "code-spell-checker-french-reforme",
  "version": "2.2.2",
  "lockfileVersion": 3,
  "requires": true,
  "packages": {
    "": {
      "name": "code-spell-checker-french-reforme",
      "version": "2.2.2",
      "license": "MIT",
      "dependencies": {
        "@cspell/dict-fr-reforme": "^2.2.6"
      },
      "engines": {
        "vscode": "^1.67.0"
      }
    },
    "node_modules/@cspell/dict-fr-reforme": {
      "version": "2.2.6",
      "resolved": "https://registry.npmjs.org/@cspell/dict-fr-reforme/-/dict-fr-reforme-2.2.6.tgz",
      "integrity": "sha512-ADYSXKATSFo0lvpgbJuw0V673VRFFaZcPfCbED3b/iwFszDWQ2Lsc5S+ui2ANXvrJpbDpa1LyG8gCJ/J6JNPNw==",
      "license": "MIT"
    }
  }
}
