{
  "name": "code-spell-checker-french-reforme",
  "version": "2.2.3",
  "lockfileVersion": 3,
  "requires": true,
  "packages": {
    "": {
      "name": "code-spell-checker-french-reforme",
      "version": "2.2.3",
      "license": "MIT",
      "dependencies": {
        "@cspell/dict-fr-reforme": "^2.3.0"
      },
      "engines": {
        "vscode": "^1.67.0"
      }
    },
    "node_modules/@cspell/dict-fr-reforme": {
      "version": "2.3.0",
      "resolved": "https://registry.npmjs.org/@cspell/dict-fr-reforme/-/dict-fr-reforme-2.3.0.tgz",
      "integrity": "sha512-EYLGzSJqhRqy2He1yEXCb35OWYyrmkCwx2gHif+/kwFO5yIJYv2vPAg7v8NOn1tQFgMrxUr3aAXIwyQCj45h8A==",
      "license": "MIT"
    }
  }
}
