{
  "name": "code-spell-checker-dutch",
  "version": "0.3.9",
  "lockfileVersion": 3,
  "requires": true,
  "packages": {
    "": {
      "name": "code-spell-checker-dutch",
      "version": "0.3.9",
      "license": "MIT",
      "dependencies": {
        "@cspell/dict-nl-nl": "^2.2.9"
      },
      "engines": {
        "vscode": "^1.67.0"
      }
    },
    "node_modules/@cspell/dict-nl-nl": {
      "version": "2.2.9",
      "resolved": "https://registry.npmjs.org/@cspell/dict-nl-nl/-/dict-nl-nl-2.2.9.tgz",
      "integrity": "sha512-lxWWdE+k/4I5Hmk7JRpaNlLM0V9j+O1t0WgZbTN16blzlvNAzzK4paHAxkLa3uvVtG5ZTsO35vHPOUXe35kvLg=="
    }
  }
}
