{
  "name": "code-spell-checker-dutch",
  "version": "0.3.7",
  "lockfileVersion": 2,
  "requires": true,
  "packages": {
    "": {
      "name": "code-spell-checker-dutch",
      "version": "0.3.7",
      "license": "MIT",
      "dependencies": {
        "@cspell/dict-nl-nl": "^2.2.8"
      },
      "engines": {
        "vscode": "^1.67.0"
      }
    },
    "node_modules/@cspell/dict-nl-nl": {
      "version": "2.2.8",
      "resolved": "https://registry.npmjs.org/@cspell/dict-nl-nl/-/dict-nl-nl-2.2.8.tgz",
      "integrity": "sha512-+WcoCTg12YASlPfgdiLW6tz4k/iN3mEq/YvdIto3FwmDDMxPE6CuyBa3VDOLDwx2XwvwxvLpy46U0t68Imz9Tg=="
    }
  },
  "dependencies": {
    "@cspell/dict-nl-nl": {
      "version": "2.2.8",
      "resolved": "https://registry.npmjs.org/@cspell/dict-nl-nl/-/dict-nl-nl-2.2.8.tgz",
      "integrity": "sha512-+WcoCTg12YASlPfgdiLW6tz4k/iN3mEq/YvdIto3FwmDDMxPE6CuyBa3VDOLDwx2XwvwxvLpy46U0t68Imz9Tg=="
    }
  }
}
