{
  "name": "code-spell-checker-dutch",
  "version": "0.3.3",
  "lockfileVersion": 2,
  "requires": true,
  "packages": {
    "": {
      "name": "code-spell-checker-dutch",
      "version": "0.3.3",
      "license": "MIT",
      "dependencies": {
        "@cspell/dict-nl-nl": "^2.2.6"
      },
      "engines": {
        "vscode": "^1.67.0"
      }
    },
    "node_modules/@cspell/dict-nl-nl": {
      "version": "2.2.6",
      "resolved": "https://registry.npmjs.org/@cspell/dict-nl-nl/-/dict-nl-nl-2.2.6.tgz",
      "integrity": "sha512-h9A3bEoCgTUidoCZ4RHfpPMwVQbS6Ysl0kTLuuuZpjwBthZP3eOwWZwAxXWPY3N89yBws6LwDIjGujFUXvN5dw=="
    }
  },
  "dependencies": {
    "@cspell/dict-nl-nl": {
      "version": "2.2.6",
      "resolved": "https://registry.npmjs.org/@cspell/dict-nl-nl/-/dict-nl-nl-2.2.6.tgz",
      "integrity": "sha512-h9A3bEoCgTUidoCZ4RHfpPMwVQbS6Ysl0kTLuuuZpjwBthZP3eOwWZwAxXWPY3N89yBws6LwDIjGujFUXvN5dw=="
    }
  }
}
