{
  "name": "code-spell-checker-canadian-english",
  "version": "1.1.8",
  "lockfileVersion": 3,
  "requires": true,
  "packages": {
    "": {
      "name": "code-spell-checker-canadian-english",
      "version": "1.1.8",
      "license": "GPL-3.0-or-later",
      "dependencies": {
        "@cspell/dict-en-ca": "^1.0.14"
      },
      "engines": {
        "vscode": "^1.67.0"
      }
    },
    "node_modules/@cspell/dict-en-ca": {
      "version": "1.0.14",
      "resolved": "https://registry.npmjs.org/@cspell/dict-en-ca/-/dict-en-ca-1.0.14.tgz",
      "integrity": "sha512-PjLr7buvFN4gsZ+fPnTxv4KMaITSJ2PbZNlvE2zzkPTSZvW001h9L0Qogdw11SZe69cY1XfbjyUFepj/ltJx4w=="
    }
  }
}
