{
  "name": "code-spell-checker-canadian-english",
  "version": "1.1.32",
  "lockfileVersion": 3,
  "requires": true,
  "packages": {
    "": {
      "name": "code-spell-checker-canadian-english",
      "version": "1.1.32",
      "license": "GPL-3.0-or-later",
      "dependencies": {
        "@cspell/dict-en-ca": "^1.0.66"
      },
      "engines": {
        "vscode": "^1.102.3"
      }
    },
    "node_modules/@cspell/dict-en-ca": {
      "version": "1.0.66",
      "resolved": "https://registry.npmjs.org/@cspell/dict-en-ca/-/dict-en-ca-1.0.66.tgz",
      "integrity": "sha512-z7JGOPE5MncKbDuzPh0xCzNu312/xod9hAIn4BKqPi78p1DhI11DYkCj/Mks6/nxOCc4jjPNbId4Crff3ihgTg==",
      "license": "LGPL-3.0"
    }
  }
}
