{
  "name": "code-spell-checker-canadian-english",
  "version": "1.1.31",
  "lockfileVersion": 3,
  "requires": true,
  "packages": {
    "": {
      "name": "code-spell-checker-canadian-english",
      "version": "1.1.31",
      "license": "GPL-3.0-or-later",
      "dependencies": {
        "@cspell/dict-en-ca": "^1.0.55"
      },
      "engines": {
        "vscode": "^1.102.3"
      }
    },
    "node_modules/@cspell/dict-en-ca": {
      "version": "1.0.55",
      "resolved": "https://registry.npmjs.org/@cspell/dict-en-ca/-/dict-en-ca-1.0.55.tgz",
      "integrity": "sha512-lHTZfl9HmvFPHYpLQk73OK3x+swxvmYe0yBzWRzxfRa3BmeDwDuUFeZvBbK8YS4EtjBGU/UaIKL4c7oMPrZZsg==",
      "license": "LGPL-3.0"
    }
  }
}
