{
  "name": "code-spell-checker-vietnamese",
  "version": "1.0.1",
  "lockfileVersion": 3,
  "requires": true,
  "packages": {
    "": {
      "name": "code-spell-checker-vietnamese",
      "version": "1.0.1",
      "license": "GPL-3.0-or-later",
      "dependencies": {
        "@cspell/dict-vi-vn": "^2.0.0"
      },
      "engines": {
        "vscode": "^1.67.0"
      }
    },
    "node_modules/@cspell/dict-vi-vn": {
      "version": "2.0.0",
      "resolved": "https://registry.npmjs.org/@cspell/dict-vi-vn/-/dict-vi-vn-2.0.0.tgz",
      "integrity": "sha512-EpnG4YFDKKEcy5yBJyMNfYNEaAGBSB7h9U/lYZLRXYkuJ8qbhTd8d1EKx8ayJX2SXAgJKN5VXbkyyCc9DsTFyw=="
    }
  }
}
