{
  "name": "code-spell-checker-vietnamese",
  "version": "1.1.2",
  "lockfileVersion": 3,
  "requires": true,
  "packages": {
    "": {
      "name": "code-spell-checker-vietnamese",
      "version": "1.1.2",
      "license": "GPL-3.0-or-later",
      "dependencies": {
        "@cspell/dict-vi-vn": "^3.0.3"
      },
      "engines": {
        "vscode": "^1.67.0"
      }
    },
    "node_modules/@cspell/dict-vi-vn": {
      "version": "3.0.3",
      "resolved": "https://registry.npmjs.org/@cspell/dict-vi-vn/-/dict-vi-vn-3.0.3.tgz",
      "integrity": "sha512-/HAi53Rfq4Pj8YTA5g7M4F3AYwHgtNRk4MAidJOaqer78JUUU6reVLPrYoAhUsbQljj1tnCJMkHTnxq3VXTnOg==",
      "license": "MIT"
    }
  }
}
