{
  "name": "code-spell-checker-vietnamese",
  "version": "1.1.4",
  "lockfileVersion": 3,
  "requires": true,
  "packages": {
    "": {
      "name": "code-spell-checker-vietnamese",
      "version": "1.1.4",
      "license": "GPL-3.0-or-later",
      "dependencies": {
        "@cspell/dict-vi-vn": "^3.0.6"
      },
      "engines": {
        "vscode": "^1.67.0"
      }
    },
    "node_modules/@cspell/dict-vi-vn": {
      "version": "3.0.6",
      "resolved": "https://registry.npmjs.org/@cspell/dict-vi-vn/-/dict-vi-vn-3.0.6.tgz",
      "integrity": "sha512-VFPpTrutrNOY8UTRSThTq3u5xfdkdsB2kiSSP9VCpUo2AaBdKbvL0rk8QBhvJEfaQVgZwRfPIAgM8ml97QJAKA==",
      "license": "MIT"
    }
  }
}
