{
  "name": "code-spell-checker-italian",
  "version": "1.1.4",
  "lockfileVersion": 3,
  "requires": true,
  "packages": {
    "": {
      "name": "code-spell-checker-italian",
      "version": "1.1.4",
      "license": "GPL-3.0-or-later",
      "dependencies": {
        "@cspell/dict-it-it": "^3.1.7"
      },
      "engines": {
        "vscode": "^1.102.3"
      }
    },
    "node_modules/@cspell/dict-it-it": {
      "version": "3.1.7",
      "resolved": "https://registry.npmjs.org/@cspell/dict-it-it/-/dict-it-it-3.1.7.tgz",
      "integrity": "sha512-GquBAhKh/399WTFPH2aY2oRElKJX/XX3vF+zxRx34dCiG0z2/BDKiMzkFavl9u9Lmjx3FP2Vqf5Kxs5AuhSEeA==",
      "license": "GPL-3.0-or-later"
    }
  }
}
