{
  "name": "code-spell-checker-italian",
  "version": "1.0.2",
  "lockfileVersion": 3,
  "requires": true,
  "packages": {
    "": {
      "name": "code-spell-checker-italian",
      "version": "1.0.2",
      "license": "GPL-3.0-or-later",
      "dependencies": {
        "@cspell/dict-it-it": "^3.0.1"
      },
      "engines": {
        "vscode": "^1.67.0"
      }
    },
    "node_modules/@cspell/dict-it-it": {
      "version": "3.0.1",
      "resolved": "https://registry.npmjs.org/@cspell/dict-it-it/-/dict-it-it-3.0.1.tgz",
      "integrity": "sha512-aODszttCS7ZZ+0Qt+rmby8fwERJi5aSPDqUa6ItoXv/OXAy161c3JdE+bfKvVpnZikeACdHXHc7Lvz/Pke78fw=="
    }
  }
}
