{
  "name": "code-spell-checker-italian",
  "version": "1.0.0",
  "lockfileVersion": 3,
  "requires": true,
  "packages": {
    "": {
      "name": "code-spell-checker-italian",
      "version": "1.0.0",
      "license": "GPL-3.0-or-later",
      "dependencies": {
        "@cspell/dict-it-it": "^2.0.0"
      },
      "engines": {
        "vscode": "^1.67.0"
      }
    },
    "node_modules/@cspell/dict-it-it": {
      "version": "2.0.0",
      "resolved": "https://registry.npmjs.org/@cspell/dict-it-it/-/dict-it-it-2.0.0.tgz",
      "integrity": "sha512-+NfeVbkjnBV/rRH+M/eRHRRZogYjozlkINBGkr0UkfokkGz8KHJy17UeOAjKJA5e8Mg4Xx/yWofIrdfVT44QFg=="
    }
  }
}
