{
  "name": "code-spell-checker-estonian",
  "version": "0.1.0",
  "lockfileVersion": 2,
  "requires": true,
  "packages": {
    "": {
      "name": "code-spell-checker-estonian",
      "version": "0.1.0",
      "license": "GPL-3.0-or-later",
      "dependencies": {
        "@cspell/dict-et-ee": "^2.0.1"
      },
      "engines": {
        "vscode": "^1.54.0"
      }
    },
    "node_modules/@cspell/dict-et-ee": {
      "version": "2.0.1",
      "resolved": "https://registry.npmjs.org/@cspell/dict-et-ee/-/dict-et-ee-2.0.1.tgz",
      "integrity": "sha512-bJGHtT+2l6K6Et8/1XaJA9DS9yDuMZc7KCdVWw8MBINc+LMOp3jjeFfsXQ9fW7NaOJ/GyjWSCaU9QYOoo53Ysg=="
    }
  },
  "dependencies": {
    "@cspell/dict-et-ee": {
      "version": "2.0.1",
      "resolved": "https://registry.npmjs.org/@cspell/dict-et-ee/-/dict-et-ee-2.0.1.tgz",
      "integrity": "sha512-bJGHtT+2l6K6Et8/1XaJA9DS9yDuMZc7KCdVWw8MBINc+LMOp3jjeFfsXQ9fW7NaOJ/GyjWSCaU9QYOoo53Ysg=="
    }
  }
}
