{
  "name": "code-spell-checker-estonian",
  "version": "0.1.0",
  "lockfileVersion": 1,
  "requires": true,
  "dependencies": {
    "@cspell/dict-et-ee": {
      "version": "1.1.0",
      "resolved": "https://registry.npmjs.org/@cspell/dict-et-ee/-/dict-et-ee-1.1.0.tgz",
      "integrity": "sha512-f1mTBzUR7cmbzYJWBuMTgy+X4xIOlAdXm6GMnZYKn88dRmfo1jYw69DVOspshLUBvrrCXOnyfGDm5uSiwSWtnA=="
    }
  }
}
