{
  "name": "code-spell-checker-estonian",
  "version": "0.1.5",
  "lockfileVersion": 2,
  "requires": true,
  "packages": {
    "": {
      "name": "code-spell-checker-estonian",
      "version": "0.1.4",
      "license": "GPL-3.0-or-later",
      "dependencies": {
        "@cspell/dict-et-ee": "^2.0.6"
      },
      "engines": {
        "vscode": "^1.54.0"
      }
    },
    "node_modules/@cspell/dict-et-ee": {
      "version": "2.0.6",
      "resolved": "https://registry.npmjs.org/@cspell/dict-et-ee/-/dict-et-ee-2.0.6.tgz",
      "integrity": "sha512-oRcyZaTaWtsWnBkP0LwUukEyc87niScmQsQ2ncKRezYYwJAKteRAcW6g3/9GP6wGgam3/9FCbKCwS0ozKg5+FA=="
    }
  },
  "dependencies": {
    "@cspell/dict-et-ee": {
      "version": "2.0.6",
      "resolved": "https://registry.npmjs.org/@cspell/dict-et-ee/-/dict-et-ee-2.0.6.tgz",
      "integrity": "sha512-oRcyZaTaWtsWnBkP0LwUukEyc87niScmQsQ2ncKRezYYwJAKteRAcW6g3/9GP6wGgam3/9FCbKCwS0ozKg5+FA=="
    }
  }
}
