{
  "name": "code-spell-checker-british-english-ise",
  "version": "1.0.3",
  "lockfileVersion": 3,
  "requires": true,
  "packages": {
    "": {
      "name": "code-spell-checker-british-english-ise",
      "version": "1.0.3",
      "license": "GPL-3.0-or-later",
      "dependencies": {
        "@cspell/dict-en-gb-ise": "^1.0.11"
      },
      "engines": {
        "vscode": "^1.67.0"
      }
    },
    "node_modules/@cspell/dict-en-gb-ise": {
      "version": "1.0.11",
      "resolved": "https://registry.npmjs.org/@cspell/dict-en-gb-ise/-/dict-en-gb-ise-1.0.11.tgz",
      "integrity": "sha512-Viu0/X5xyLgNRRbzAxv9g98XM+YPlJivC1IVGhvqyd2u/mGErcSfpRB5vFyC+VbAMVOL6/v52DHZszkcfj4llA==",
      "license": "LGPL-3.0-or-later"
    }
  }
}
