{
  "name": "code-spell-checker-british-english-ise",
  "version": "1.0.10",
  "lockfileVersion": 3,
  "requires": true,
  "packages": {
    "": {
      "name": "code-spell-checker-british-english-ise",
      "version": "1.0.10",
      "license": "GPL-3.0-or-later",
      "dependencies": {
        "@cspell/dict-en-gb-ise": "^1.0.27"
      },
      "engines": {
        "vscode": "^1.102.3"
      }
    },
    "node_modules/@cspell/dict-en-gb-ise": {
      "version": "1.0.27",
      "resolved": "https://registry.npmjs.org/@cspell/dict-en-gb-ise/-/dict-en-gb-ise-1.0.27.tgz",
      "integrity": "sha512-jNLGoczS57lC/04iFkjy0uAEildx2t/uxi/GWQqyCK8BtpjC1zjWcK2nsVD/rzsPaHUwIlub344KrQKLrqfFXg==",
      "license": "LGPL-3.0-or-later"
    }
  }
}
