{
  "name": "code-spell-checker-british-english-ise",
  "version": "1.0.5",
  "lockfileVersion": 3,
  "requires": true,
  "packages": {
    "": {
      "name": "code-spell-checker-british-english-ise",
      "version": "1.0.5",
      "license": "GPL-3.0-or-later",
      "dependencies": {
        "@cspell/dict-en-gb-ise": "^1.0.13"
      },
      "engines": {
        "vscode": "^1.67.0"
      }
    },
    "node_modules/@cspell/dict-en-gb-ise": {
      "version": "1.0.14",
      "resolved": "https://registry.npmjs.org/@cspell/dict-en-gb-ise/-/dict-en-gb-ise-1.0.14.tgz",
      "integrity": "sha512-dODdaDzIAZdJoPBiD9CfdAF+nhJpc0y4wvIJS3sRwedpW8c++47MAcMiUfTE2NTqldf8L3jp6fW6PuotgT81bA==",
      "license": "LGPL-3.0-or-later"
    }
  }
}
