{
  "name": "code-spell-checker-portuguese",
  "version": "2.0.2",
  "lockfileVersion": 3,
  "requires": true,
  "packages": {
    "": {
      "name": "code-spell-checker-portuguese",
      "version": "2.0.2",
      "license": "MIT",
      "dependencies": {
        "@cspell/dict-pt-pt": "^3.0.4"
      },
      "engines": {
        "vscode": "^1.67.0"
      }
    },
    "node_modules/@cspell/dict-pt-pt": {
      "version": "3.0.4",
      "resolved": "https://registry.npmjs.org/@cspell/dict-pt-pt/-/dict-pt-pt-3.0.4.tgz",
      "integrity": "sha512-UuKwNq9vbCKO6A59xha0xA91yYjZBDgLFZ68EMeITaKlbV/AOpOzu6UqauvhEsW22DCeIgNvabC+4PAml2UhWg=="
    }
  }
}
