{
  "name": "code-spell-checker-portuguese",
  "version": "2.0.4",
  "lockfileVersion": 3,
  "requires": true,
  "packages": {
    "": {
      "name": "code-spell-checker-portuguese",
      "version": "2.0.4",
      "license": "MIT",
      "dependencies": {
        "@cspell/dict-pt-pt": "^3.0.6"
      },
      "engines": {
        "vscode": "^1.102.3"
      }
    },
    "node_modules/@cspell/dict-pt-pt": {
      "version": "3.0.6",
      "resolved": "https://registry.npmjs.org/@cspell/dict-pt-pt/-/dict-pt-pt-3.0.6.tgz",
      "integrity": "sha512-RT3EovAHK086ta4efTp+PxT9a2fZFHGrsf6AhX6LoFfxCn2RZAnITULSuVgkwpD/3Z/Di7oSXXNfeW9LKtGpGQ==",
      "license": "LGPL-3.0"
    }
  }
}
