{
  "name": "code-spell-checker-portuguese",
  "version": "2.0.0",
  "lockfileVersion": 3,
  "requires": true,
  "packages": {
    "": {
      "name": "code-spell-checker-portuguese",
      "version": "2.0.0",
      "license": "MIT",
      "dependencies": {
        "@cspell/dict-pt-pt": "^3.0.1"
      },
      "engines": {
        "vscode": "^1.67.0"
      }
    },
    "node_modules/@cspell/dict-pt-pt": {
      "version": "3.0.1",
      "resolved": "https://registry.npmjs.org/@cspell/dict-pt-pt/-/dict-pt-pt-3.0.1.tgz",
      "integrity": "sha512-+GuJMhU7BgxsYU68D/5+muq9Ulwa1OcjlmWhtaO+1XrwxxFSCPwHQdt069ShRbQhsCmhWY3+owNcsPiKHOdBLQ=="
    }
  }
}
