{
  "name": "code-spell-checker-persian",
  "version": "2.0.4",
  "lockfileVersion": 3,
  "requires": true,
  "packages": {
    "": {
      "name": "code-spell-checker-persian",
      "version": "2.0.4",
      "license": "GPL-3.0-or-later",
      "dependencies": {
        "@cspell/dict-fa-ir": "^4.0.5"
      },
      "engines": {
        "vscode": "^1.102.3"
      }
    },
    "node_modules/@cspell/dict-fa-ir": {
      "version": "4.0.5",
      "resolved": "https://registry.npmjs.org/@cspell/dict-fa-ir/-/dict-fa-ir-4.0.5.tgz",
      "integrity": "sha512-07H0WOw7vtBxjYz1AJ+abhQwtbg5KBQ5KlStEtNNz1uoIlaIlRrnHz+kSwOXThCYPEEBTUfrYhniTvEJu9U75g==",
      "license": "Apache-2.0"
    }
  }
}
