{
  "name": "code-spell-checker-persian",
  "version": "2.0.2",
  "lockfileVersion": 3,
  "requires": true,
  "packages": {
    "": {
      "name": "code-spell-checker-persian",
      "version": "2.0.2",
      "license": "GPL-3.0-or-later",
      "dependencies": {
        "@cspell/dict-fa-ir": "^4.0.0"
      },
      "engines": {
        "vscode": "^1.67.0"
      }
    },
    "node_modules/@cspell/dict-fa-ir": {
      "version": "4.0.0",
      "resolved": "https://registry.npmjs.org/@cspell/dict-fa-ir/-/dict-fa-ir-4.0.0.tgz",
      "integrity": "sha512-eWDNgo+/mUZyIhbkR6XhCPKdYymjEjJTZFnyOzUy37aGeyLckBWB7SOiWVPts32gPgYto/Jn2fJAwgYtyF+i7A=="
    }
  }
}
