{
  "name": "code-spell-checker-persian",
  "version": "2.0.2",
  "lockfileVersion": 3,
  "requires": true,
  "packages": {
    "": {
      "name": "code-spell-checker-persian",
      "version": "2.0.2",
      "license": "GPL-3.0-or-later",
      "dependencies": {
        "@cspell/dict-fa-ir": "^4.0.3"
      },
      "engines": {
        "vscode": "^1.67.0"
      }
    },
    "node_modules/@cspell/dict-fa-ir": {
      "version": "4.0.3",
      "resolved": "https://registry.npmjs.org/@cspell/dict-fa-ir/-/dict-fa-ir-4.0.3.tgz",
      "integrity": "sha512-ZUunYidClmtv1KPMc4Gk0QhpW2M/6jJ6k57Qf2fzlIjZ1rLRVrCl+xOOXYP6WH3F82F0fy1UxVLzcO4heSkmcg==",
      "license": "Apache-2.0"
    }
  }
}
