{
  "name": "code-spell-checker-serbian",
  "version": "1.2.0",
  "lockfileVersion": 3,
  "requires": true,
  "packages": {
    "": {
      "name": "code-spell-checker-serbian",
      "version": "1.2.0",
      "license": "GPL-3.0-or-later",
      "dependencies": {
        "@cspell/dict-sr-cyrl": "^1.1.0",
        "@cspell/dict-sr-latn": "^1.0.2"
      },
      "engines": {
        "vscode": "^1.67.0"
      }
    },
    "node_modules/@cspell/dict-sr-cyrl": {
      "version": "1.1.0",
      "resolved": "https://registry.npmjs.org/@cspell/dict-sr-cyrl/-/dict-sr-cyrl-1.1.0.tgz",
      "integrity": "sha512-Mak8u0AlkOE1UN44ToR/T1zjPFkXWV6YELWhnlN08Qaz+VkoVBG56J9Qv3B518/TBdDCeIAzouXcLZkXp9NyiA=="
    },
    "node_modules/@cspell/dict-sr-latn": {
      "version": "1.0.2",
      "resolved": "https://registry.npmjs.org/@cspell/dict-sr-latn/-/dict-sr-latn-1.0.2.tgz",
      "integrity": "sha512-SBSWwl3orDX7nrjmsv2ujsha8b0s58/fssh++uTGD6diSzJ+UsQmCff9Z1H9HBer7J/HWwZBlcrs1aEEWkCpQg=="
    }
  }
}
