{
  "name": "code-spell-checker-serbian",
  "version": "1.2.1",
  "lockfileVersion": 3,
  "requires": true,
  "packages": {
    "": {
      "name": "code-spell-checker-serbian",
      "version": "1.2.1",
      "license": "GPL-3.0-or-later",
      "dependencies": {
        "@cspell/dict-sr-cyrl": "^1.1.3",
        "@cspell/dict-sr-latn": "^1.0.5"
      },
      "engines": {
        "vscode": "^1.67.0"
      }
    },
    "node_modules/@cspell/dict-sr-cyrl": {
      "version": "1.1.3",
      "resolved": "https://registry.npmjs.org/@cspell/dict-sr-cyrl/-/dict-sr-cyrl-1.1.3.tgz",
      "integrity": "sha512-zb9rmPfTiIttwVKGWBD7qB4jV4AjKkH8nR++Cs/w1wMQpVUTz8tKMiQI8zO8MY8uYmHSPlZdc5qW8gararInPA=="
    },
    "node_modules/@cspell/dict-sr-latn": {
      "version": "1.0.5",
      "resolved": "https://registry.npmjs.org/@cspell/dict-sr-latn/-/dict-sr-latn-1.0.5.tgz",
      "integrity": "sha512-AuwTHSopDEL9YUgOYiKyA0BiYPC+hGpzNMDtVoHFJ0JpAz0kCR6GEqvmNgT2BxppIIS6oly6Q9eqsyFs9AHghg=="
    }
  }
}
