{
  "name": "code-spell-checker-turkish",
  "version": "1.0.0",
  "lockfileVersion": 2,
  "requires": true,
  "packages": {
    "": {
      "name": "code-spell-checker-turkish",
      "version": "1.0.0",
      "license": "GPL-3.0-or-later",
      "dependencies": {
        "@cspell/dict-tr-tr": "^2.0.0"
      },
      "engines": {
        "vscode": "^1.67.0"
      }
    },
    "node_modules/@cspell/dict-tr-tr": {
      "version": "2.0.0",
      "resolved": "https://registry.npmjs.org/@cspell/dict-tr-tr/-/dict-tr-tr-2.0.0.tgz",
      "integrity": "sha512-EDW1VfjrJLvahreg+5zl6mm6oHXXnuc0UpVY3ONIC0+0ZKsYPxtogYSlr8xN7nc7doR49fQ+bKL3GgGjG67IfA=="
    }
  },
  "dependencies": {
    "@cspell/dict-tr-tr": {
      "version": "2.0.0",
      "resolved": "https://registry.npmjs.org/@cspell/dict-tr-tr/-/dict-tr-tr-2.0.0.tgz",
      "integrity": "sha512-EDW1VfjrJLvahreg+5zl6mm6oHXXnuc0UpVY3ONIC0+0ZKsYPxtogYSlr8xN7nc7doR49fQ+bKL3GgGjG67IfA=="
    }
  }
}
