{
  "name": "code-spell-checker-turkish",
  "version": "1.1.0",
  "lockfileVersion": 3,
  "requires": true,
  "packages": {
    "": {
      "name": "code-spell-checker-turkish",
      "version": "1.1.0",
      "license": "GPL-3.0-or-later",
      "dependencies": {
        "@cspell/dict-tr-tr": "^3.0.0"
      },
      "engines": {
        "vscode": "^1.67.0"
      }
    },
    "node_modules/@cspell/dict-tr-tr": {
      "version": "3.0.0",
      "resolved": "https://registry.npmjs.org/@cspell/dict-tr-tr/-/dict-tr-tr-3.0.0.tgz",
      "integrity": "sha512-Wa/qsztyZm7HzxRLG8Gqc8KOOa7ifq2EqiLbrMV/o8vmectQ39IYvZGQ9vkOzpoZp5N+0Xu0PnI6Qb8WlHblVg=="
    }
  }
}
