{
  "name": "code-spell-checker-turkish",
  "version": "1.1.4",
  "lockfileVersion": 3,
  "requires": true,
  "packages": {
    "": {
      "name": "code-spell-checker-turkish",
      "version": "1.1.4",
      "license": "GPL-3.0-or-later",
      "dependencies": {
        "@cspell/dict-tr-tr": "^3.0.6"
      },
      "engines": {
        "vscode": "^1.102.3"
      }
    },
    "node_modules/@cspell/dict-tr-tr": {
      "version": "3.0.6",
      "resolved": "https://registry.npmjs.org/@cspell/dict-tr-tr/-/dict-tr-tr-3.0.6.tgz",
      "integrity": "sha512-KwJZviO34acqij7AL9rkac1DOVYq27QIzwGm4x5YC58O16JVHspyPRRbF+sK3SLB4WeZ+ESbITXKrdICqaHB0A==",
      "license": "MIT"
    }
  }
}
