{
  "name": "code-spell-checker-ancient-greek",
  "version": "0.1.0",
  "lockfileVersion": 3,
  "requires": true,
  "packages": {
    "": {
      "name": "code-spell-checker-ancient-greek",
      "version": "0.1.0",
      "license": "GPL-3.0-or-later",
      "dependencies": {
        "@cspell/dict-grc": "^1.0.0"
      },
      "engines": {
        "vscode": "^1.67.0"
      }
    },
    "node_modules/@cspell/dict-grc": {
      "version": "1.0.0",
      "resolved": "https://registry.npmjs.org/@cspell/dict-grc/-/dict-grc-1.0.0.tgz",
      "integrity": "sha512-bdtQx2mO6Q7vb2pAatbjQu7sMYlidWrCjUdH7A14w38SCpY3oYQ94NIrFl/h1496wu8TnldIXmhgBwXUwpRigg=="
    }
  }
}
