{
  "name": "code-spell-checker-ancient-greek",
  "version": "1.0.4",
  "lockfileVersion": 3,
  "requires": true,
  "packages": {
    "": {
      "name": "code-spell-checker-ancient-greek",
      "version": "1.0.4",
      "license": "GPL-3.0-or-later",
      "dependencies": {
        "@cspell/dict-grc": "^1.0.5"
      },
      "engines": {
        "vscode": "^1.67.0"
      }
    },
    "node_modules/@cspell/dict-grc": {
      "version": "1.0.5",
      "resolved": "https://registry.npmjs.org/@cspell/dict-grc/-/dict-grc-1.0.5.tgz",
      "integrity": "sha512-RT8t3gnD6rXt/HYCPP8zu38aIGN38OeHFxciuVXbu8g+cp2DELtyDDVFXN6Tf9jOxJWn6bTymnro15cY193Ijg==",
      "license": "GPL-3.0"
    }
  }
}
