{
  "name": "code-spell-checker-ancient-greek",
  "version": "1.0.3",
  "lockfileVersion": 3,
  "requires": true,
  "packages": {
    "": {
      "name": "code-spell-checker-ancient-greek",
      "version": "1.0.3",
      "license": "GPL-3.0-or-later",
      "dependencies": {
        "@cspell/dict-grc": "^1.0.4"
      },
      "engines": {
        "vscode": "^1.67.0"
      }
    },
    "node_modules/@cspell/dict-grc": {
      "version": "1.0.4",
      "resolved": "https://registry.npmjs.org/@cspell/dict-grc/-/dict-grc-1.0.4.tgz",
      "integrity": "sha512-rocZVZRe1xK5GHVoqtYeg99Z2Yr+ehud+bArfI6TL1UkiBOpBgTz6h28l+u6TD6/s3TJbhrrajbm4tzoxwI5eA==",
      "license": "GPL-3.0"
    }
  }
}
