{
  "name": "scripts",
  "version": "1.0.0",
  "lockfileVersion": 3,
  "requires": true,
  "packages": {
    "": {
      "name": "scripts",
      "version": "1.0.0",
      "license": "MIT",
      "dependencies": {
        "mdast": "^3.0.0",
        "mdast-builder": "^1.1.1",
        "mdast-util-to-markdown": "^1.5.0"
      },
      "bin": {
        "gen-extension-list": "gen-extension-list.mjs",
        "update-manual-pub-list": "update-manual-pub-list.mjs"
      },
      "devDependencies": {}
    },
    "node_modules/@types/mdast": {
      "version": "3.0.13",
      "resolved": "https://registry.npmjs.org/@types/mdast/-/mdast-3.0.13.tgz",
      "integrity": "sha512-HjiGiWedR0DVFkeNljpa6Lv4/IZU1+30VY5d747K7lBudFc3R0Ibr6yJ9lN3BE28VnZyDfLF/VB1Ql1ZIbKrmg==",
      "dependencies": {
        "@types/unist": "^2"
      }
    },
    "node_modules/@types/unist": {
      "version": "2.0.8",
      "resolved": "https://registry.npmjs.org/@types/unist/-/unist-2.0.8.tgz",
      "integrity": "sha512-d0XxK3YTObnWVp6rZuev3c49+j4Lo8g4L1ZRm9z5L0xpoZycUPshHgczK5gsUMaZOstjVYYi09p5gYvUtfChYw=="
    },
    "node_modules/character-entities": {
      "version": "2.0.2",
      "resolved": "https://registry.npmjs.org/character-entities/-/character-entities-2.0.2.tgz",
      "integrity": "sha512-shx7oQ0Awen/BRIdkjkvz54PnEEI/EjwXDSIZp86/KKdbafHh1Df/RYGBhn4hbe2+uKC9FnT5UCEdyPz3ai9hQ==",
      "funding": {
        "type": "github",
        "url": "https://github.com/sponsors/wooorm"
      }
    },
    "node_modules/decode-named-character-reference": {
      "version": "1.0.2",
      "resolved": "https://registry.npmjs.org/decode-named-character-reference/-/decode-named-character-reference-1.0.2.tgz",
      "integrity": "sha512-O8x12RzrUF8xyVcY0KJowWsmaJxQbmy0/EtnNtHRpsOcT7dFk5W598coHqBVpmWo1oQQfsCqfCmkZN5DJrZVdg==",
      "dependencies": {
        "character-entities": "^2.0.0"
      },
      "funding": {
        "type": "github",
        "url": "https://github.com/sponsors/wooorm"
      }
    },
    "node_modules/longest-streak": {
      "version": "3.1.0",
      "resolved": "https://registry.npmjs.org/longest-streak/-/longest-streak-3.1.0.tgz",
      "integrity": "sha512-9Ri+o0JYgehTaVBBDoMqIl8GXtbWg711O3srftcHhZ0dqnETqLaoIK0x17fUw9rFSlK/0NlsKe0Ahhyl5pXE2g==",
      "funding": {
        "type": "github",
        "url": "https://github.com/sponsors/wooorm"
      }
    },
    "node_modules/mdast": {
      "version": "3.0.0",
      "resolved": "https://registry.npmjs.org/mdast/-/mdast-3.0.0.tgz",
      "integrity": "sha512-xySmf8g4fPKMeC07jXGz971EkLbWAJ83s4US2Tj9lEdnZ142UP5grN73H1Xd3HzrdbU5o9GYYP/y8F9ZSwLE9g==",
      "deprecated": "`mdast` was renamed to `remark`"
    },
    "node_modules/mdast-builder": {
      "version": "1.1.1",
      "resolved": "https://registry.npmjs.org/mdast-builder/-/mdast-builder-1.1.1.tgz",
      "integrity": "sha512-a3KBk/LmYD6wKsWi8WJrGU/rXR4yuF4Men0JO0z6dSZCm5FrXXWTRDjqK0vGSqa+1M6p9edeuypZAZAzSehTUw==",
      "dependencies": {
        "@types/unist": "^2.0.3"
      }
    },
    "node_modules/mdast-util-phrasing": {
      "version": "3.0.1",
      "resolved": "https://registry.npmjs.org/mdast-util-phrasing/-/mdast-util-phrasing-3.0.1.tgz",
      "integrity": "sha512-WmI1gTXUBJo4/ZmSk79Wcb2HcjPJBzM1nlI/OUWA8yk2X9ik3ffNbBGsU+09BFmXaL1IBb9fiuvq6/KMiNycSg==",
      "dependencies": {
        "@types/mdast": "^3.0.0",
        "unist-util-is": "^5.0.0"
      },
      "funding": {
        "type": "opencollective",
        "url": "https://opencollective.com/unified"
      }
    },
    "node_modules/mdast-util-to-markdown": {
      "version": "1.5.0",
      "resolved": "https://registry.npmjs.org/mdast-util-to-markdown/-/mdast-util-to-markdown-1.5.0.tgz",
      "integrity": "sha512-bbv7TPv/WC49thZPg3jXuqzuvI45IL2EVAr/KxF0BSdHsU0ceFHOmwQn6evxAh1GaoK/6GQ1wp4R4oW2+LFL/A==",
      "dependencies": {
        "@types/mdast": "^3.0.0",
        "@types/unist": "^2.0.0",
        "longest-streak": "^3.0.0",
        "mdast-util-phrasing": "^3.0.0",
        "mdast-util-to-string": "^3.0.0",
        "micromark-util-decode-string": "^1.0.0",
        "unist-util-visit": "^4.0.0",
        "zwitch": "^2.0.0"
      },
      "funding": {
        "type": "opencollective",
        "url": "https://opencollective.com/unified"
      }
    },
    "node_modules/mdast-util-to-string": {
      "version": "3.2.0",
      "resolved": "https://registry.npmjs.org/mdast-util-to-string/-/mdast-util-to-string-3.2.0.tgz",
      "integrity": "sha512-V4Zn/ncyN1QNSqSBxTrMOLpjr+IKdHl2v3KVLoWmDPscP4r9GcCi71gjgvUV1SFSKh92AjAG4peFuBl2/YgCJg==",
      "dependencies": {
        "@types/mdast": "^3.0.0"
      },
      "funding": {
        "type": "opencollective",
        "url": "https://opencollective.com/unified"
      }
    },
    "node_modules/micromark-util-character": {
      "version": "1.2.0",
      "resolved": "https://registry.npmjs.org/micromark-util-character/-/micromark-util-character-1.2.0.tgz",
      "integrity": "sha512-lXraTwcX3yH/vMDaFWCQJP1uIszLVebzUa3ZHdrgxr7KEU/9mL4mVgCpGbyhvNLNlauROiNUq7WN5u7ndbY6xg==",
      "funding": [
        {
          "type": "GitHub Sponsors",
          "url": "https://github.com/sponsors/unifiedjs"
        },
        {
          "type": "OpenCollective",
          "url": "https://opencollective.com/unified"
        }
      ],
      "dependencies": {
        "micromark-util-symbol": "^1.0.0",
        "micromark-util-types": "^1.0.0"
      }
    },
    "node_modules/micromark-util-decode-numeric-character-reference": {
      "version": "1.1.0",
      "resolved": "https://registry.npmjs.org/micromark-util-decode-numeric-character-reference/-/micromark-util-decode-numeric-character-reference-1.1.0.tgz",
      "integrity": "sha512-m9V0ExGv0jB1OT21mrWcuf4QhP46pH1KkfWy9ZEezqHKAxkj4mPCy3nIH1rkbdMlChLHX531eOrymlwyZIf2iw==",
      "funding": [
        {
          "type": "GitHub Sponsors",
          "url": "https://github.com/sponsors/unifiedjs"
        },
        {
          "type": "OpenCollective",
          "url": "https://opencollective.com/unified"
        }
      ],
      "dependencies": {
        "micromark-util-symbol": "^1.0.0"
      }
    },
    "node_modules/micromark-util-decode-string": {
      "version": "1.1.0",
      "resolved": "https://registry.npmjs.org/micromark-util-decode-string/-/micromark-util-decode-string-1.1.0.tgz",
      "integrity": "sha512-YphLGCK8gM1tG1bd54azwyrQRjCFcmgj2S2GoJDNnh4vYtnL38JS8M4gpxzOPNyHdNEpheyWXCTnnTDY3N+NVQ==",
      "funding": [
        {
          "type": "GitHub Sponsors",
          "url": "https://github.com/sponsors/unifiedjs"
        },
        {
          "type": "OpenCollective",
          "url": "https://opencollective.com/unified"
        }
      ],
      "dependencies": {
        "decode-named-character-reference": "^1.0.0",
        "micromark-util-character": "^1.0.0",
        "micromark-util-decode-numeric-character-reference": "^1.0.0",
        "micromark-util-symbol": "^1.0.0"
      }
    },
    "node_modules/micromark-util-symbol": {
      "version": "1.1.0",
      "resolved": "https://registry.npmjs.org/micromark-util-symbol/-/micromark-util-symbol-1.1.0.tgz",
      "integrity": "sha512-uEjpEYY6KMs1g7QfJ2eX1SQEV+ZT4rUD3UcF6l57acZvLNK7PBZL+ty82Z1qhK1/yXIY4bdx04FKMgR0g4IAag==",
      "funding": [
        {
          "type": "GitHub Sponsors",
          "url": "https://github.com/sponsors/unifiedjs"
        },
        {
          "type": "OpenCollective",
          "url": "https://opencollective.com/unified"
        }
      ]
    },
    "node_modules/micromark-util-types": {
      "version": "1.1.0",
      "resolved": "https://registry.npmjs.org/micromark-util-types/-/micromark-util-types-1.1.0.tgz",
      "integrity": "sha512-ukRBgie8TIAcacscVHSiddHjO4k/q3pnedmzMQ4iwDcK0FtFCohKOlFbaOL/mPgfnPsL3C1ZyxJa4sbWrBl3jg==",
      "funding": [
        {
          "type": "GitHub Sponsors",
          "url": "https://github.com/sponsors/unifiedjs"
        },
        {
          "type": "OpenCollective",
          "url": "https://opencollective.com/unified"
        }
      ]
    },
    "node_modules/unist-util-is": {
      "version": "5.2.1",
      "resolved": "https://registry.npmjs.org/unist-util-is/-/unist-util-is-5.2.1.tgz",
      "integrity": "sha512-u9njyyfEh43npf1M+yGKDGVPbY/JWEemg5nH05ncKPfi+kBbKBJoTdsogMu33uhytuLlv9y0O7GH7fEdwLdLQw==",
      "dependencies": {
        "@types/unist": "^2.0.0"
      },
      "funding": {
        "type": "opencollective",
        "url": "https://opencollective.com/unified"
      }
    },
    "node_modules/unist-util-visit": {
      "version": "4.1.2",
      "resolved": "https://registry.npmjs.org/unist-util-visit/-/unist-util-visit-4.1.2.tgz",
      "integrity": "sha512-MSd8OUGISqHdVvfY9TPhyK2VdUrPgxkUtWSuMHF6XAAFuL4LokseigBnZtPnJMu+FbynTkFNnFlyjxpVKujMRg==",
      "dependencies": {
        "@types/unist": "^2.0.0",
        "unist-util-is": "^5.0.0",
        "unist-util-visit-parents": "^5.1.1"
      },
      "funding": {
        "type": "opencollective",
        "url": "https://opencollective.com/unified"
      }
    },
    "node_modules/unist-util-visit-parents": {
      "version": "5.1.3",
      "resolved": "https://registry.npmjs.org/unist-util-visit-parents/-/unist-util-visit-parents-5.1.3.tgz",
      "integrity": "sha512-x6+y8g7wWMyQhL1iZfhIPhDAs7Xwbn9nRosDXl7qoPTSCy0yNxnKc+hWokFifWQIDGi154rdUqKvbCa4+1kLhg==",
      "dependencies": {
        "@types/unist": "^2.0.0",
        "unist-util-is": "^5.0.0"
      },
      "funding": {
        "type": "opencollective",
        "url": "https://opencollective.com/unified"
      }
    },
    "node_modules/zwitch": {
      "version": "2.0.4",
      "resolved": "https://registry.npmjs.org/zwitch/-/zwitch-2.0.4.tgz",
      "integrity": "sha512-bXE4cR/kVZhKZX/RjPEflHaKVhUVl85noU3v6b8apfQEc1x4A+zBxjZ4lN8LqGd6WZ3dl98pY4o717VFmoPp+A==",
      "funding": {
        "type": "github",
        "url": "https://github.com/sponsors/wooorm"
      }
    }
  }
}
