{
  "name": "code-spell-checker-latvian",
  "version": "1.1.3",
  "lockfileVersion": 3,
  "requires": true,
  "packages": {
    "": {
      "name": "code-spell-checker-latvian",
      "version": "1.1.3",
      "license": "GPL-3.0-or-later",
      "dependencies": {
        "@cspell/dict-lv": "^1.1.6"
      },
      "engines": {
        "vscode": "^1.102.3"
      }
    },
    "node_modules/@cspell/dict-lv": {
      "version": "1.1.6",
      "resolved": "https://registry.npmjs.org/@cspell/dict-lv/-/dict-lv-1.1.6.tgz",
      "integrity": "sha512-T9ozGJUUui6hsFTGn/8pIpGp2KGnlg0glu/mSG1I028Tyn07sVbeMRR4Rhocx0gQnFPIE9y+chVY4taOOFkIFg==",
      "license": "LGPL-3.0+"
    }
  }
}
