{
  "name": "code-spell-checker-latvian",
  "version": "1.1.0",
  "lockfileVersion": 3,
  "requires": true,
  "packages": {
    "": {
      "name": "code-spell-checker-latvian",
      "version": "1.1.0",
      "license": "GPL-3.0-or-later",
      "dependencies": {
        "@cspell/dict-lv": "^1.1.0"
      },
      "engines": {
        "vscode": "^1.67.0"
      }
    },
    "node_modules/@cspell/dict-lv": {
      "version": "1.1.0",
      "resolved": "https://registry.npmjs.org/@cspell/dict-lv/-/dict-lv-1.1.0.tgz",
      "integrity": "sha512-7cJcV2UNcuXrJbBKK/Ghw5ZetDiIR8ywWQlcnuqDbbgPRn9kJQpW8KdphGsq+kxzKp6ZcIC3epA8qy0lyfzy9Q=="
    }
  }
}
