{
  "name": "code-spell-checker-latvian",
  "version": "1.1.1",
  "lockfileVersion": 3,
  "requires": true,
  "packages": {
    "": {
      "name": "code-spell-checker-latvian",
      "version": "1.1.1",
      "license": "GPL-3.0-or-later",
      "dependencies": {
        "@cspell/dict-lv": "^1.1.4"
      },
      "engines": {
        "vscode": "^1.67.0"
      }
    },
    "node_modules/@cspell/dict-lv": {
      "version": "1.1.4",
      "resolved": "https://registry.npmjs.org/@cspell/dict-lv/-/dict-lv-1.1.4.tgz",
      "integrity": "sha512-yB7e56zNMND2dCBx9fRUnaASr6/cFGK0DZjXVX+dmuOefze6WbUXh1UQJTf7Yvv7olhBJaVfE7FzNA/pEfTH9g==",
      "license": "LGPL-3.0+"
    }
  }
}
