{
  "name": "code-spell-checker-macedonian",
  "version": "1.0.3",
  "lockfileVersion": 3,
  "requires": true,
  "packages": {
    "": {
      "name": "code-spell-checker-macedonian",
      "version": "1.0.3",
      "license": "GPL-3.0-or-later",
      "dependencies": {
        "@cspell/dict-mk": "^1.0.3"
      },
      "engines": {
        "vscode": "^1.67.0"
      }
    },
    "node_modules/@cspell/dict-mk": {
      "version": "1.0.3",
      "resolved": "https://registry.npmjs.org/@cspell/dict-mk/-/dict-mk-1.0.3.tgz",
      "integrity": "sha512-cx7w4LGVpTomsT6bzw1NkodlNtlUJzn3lCIj88GU9iITYJxZs+atxJNGjK7HbNku8IbryUQKueZ/msgJk/HnEA==",
      "license": "LGPL-3.0"
    }
  }
}
