{
  "name": "code-spell-checker-macedonian",
  "version": "1.0.1",
  "lockfileVersion": 3,
  "requires": true,
  "packages": {
    "": {
      "name": "code-spell-checker-macedonian",
      "version": "1.0.1",
      "license": "GPL-3.0-or-later",
      "dependencies": {
        "@cspell/dict-mk": "^1.0.0"
      },
      "engines": {
        "vscode": "^1.67.0"
      }
    },
    "node_modules/@cspell/dict-mk": {
      "version": "1.0.0",
      "resolved": "https://registry.npmjs.org/@cspell/dict-mk/-/dict-mk-1.0.0.tgz",
      "integrity": "sha512-54E8OfXR+BBDCNHyYwJm3urOyStRypYRfTzYrwmPML4QiESrIhJPclJWQeD3qGbMrI4uX27+J3UNwEQoVuSGXA==",
      "license": "LGPL-3.0"
    }
  }
}
