{
  "name": "code-spell-checker-macedonian",
  "version": "1.0.3",
  "lockfileVersion": 3,
  "requires": true,
  "packages": {
    "": {
      "name": "code-spell-checker-macedonian",
      "version": "1.0.3",
      "license": "GPL-3.0-or-later",
      "dependencies": {
        "@cspell/dict-mk": "^1.0.4"
      },
      "engines": {
        "vscode": "^1.102.3"
      }
    },
    "node_modules/@cspell/dict-mk": {
      "version": "1.0.4",
      "resolved": "https://registry.npmjs.org/@cspell/dict-mk/-/dict-mk-1.0.4.tgz",
      "integrity": "sha512-PxkhPHUxuylyaYJxDVwlz+3sCHSQ6Qsa3vI7PwnRyWtLCSAGNGZI9VQCtKeOlDtjPsyC9Tz5J+CkLAhV2ZQwIQ==",
      "license": "LGPL-3.0"
    }
  }
}
