{
  "name": "code-spell-checker-azerbaijani",
  "version": "0.1.0",
  "lockfileVersion": 3,
  "requires": true,
  "packages": {
    "": {
      "name": "code-spell-checker-azerbaijani",
      "version": "0.1.0",
      "license": "GPL-3.0-or-later",
      "dependencies": {
        "@cspell/dict-az-az": "^1.1.1"
      },
      "engines": {
        "vscode": "^1.67.0"
      }
    },
    "node_modules/@cspell/dict-az-az": {
      "version": "1.1.1",
      "resolved": "https://registry.npmjs.org/@cspell/dict-az-az/-/dict-az-az-1.1.1.tgz",
      "integrity": "sha512-e+/ZwwEpk6LjibhGeMYzpr0kF88aZkvvM6JrJPQumUuPzOUb2+DIG2ksQGQnEGxwciWMdjSaSI6Xtb0NIVLnFg==",
      "license": "MIT"
    }
  }
}
