{
  "name": "code-spell-checker-russian",
  "version": "2.2.1",
  "lockfileVersion": 3,
  "requires": true,
  "packages": {
    "": {
      "name": "code-spell-checker-russian",
      "version": "2.2.1",
      "license": "MIT",
      "dependencies": {
        "@cspell/dict-ru_ru": "^2.2.1"
      },
      "engines": {
        "vscode": "^1.67.0"
      }
    },
    "node_modules/@cspell/dict-ru_ru": {
      "version": "2.2.1",
      "resolved": "https://registry.npmjs.org/@cspell/dict-ru_ru/-/dict-ru_ru-2.2.1.tgz",
      "integrity": "sha512-05pgxSNR13/zWIhGxXS/HpFmfjnorlNB6YIxOVLh82/JWqIPKYPDKUOnEQt212ohtZqoVimUOxaOR2d7wyy7og=="
    }
  }
}
