{
  "name": "code-spell-checker-russian",
  "version": "2.2.4",
  "lockfileVersion": 3,
  "requires": true,
  "packages": {
    "": {
      "name": "code-spell-checker-russian",
      "version": "2.2.4",
      "license": "MIT",
      "dependencies": {
        "@cspell/dict-ru_ru": "^2.3.3"
      },
      "engines": {
        "vscode": "^1.102.3"
      }
    },
    "node_modules/@cspell/dict-ru_ru": {
      "version": "2.3.3",
      "resolved": "https://registry.npmjs.org/@cspell/dict-ru_ru/-/dict-ru_ru-2.3.3.tgz",
      "integrity": "sha512-LjZGsi99nEwJYcbrXmW2HADGnmDmoGNY1fbsVX0ksFHUTSqgnNoP5f6cESqygL8UkZ+TWaVwBkjM50zD7HS4CQ==",
      "license": "GPL-3.0-or-later"
    }
  }
}
