{
  "name": "code-spell-checker-austrian-german",
  "version": "1.1.1",
  "lockfileVersion": 3,
  "requires": true,
  "packages": {
    "": {
      "name": "code-spell-checker-austrian-german",
      "version": "1.1.1",
      "license": "GPL-3.0-or-later",
      "dependencies": {
        "@cspell/dict-de-at": "^1.1.3"
      },
      "engines": {
        "vscode": "^1.67.0"
      }
    },
    "node_modules/@cspell/dict-de-at": {
      "version": "1.1.3",
      "resolved": "https://registry.npmjs.org/@cspell/dict-de-at/-/dict-de-at-1.1.3.tgz",
      "integrity": "sha512-Azp1BH1H9bXNO120+6/KmiEZRlLMtTXqEgL0w9MdnAWVG2X1HWIcRrldwmQPMA6JZC2s3oRopwXskeQVxZcu9w=="
    }
  }
}
