{
  "name": "code-spell-checker-austrian-german",
  "version": "1.1.0",
  "lockfileVersion": 3,
  "requires": true,
  "packages": {
    "": {
      "name": "code-spell-checker-austrian-german",
      "version": "1.1.0",
      "license": "GPL-3.0-or-later",
      "dependencies": {
        "@cspell/dict-de-at": "^1.1.0"
      },
      "engines": {
        "vscode": "^1.67.0"
      }
    },
    "node_modules/@cspell/dict-de-at": {
      "version": "1.1.0",
      "resolved": "https://registry.npmjs.org/@cspell/dict-de-at/-/dict-de-at-1.1.0.tgz",
      "integrity": "sha512-1w6up+VuMQn5evqmZuknZtfkQxuK5opx7ltDJWeIIbEioWpdB0tZLIiVPBudkbEaxbRiad9qX2CiE/YVSygB2g=="
    }
  }
}
