{
  "name": "code-spell-checker-austrian-german",
  "version": "1.0.1",
  "lockfileVersion": 3,
  "requires": true,
  "packages": {
    "": {
      "name": "code-spell-checker-austrian-german",
      "version": "1.0.1",
      "license": "GPL-3.0-or-later",
      "dependencies": {
        "@cspell/dict-de-at": "^1.0.0"
      },
      "engines": {
        "vscode": "^1.67.0"
      }
    },
    "node_modules/@cspell/dict-de-at": {
      "version": "1.0.0",
      "resolved": "https://registry.npmjs.org/@cspell/dict-de-at/-/dict-de-at-1.0.0.tgz",
      "integrity": "sha512-EhhzplN04BZhenHlTMW1hz8zs+GSG7bL9o5i6GrIyOXjWHcW5tdKm4mckq65WGWr66z4w2gKl1n7VHfu9JFlVw=="
    }
  }
}
