{
  "name": "code-spell-checker-belarusian",
  "version": "0.1.0",
  "lockfileVersion": 3,
  "requires": true,
  "packages": {
    "": {
      "name": "code-spell-checker-belarusian",
      "version": "0.1.0",
      "license": "GPL-3.0-or-later",
      "dependencies": {
        "@cspell/dict-be-by": "^1.0.1"
      },
      "engines": {
        "vscode": "^1.102.3"
      }
    },
    "node_modules/@cspell/dict-be-by": {
      "version": "1.0.1",
      "resolved": "https://registry.npmjs.org/@cspell/dict-be-by/-/dict-be-by-1.0.1.tgz",
      "integrity": "sha512-X60lO/S4LZOOZWg64kq1QLBigkdqlx23iu682UWw5Y08B3txVAsMm0mMzuHObnzpBq+/EaYkoxMIB0EP6FclWg==",
      "license": "CC BY-SA 4.0"
    }
  }
}
