{
  "name": "code-spell-checker-hungarian",
  "version": "1.0.2",
  "lockfileVersion": 3,
  "requires": true,
  "packages": {
    "": {
      "name": "code-spell-checker-hungarian",
      "version": "1.0.2",
      "license": "GPL-3.0-or-later",
      "dependencies": {
        "@cspell/dict-hu-hu": "^1.0.5"
      },
      "engines": {
        "vscode": "^1.67.0"
      }
    },
    "node_modules/@cspell/dict-hu-hu": {
      "version": "1.0.5",
      "resolved": "https://registry.npmjs.org/@cspell/dict-hu-hu/-/dict-hu-hu-1.0.5.tgz",
      "integrity": "sha512-VsE5n2o2yrM8AStqqAH21G6EHUC6fTVHScv5LlShNMHcZexsDMAmR/p1Q27Jwf4iygRaJDkZP2+A94TZmnlXsg==",
      "license": "GPL-3.0"
    }
  }
}
