{
  "name": "code-spell-checker-hungarian",
  "version": "1.0.0",
  "lockfileVersion": 3,
  "requires": true,
  "packages": {
    "": {
      "name": "code-spell-checker-hungarian",
      "version": "1.0.0",
      "license": "GPL-3.0-or-later",
      "dependencies": {
        "@cspell/dict-hu-hu": "^1.0.1"
      },
      "engines": {
        "vscode": "^1.67.0"
      }
    },
    "node_modules/@cspell/dict-hu-hu": {
      "version": "1.0.1",
      "resolved": "https://registry.npmjs.org/@cspell/dict-hu-hu/-/dict-hu-hu-1.0.1.tgz",
      "integrity": "sha512-2MNl67OnjACUsJA1Wpdfdagg7wAP2YQUJIizzxVxxm4OLr+ICxlkE2xEtdrQuO2m0HfpxsMLxZVTNyY1l/WVug=="
    }
  }
}
