{
  "name": "code-spell-checker-hungarian",
  "version": "1.0.0",
  "lockfileVersion": 3,
  "requires": true,
  "packages": {
    "": {
      "name": "code-spell-checker-hungarian",
      "version": "1.0.0",
      "license": "GPL-3.0-or-later",
      "dependencies": {
        "@cspell/dict-hu-hu": "^1.0.4"
      },
      "engines": {
        "vscode": "^1.67.0"
      }
    },
    "node_modules/@cspell/dict-hu-hu": {
      "version": "1.0.4",
      "resolved": "https://registry.npmjs.org/@cspell/dict-hu-hu/-/dict-hu-hu-1.0.4.tgz",
      "integrity": "sha512-dz2J/LxXBXeWxsTbSy4ct2cDIKY5BwRmL3+dUXsX20Vion9ptVXNIv1YxLsg+Jqc7EFs/uo/iFsGI3kAJpCMxw=="
    }
  }
}
