{
  "name": "code-spell-checker-norwegian-bokmal",
  "version": "0.1.9",
  "lockfileVersion": 3,
  "requires": true,
  "packages": {
    "": {
      "name": "code-spell-checker-norwegian-bokmal",
      "version": "0.1.9",
      "license": "GPL-3.0-or-later",
      "dependencies": {
        "@cspell/dict-nb-no": "^1.0.5"
      },
      "engines": {
        "vscode": "^1.67.0"
      }
    },
    "node_modules/@cspell/dict-nb-no": {
      "version": "1.0.5",
      "resolved": "https://registry.npmjs.org/@cspell/dict-nb-no/-/dict-nb-no-1.0.5.tgz",
      "integrity": "sha512-7Qz2uCygPIla9m4Ct2z9crldBnbbzSngqrX4ZGHX+aGS30MVW6wj/PcyuZtCB7sXPEJGrjXhfIDy3zpNtG3unA=="
    }
  }
}
