{
  "name": "code-spell-checker-norwegian-bokmal",
  "version": "0.2.1",
  "lockfileVersion": 3,
  "requires": true,
  "packages": {
    "": {
      "name": "code-spell-checker-norwegian-bokmal",
      "version": "0.2.1",
      "license": "GPL-3.0-or-later",
      "dependencies": {
        "@cspell/dict-nb-no": "^2.0.3"
      },
      "engines": {
        "vscode": "^1.67.0"
      }
    },
    "node_modules/@cspell/dict-nb-no": {
      "version": "2.0.3",
      "resolved": "https://registry.npmjs.org/@cspell/dict-nb-no/-/dict-nb-no-2.0.3.tgz",
      "integrity": "sha512-oYTVl4I+hp3icOAM94Eo2s9wS9Kf5t/8lo0WrfrWRapDZjv/wF8n7qwH/SoTcbd0mup/27uP+843NTUDxYEcBA=="
    }
  }
}
