{
  "name": "code-spell-checker-norwegian-bokmal",
  "version": "0.2.4",
  "lockfileVersion": 3,
  "requires": true,
  "packages": {
    "": {
      "name": "code-spell-checker-norwegian-bokmal",
      "version": "0.2.4",
      "license": "GPL-3.0-or-later",
      "dependencies": {
        "@cspell/dict-nb-no": "^2.0.7"
      },
      "engines": {
        "vscode": "^1.102.3"
      }
    },
    "node_modules/@cspell/dict-nb-no": {
      "version": "2.0.7",
      "resolved": "https://registry.npmjs.org/@cspell/dict-nb-no/-/dict-nb-no-2.0.7.tgz",
      "integrity": "sha512-l2tMAN+JuTzgBJaLqM8SpP8G0gEMSoclzW/XC7DvbLtlah1NKfGOqYiXomf3NuIQThQT3rb9ctyy1V+sjQ9MhQ==",
      "license": "GPL-3.0-or-later"
    }
  }
}
