{
  "name": "code-spell-checker-romanian",
  "version": "1.1.0",
  "lockfileVersion": 3,
  "requires": true,
  "packages": {
    "": {
      "name": "code-spell-checker-romanian",
      "version": "1.1.0",
      "license": "GPL-3.0-or-later",
      "dependencies": {
        "@cspell/dict-ro-ro": "^1.1.0"
      },
      "engines": {
        "vscode": "^1.67.0"
      }
    },
    "node_modules/@cspell/dict-ro-ro": {
      "version": "1.1.0",
      "resolved": "https://registry.npmjs.org/@cspell/dict-ro-ro/-/dict-ro-ro-1.1.0.tgz",
      "integrity": "sha512-fMOyNZA5mEzD1/tNY7HrGTYuF+S8OT2U7GFGS0NzetlBt8uRRq/yY8YPoPKMQnKA8GTS4b/vWsp4V89gt+J2nA=="
    }
  }
}
