{
  "name": "code-spell-checker-romanian",
  "version": "1.0.1",
  "lockfileVersion": 3,
  "requires": true,
  "packages": {
    "": {
      "name": "code-spell-checker-romanian",
      "version": "1.0.1",
      "license": "GPL-3.0-or-later",
      "dependencies": {
        "@cspell/dict-ro-ro": "^1.0.0"
      },
      "engines": {
        "vscode": "^1.67.0"
      }
    },
    "node_modules/@cspell/dict-ro-ro": {
      "version": "1.0.0",
      "resolved": "https://registry.npmjs.org/@cspell/dict-ro-ro/-/dict-ro-ro-1.0.0.tgz",
      "integrity": "sha512-nAORw8KSox/nsJ1eNDIZfrLz+RW1M0ofrwgJIW1CUxluuLX7KngxLladpvu3pbwwc8UQjSjIseYg1+Qv/2GbJA=="
    }
  }
}
