{
  "name": "code-spell-checker-slovak",
  "version": "1.1.5",
  "lockfileVersion": 3,
  "requires": true,
  "packages": {
    "": {
      "name": "code-spell-checker-slovak",
      "version": "1.1.5",
      "license": "MPL v2",
      "dependencies": {
        "@cspell/dict-sk-sk": "^1.1.7"
      },
      "engines": {
        "vscode": "^1.67.0"
      }
    },
    "node_modules/@cspell/dict-sk-sk": {
      "version": "1.1.7",
      "resolved": "https://registry.npmjs.org/@cspell/dict-sk-sk/-/dict-sk-sk-1.1.7.tgz",
      "integrity": "sha512-BocZxan1eliL4B0xGEDX3HcbXtIe0/iLI8Bb46JMie3s7ifinvabUvoBcCX7yXQt02/dbH/zbwFwtdUcOO6qmQ==",
      "license": "MPL v2"
    }
  }
}
