{
  "name": "code-spell-checker-slovak",
  "version": "1.1.0",
  "lockfileVersion": 3,
  "requires": true,
  "packages": {
    "": {
      "name": "code-spell-checker-slovak",
      "version": "1.1.0",
      "license": "MPL v2",
      "dependencies": {
        "@cspell/dict-sk-sk": "^1.1.0"
      },
      "engines": {
        "vscode": "^1.67.0"
      }
    },
    "node_modules/@cspell/dict-sk-sk": {
      "version": "1.1.0",
      "resolved": "https://registry.npmjs.org/@cspell/dict-sk-sk/-/dict-sk-sk-1.1.0.tgz",
      "integrity": "sha512-BOpiFN1TdK8AoLeHiFQ/1c1ke69M4F9ijtPQ4aRI1OGT67E4y0WAdh3ECCh/5HXftPqnfGgvZVCXJ8nOkdwh0w=="
    }
  }
}
