{
  "name": "code-spell-checker-slovak",
  "version": "1.0.1",
  "lockfileVersion": 3,
  "requires": true,
  "packages": {
    "": {
      "name": "code-spell-checker-slovak",
      "version": "1.0.0",
      "license": "MPL v2",
      "dependencies": {
        "@cspell/dict-sk-sk": "^1.0.1"
      },
      "engines": {
        "vscode": "^1.67.0"
      }
    },
    "node_modules/@cspell/dict-sk-sk": {
      "version": "1.0.1",
      "resolved": "https://registry.npmjs.org/@cspell/dict-sk-sk/-/dict-sk-sk-1.0.1.tgz",
      "integrity": "sha512-IE60bs937JQ7RUn0YAYs46ULlcu928yuxIaZMOAT96yTusLeQjtdXbimLWxLrfQzdw93YpYRFgps2ZyAS71N0A=="
    }
  }
}
