{
  "name": "code-spell-checker-lithuanian",
  "version": "1.1.5",
  "lockfileVersion": 3,
  "requires": true,
  "packages": {
    "": {
      "name": "code-spell-checker-lithuanian",
      "version": "1.1.5",
      "license": "GPL-3.0-or-later",
      "dependencies": {
        "@cspell/dict-lt-lt": "^4.0.6"
      },
      "engines": {
        "vscode": "^1.102.3"
      }
    },
    "node_modules/@cspell/dict-lt-lt": {
      "version": "4.0.6",
      "resolved": "https://registry.npmjs.org/@cspell/dict-lt-lt/-/dict-lt-lt-4.0.6.tgz",
      "integrity": "sha512-MhGWLTfcYZvZiqDv8C3FaXapEI0wALIPV4FXiX8ksl85AU+ivn+La1GKzAZ9yL36I+MbD82J7/ZUJFBTzHVL3g==",
      "license": "BSD-3-Clause"
    }
  }
}
