{
  "name": "code-spell-checker-lithuanian",
  "version": "1.1.2",
  "lockfileVersion": 3,
  "requires": true,
  "packages": {
    "": {
      "name": "code-spell-checker-lithuanian",
      "version": "1.1.2",
      "license": "GPL-3.0-or-later",
      "dependencies": {
        "@cspell/dict-lt-lt": "^4.0.0"
      },
      "engines": {
        "vscode": "^1.67.0"
      }
    },
    "node_modules/@cspell/dict-lt-lt": {
      "version": "4.0.0",
      "resolved": "https://registry.npmjs.org/@cspell/dict-lt-lt/-/dict-lt-lt-4.0.0.tgz",
      "integrity": "sha512-jc3qpkFqpRtHN5xaq/tPV6OAUv7XMikoQJI7T6LFJtRbjrxKheGm9etZ1YUu14uqp8NPrriN2bmQDu4pBMt30Q=="
    }
  }
}
