{
  "name": "code-spell-checker-lithuanian",
  "version": "0.1.0",
  "lockfileVersion": 3,
  "requires": true,
  "packages": {
    "": {
      "name": "code-spell-checker-lithuanian",
      "version": "0.1.0",
      "license": "GPL-3.0-or-later",
      "dependencies": {
        "@cspell/dict-lt-lt": "^2.0.0"
      },
      "engines": {
        "vscode": "^1.67.0"
      }
    },
    "node_modules/@cspell/dict-lt-lt": {
      "version": "2.0.0",
      "resolved": "https://registry.npmjs.org/@cspell/dict-lt-lt/-/dict-lt-lt-2.0.0.tgz",
      "integrity": "sha512-BdifkOGOLv6a4HM1A4f/0eQUcBons3JvAtMX28IzRgM2YMCLEOqyl5we1jPw7gqGErqR1sEQlG2mJz7R3QoKGQ=="
    }
  }
}
