{
  "name": "code-spell-checker-catalan",
  "version": "1.0.7",
  "lockfileVersion": 3,
  "requires": true,
  "packages": {
    "": {
      "name": "code-spell-checker-catalan",
      "version": "1.0.7",
      "license": "MIT",
      "dependencies": {
        "@cspell/dict-ca": "^3.1.0"
      },
      "engines": {
        "vscode": "^1.67.0"
      }
    },
    "node_modules/@cspell/dict-ca": {
      "version": "3.1.0",
      "resolved": "https://registry.npmjs.org/@cspell/dict-ca/-/dict-ca-3.1.0.tgz",
      "integrity": "sha512-EU6wSCa8agsGxw6YsF5tnBzxV79cU6dtey1B98/jrRYyEsLBspByzxH2mJhB1t1Bvh0gQBp8N1YyHPilCa4nzg==",
      "license": "MIT"
    }
  }
}
