{
  "name": "code-spell-checker-catalan",
  "version": "1.0.0",
  "lockfileVersion": 2,
  "requires": true,
  "packages": {
    "": {
      "name": "code-spell-checker-catalan",
      "version": "1.0.0",
      "license": "MIT",
      "dependencies": {
        "@cspell/dict-ca": "^2.0.0"
      },
      "engines": {
        "vscode": "^1.67.0"
      }
    },
    "node_modules/@cspell/dict-ca": {
      "version": "2.0.0",
      "resolved": "https://registry.npmjs.org/@cspell/dict-ca/-/dict-ca-2.0.0.tgz",
      "integrity": "sha512-3Fvehea13Gx00iiUkTTgqE6xe0tSkzpkrMS9RpGiS9yYetbeciKQKfiIurD4cqCkACmFho23r7hhtbWTmph7jg=="
    }
  },
  "dependencies": {
    "@cspell/dict-ca": {
      "version": "2.0.0",
      "resolved": "https://registry.npmjs.org/@cspell/dict-ca/-/dict-ca-2.0.0.tgz",
      "integrity": "sha512-3Fvehea13Gx00iiUkTTgqE6xe0tSkzpkrMS9RpGiS9yYetbeciKQKfiIurD4cqCkACmFho23r7hhtbWTmph7jg=="
    }
  }
}
