{
  "name": "code-spell-checker-catalan",
  "version": "1.0.6",
  "lockfileVersion": 3,
  "requires": true,
  "packages": {
    "": {
      "name": "code-spell-checker-catalan",
      "version": "1.0.6",
      "license": "MIT",
      "dependencies": {
        "@cspell/dict-ca": "^3.0.5"
      },
      "engines": {
        "vscode": "^1.67.0"
      }
    },
    "node_modules/@cspell/dict-ca": {
      "version": "3.0.5",
      "resolved": "https://registry.npmjs.org/@cspell/dict-ca/-/dict-ca-3.0.5.tgz",
      "integrity": "sha512-kmWG+627hSifWRcrlTWZ6JFUctcxpU0FaXv4IKvzShaH9E53wqQ7pKAQp7lsM7qWG2RKTKeCrY2dJCqwslEGxw==",
      "license": "MIT"
    }
  }
}
