{
  "name": "code-spell-checker-british-english",
  "version": "1.4.22",
  "lockfileVersion": 3,
  "requires": true,
  "packages": {
    "": {
      "name": "code-spell-checker-british-english",
      "version": "1.4.22",
      "license": "GPL-3.0-or-later",
      "dependencies": {
        "@cspell/dict-en-gb": "^5.0.2"
      },
      "engines": {
        "vscode": "^1.67.0"
      }
    },
    "node_modules/@cspell/dict-en-gb": {
      "version": "5.0.2",
      "resolved": "https://registry.npmjs.org/@cspell/dict-en-gb/-/dict-en-gb-5.0.2.tgz",
      "integrity": "sha512-c0ictLTZ4m8J/wVH5G/X22fQ18QKKz9XmUPNaC8M5digIJvNQWKrG6cgC2KeXR8vzGD/QMmMRWCRgTwHWx0nUQ==",
      "license": "LGPL-3.0"
    }
  }
}
