{
  "name": "code-spell-checker-british-english",
  "version": "1.4.11",
  "lockfileVersion": 3,
  "requires": true,
  "packages": {
    "": {
      "name": "code-spell-checker-british-english",
      "version": "1.4.11",
      "license": "GPL-3.0-or-later",
      "dependencies": {
        "@cspell/dict-en-gb": "^4.1.49"
      },
      "engines": {
        "vscode": "^1.67.0"
      }
    },
    "node_modules/@cspell/dict-en-gb": {
      "version": "4.1.49",
      "resolved": "https://registry.npmjs.org/@cspell/dict-en-gb/-/dict-en-gb-4.1.49.tgz",
      "integrity": "sha512-hERr0dMFfs8VGo1Y66aQ3dWKGdTzcrtPDGbWIGCPhqFMFaElvjzY7Mj53wul3+uexyJxiCdh2826R1Awo9GhGw==",
      "license": "LGPL-3.0"
    }
  }
}
