{
  "name": "code-spell-checker-british-english",
  "version": "0.1.0",
  "lockfileVersion": 2,
  "requires": true,
  "packages": {
    "": {
      "name": "code-spell-checker-british-english",
      "version": "0.1.0",
      "license": "GPL-3.0-or-later",
      "dependencies": {
        "@cspell/dict-en-gb": "^4.1.6"
      },
      "engines": {
        "vscode": "^1.67.0"
      }
    },
    "node_modules/@cspell/dict-en-gb": {
      "version": "4.1.6",
      "resolved": "https://registry.npmjs.org/@cspell/dict-en-gb/-/dict-en-gb-4.1.6.tgz",
      "integrity": "sha512-GqMJ+ggvHutL7h/mqvuO2Gr5SFmyodOxNrl+z3KMUQEMITQe2kzVRgrGWAO6UJp6+9q1/XLy1I2z/fX0H4BgyQ=="
    }
  },
  "dependencies": {
    "@cspell/dict-en-gb": {
      "version": "4.1.6",
      "resolved": "https://registry.npmjs.org/@cspell/dict-en-gb/-/dict-en-gb-4.1.6.tgz",
      "integrity": "sha512-GqMJ+ggvHutL7h/mqvuO2Gr5SFmyodOxNrl+z3KMUQEMITQe2kzVRgrGWAO6UJp6+9q1/XLy1I2z/fX0H4BgyQ=="
    }
  }
}
