{
  "name": "code-spell-checker-finnish",
  "version": "1.0.3",
  "lockfileVersion": 3,
  "requires": true,
  "packages": {
    "": {
      "name": "code-spell-checker-finnish",
      "version": "1.0.3",
      "license": "GPL-3.0-or-later",
      "dependencies": {
        "@cspell/dict-fi-fi": "^1.1.1"
      },
      "engines": {
        "vscode": "^1.67.0"
      }
    },
    "node_modules/@cspell/dict-fi-fi": {
      "version": "1.1.1",
      "resolved": "https://registry.npmjs.org/@cspell/dict-fi-fi/-/dict-fi-fi-1.1.1.tgz",
      "integrity": "sha512-8kqTN2DrEEjHhmzvLc2Yc2Lt2t7K50XJWCbYPW0uZBgH3GdM4ApDNOzeJ/xNhrBERKZhajD++YVsm5zKzU3Hug==",
      "license": "LGPL-3.0"
    }
  }
}
