{
  "name": "code-spell-checker-finnish",
  "version": "1.0.0",
  "lockfileVersion": 3,
  "requires": true,
  "packages": {
    "": {
      "name": "code-spell-checker-finnish",
      "version": "1.0.0",
      "license": "GPL-3.0-or-later",
      "dependencies": {
        "@cspell/dict-fi-fi": "^1.0.0"
      },
      "engines": {
        "vscode": "^1.67.0"
      }
    },
    "node_modules/@cspell/dict-fi-fi": {
      "version": "1.0.0",
      "resolved": "https://registry.npmjs.org/@cspell/dict-fi-fi/-/dict-fi-fi-1.0.0.tgz",
      "integrity": "sha512-f6vLrHWfXBN6DLBOqtIEFeEVhGHqOGhfG7cUueVzs93YNjDQiSuxSPhPfZE+FS7MtK3F7xA/QxXb/6FHI/Q/Yg=="
    }
  }
}
