{
  "name": "code-spell-checker-finnish",
  "version": "1.0.4",
  "lockfileVersion": 3,
  "requires": true,
  "packages": {
    "": {
      "name": "code-spell-checker-finnish",
      "version": "1.0.4",
      "license": "GPL-3.0-or-later",
      "dependencies": {
        "@cspell/dict-fi-fi": "^1.1.2"
      },
      "engines": {
        "vscode": "^1.67.0"
      }
    },
    "node_modules/@cspell/dict-fi-fi": {
      "version": "1.1.2",
      "resolved": "https://registry.npmjs.org/@cspell/dict-fi-fi/-/dict-fi-fi-1.1.2.tgz",
      "integrity": "sha512-L4qRGc1UyJvCWtVkEISo12Hk7HOAXGiTKELkHty5bn7Z/H4fBL2wjTed/yQm2BRfPXH56aunZ/3qsrhYUzzD1g==",
      "license": "LGPL-3.0"
    }
  }
}
